// !$*UTF8*$!
{
	archiveVersion = 1;
	classes = {
	};
	objectVersion = 48;
	objects = {

/* Begin PBXAggregateTarget section */
		B5F76C571F96A848001E8B11 /* CommonCryptoModuleMap */ = {
			isa = PBXAggregateTarget;
			buildConfigurationList = B5F76C581F96A848001E8B11 /* Build configuration list for PBXAggregateTarget "CommonCryptoModuleMap" */;
			buildPhases = (
				B5F76C5B1F96A884001E8B11 /* ShellScript */,
			);
			dependencies = (
			);
			name = CommonCryptoModuleMap;
			productName = CommonCryptoModuleMap;
		};
/* End PBXAggregateTarget section */

/* Begin PBXBuildFile section */
		B5223FC01FB33A9F00D0343F /* AzureData.framework in Frameworks */ = {isa = PBXBuildFile; fileRef = B5223FB71FB33A9F00D0343F /* AzureData.framework */; };
		B5223FDC1FB33B0F00D0343F /* AzureData.framework in Frameworks */ = {isa = PBXBuildFile; fileRef = B5223FD31FB33B0F00D0343F /* AzureData.framework */; };
		B52240501FB33DA900D0343F /* AzureData.h in Headers */ = {isa = PBXBuildFile; fileRef = B52240331FB33CD000D0343F /* AzureData.h */; settings = {ATTRIBUTES = (Public, ); }; };
		B52240511FB33DAB00D0343F /* AzureData.h in Headers */ = {isa = PBXBuildFile; fileRef = B52240331FB33CD000D0343F /* AzureData.h */; settings = {ATTRIBUTES = (Public, ); }; };
		B52240521FB33DAD00D0343F /* AzureData.h in Headers */ = {isa = PBXBuildFile; fileRef = B52240331FB33CD000D0343F /* AzureData.h */; settings = {ATTRIBUTES = (Public, ); }; };
		B52240531FB33DF100D0343F /* ADUserDefinedFunctionTests.swift in Sources */ = {isa = PBXBuildFile; fileRef = B522403A1FB33D1200D0343F /* ADUserDefinedFunctionTests.swift */; };
		B52240541FB33DF100D0343F /* ADStoredProcedureTests.swift in Sources */ = {isa = PBXBuildFile; fileRef = B522403B1FB33D1200D0343F /* ADStoredProcedureTests.swift */; };
		B52240551FB33DF100D0343F /* ADUserPermissionExtensionsTests.swift in Sources */ = {isa = PBXBuildFile; fileRef = B522403C1FB33D1200D0343F /* ADUserPermissionExtensionsTests.swift */; };
		B52240561FB33DF100D0343F /* ADQueryTests.swift in Sources */ = {isa = PBXBuildFile; fileRef = B522403D1FB33D1200D0343F /* ADQueryTests.swift */; };
		B52240571FB33DF100D0343F /* ADDocumentTests.swift in Sources */ = {isa = PBXBuildFile; fileRef = B522403E1FB33D1200D0343F /* ADDocumentTests.swift */; };
		B52240581FB33DF100D0343F /* ADCollectionUserDefinedFunctionExtensionsTests.swift in Sources */ = {isa = PBXBuildFile; fileRef = B522403F1FB33D1200D0343F /* ADCollectionUserDefinedFunctionExtensionsTests.swift */; };
		B52240591FB33DF100D0343F /* ADDatabaseCollectionExtensionsTests.swift in Sources */ = {isa = PBXBuildFile; fileRef = B52240401FB33D1200D0343F /* ADDatabaseCollectionExtensionsTests.swift */; };
		B522405A1FB33DF100D0343F /* ADTriggerTests.swift in Sources */ = {isa = PBXBuildFile; fileRef = B52240411FB33D1200D0343F /* ADTriggerTests.swift */; };
		B522405B1FB33DF100D0343F /* ADAttachmentTests.swift in Sources */ = {isa = PBXBuildFile; fileRef = B52240421FB33D1200D0343F /* ADAttachmentTests.swift */; };
		B522405C1FB33DF100D0343F /* ADPermissionTests.swift in Sources */ = {isa = PBXBuildFile; fileRef = B52240431FB33D1200D0343F /* ADPermissionTests.swift */; };
		B522405D1FB33DF100D0343F /* ADDatabaseUserExtensionsTests.swift in Sources */ = {isa = PBXBuildFile; fileRef = B52240441FB33D1200D0343F /* ADDatabaseUserExtensionsTests.swift */; };
		B522405E1FB33DF100D0343F /* ADCollectionTriggerExtensionsTests.swift in Sources */ = {isa = PBXBuildFile; fileRef = B52240451FB33D1200D0343F /* ADCollectionTriggerExtensionsTests.swift */; };
		B522405F1FB33DF100D0343F /* ADUserTests.swift in Sources */ = {isa = PBXBuildFile; fileRef = B52240461FB33D1200D0343F /* ADUserTests.swift */; };
		B52240601FB33DF100D0343F /* ADCollectionStoredProcedureExtensionsTests.swift in Sources */ = {isa = PBXBuildFile; fileRef = B52240471FB33D1200D0343F /* ADCollectionStoredProcedureExtensionsTests.swift */; };
		B52240611FB33DF100D0343F /* ADDatabaseTests.swift in Sources */ = {isa = PBXBuildFile; fileRef = B52240481FB33D1200D0343F /* ADDatabaseTests.swift */; };
		B52240621FB33DF100D0343F /* ADCollectionDocumentExtensionsTests.swift in Sources */ = {isa = PBXBuildFile; fileRef = B52240491FB33D1200D0343F /* ADCollectionDocumentExtensionsTests.swift */; };
		B52240631FB33DF100D0343F /* AzureDataTests.swift in Sources */ = {isa = PBXBuildFile; fileRef = B522404A1FB33D1200D0343F /* AzureDataTests.swift */; };
		B52240641FB33DF100D0343F /* ADCollectionTests.swift in Sources */ = {isa = PBXBuildFile; fileRef = B522404B1FB33D1200D0343F /* ADCollectionTests.swift */; };
		B52240651FB33DF100D0343F /* ADOfferTests.swift in Sources */ = {isa = PBXBuildFile; fileRef = B522404C1FB33D1200D0343F /* ADOfferTests.swift */; };
		B52240661FB33DF100D0343F /* ADDocumentAttachmentExtensionsTests.swift in Sources */ = {isa = PBXBuildFile; fileRef = B522404D1FB33D1200D0343F /* ADDocumentAttachmentExtensionsTests.swift */; };
		B52240671FB33DF800D0343F /* ADUserDefinedFunctionTests.swift in Sources */ = {isa = PBXBuildFile; fileRef = B522403A1FB33D1200D0343F /* ADUserDefinedFunctionTests.swift */; };
		B52240681FB33DF800D0343F /* ADStoredProcedureTests.swift in Sources */ = {isa = PBXBuildFile; fileRef = B522403B1FB33D1200D0343F /* ADStoredProcedureTests.swift */; };
		B52240691FB33DF800D0343F /* ADUserPermissionExtensionsTests.swift in Sources */ = {isa = PBXBuildFile; fileRef = B522403C1FB33D1200D0343F /* ADUserPermissionExtensionsTests.swift */; };
		B522406A1FB33DF800D0343F /* ADQueryTests.swift in Sources */ = {isa = PBXBuildFile; fileRef = B522403D1FB33D1200D0343F /* ADQueryTests.swift */; };
		B522406B1FB33DF800D0343F /* ADDocumentTests.swift in Sources */ = {isa = PBXBuildFile; fileRef = B522403E1FB33D1200D0343F /* ADDocumentTests.swift */; };
		B522406C1FB33DF800D0343F /* ADCollectionUserDefinedFunctionExtensionsTests.swift in Sources */ = {isa = PBXBuildFile; fileRef = B522403F1FB33D1200D0343F /* ADCollectionUserDefinedFunctionExtensionsTests.swift */; };
		B522406D1FB33DF800D0343F /* ADDatabaseCollectionExtensionsTests.swift in Sources */ = {isa = PBXBuildFile; fileRef = B52240401FB33D1200D0343F /* ADDatabaseCollectionExtensionsTests.swift */; };
		B522406E1FB33DF800D0343F /* ADTriggerTests.swift in Sources */ = {isa = PBXBuildFile; fileRef = B52240411FB33D1200D0343F /* ADTriggerTests.swift */; };
		B522406F1FB33DF800D0343F /* ADAttachmentTests.swift in Sources */ = {isa = PBXBuildFile; fileRef = B52240421FB33D1200D0343F /* ADAttachmentTests.swift */; };
		B52240701FB33DF800D0343F /* ADPermissionTests.swift in Sources */ = {isa = PBXBuildFile; fileRef = B52240431FB33D1200D0343F /* ADPermissionTests.swift */; };
		B52240711FB33DF800D0343F /* ADDatabaseUserExtensionsTests.swift in Sources */ = {isa = PBXBuildFile; fileRef = B52240441FB33D1200D0343F /* ADDatabaseUserExtensionsTests.swift */; };
		B52240721FB33DF800D0343F /* ADCollectionTriggerExtensionsTests.swift in Sources */ = {isa = PBXBuildFile; fileRef = B52240451FB33D1200D0343F /* ADCollectionTriggerExtensionsTests.swift */; };
		B52240731FB33DF800D0343F /* ADUserTests.swift in Sources */ = {isa = PBXBuildFile; fileRef = B52240461FB33D1200D0343F /* ADUserTests.swift */; };
		B52240741FB33DF800D0343F /* ADCollectionStoredProcedureExtensionsTests.swift in Sources */ = {isa = PBXBuildFile; fileRef = B52240471FB33D1200D0343F /* ADCollectionStoredProcedureExtensionsTests.swift */; };
		B52240751FB33DF800D0343F /* ADDatabaseTests.swift in Sources */ = {isa = PBXBuildFile; fileRef = B52240481FB33D1200D0343F /* ADDatabaseTests.swift */; };
		B52240761FB33DF800D0343F /* ADCollectionDocumentExtensionsTests.swift in Sources */ = {isa = PBXBuildFile; fileRef = B52240491FB33D1200D0343F /* ADCollectionDocumentExtensionsTests.swift */; };
		B52240771FB33DF800D0343F /* AzureDataTests.swift in Sources */ = {isa = PBXBuildFile; fileRef = B522404A1FB33D1200D0343F /* AzureDataTests.swift */; };
		B52240781FB33DF800D0343F /* ADCollectionTests.swift in Sources */ = {isa = PBXBuildFile; fileRef = B522404B1FB33D1200D0343F /* ADCollectionTests.swift */; };
		B52240791FB33DF800D0343F /* ADOfferTests.swift in Sources */ = {isa = PBXBuildFile; fileRef = B522404C1FB33D1200D0343F /* ADOfferTests.swift */; };
		B522407A1FB33DF800D0343F /* ADDocumentAttachmentExtensionsTests.swift in Sources */ = {isa = PBXBuildFile; fileRef = B522404D1FB33D1200D0343F /* ADDocumentAttachmentExtensionsTests.swift */; };
		B522407B1FB33DFA00D0343F /* ADUserDefinedFunctionTests.swift in Sources */ = {isa = PBXBuildFile; fileRef = B522403A1FB33D1200D0343F /* ADUserDefinedFunctionTests.swift */; };
		B522407C1FB33DFA00D0343F /* ADStoredProcedureTests.swift in Sources */ = {isa = PBXBuildFile; fileRef = B522403B1FB33D1200D0343F /* ADStoredProcedureTests.swift */; };
		B522407D1FB33DFA00D0343F /* ADUserPermissionExtensionsTests.swift in Sources */ = {isa = PBXBuildFile; fileRef = B522403C1FB33D1200D0343F /* ADUserPermissionExtensionsTests.swift */; };
		B522407E1FB33DFA00D0343F /* ADQueryTests.swift in Sources */ = {isa = PBXBuildFile; fileRef = B522403D1FB33D1200D0343F /* ADQueryTests.swift */; };
		B522407F1FB33DFA00D0343F /* ADDocumentTests.swift in Sources */ = {isa = PBXBuildFile; fileRef = B522403E1FB33D1200D0343F /* ADDocumentTests.swift */; };
		B52240801FB33DFA00D0343F /* ADCollectionUserDefinedFunctionExtensionsTests.swift in Sources */ = {isa = PBXBuildFile; fileRef = B522403F1FB33D1200D0343F /* ADCollectionUserDefinedFunctionExtensionsTests.swift */; };
		B52240811FB33DFA00D0343F /* ADDatabaseCollectionExtensionsTests.swift in Sources */ = {isa = PBXBuildFile; fileRef = B52240401FB33D1200D0343F /* ADDatabaseCollectionExtensionsTests.swift */; };
		B52240821FB33DFA00D0343F /* ADTriggerTests.swift in Sources */ = {isa = PBXBuildFile; fileRef = B52240411FB33D1200D0343F /* ADTriggerTests.swift */; };
		B52240831FB33DFA00D0343F /* ADAttachmentTests.swift in Sources */ = {isa = PBXBuildFile; fileRef = B52240421FB33D1200D0343F /* ADAttachmentTests.swift */; };
		B52240841FB33DFA00D0343F /* ADPermissionTests.swift in Sources */ = {isa = PBXBuildFile; fileRef = B52240431FB33D1200D0343F /* ADPermissionTests.swift */; };
		B52240851FB33DFA00D0343F /* ADDatabaseUserExtensionsTests.swift in Sources */ = {isa = PBXBuildFile; fileRef = B52240441FB33D1200D0343F /* ADDatabaseUserExtensionsTests.swift */; };
		B52240861FB33DFA00D0343F /* ADCollectionTriggerExtensionsTests.swift in Sources */ = {isa = PBXBuildFile; fileRef = B52240451FB33D1200D0343F /* ADCollectionTriggerExtensionsTests.swift */; };
		B52240871FB33DFA00D0343F /* ADUserTests.swift in Sources */ = {isa = PBXBuildFile; fileRef = B52240461FB33D1200D0343F /* ADUserTests.swift */; };
		B52240881FB33DFA00D0343F /* ADCollectionStoredProcedureExtensionsTests.swift in Sources */ = {isa = PBXBuildFile; fileRef = B52240471FB33D1200D0343F /* ADCollectionStoredProcedureExtensionsTests.swift */; };
		B52240891FB33DFA00D0343F /* ADDatabaseTests.swift in Sources */ = {isa = PBXBuildFile; fileRef = B52240481FB33D1200D0343F /* ADDatabaseTests.swift */; };
		B522408A1FB33DFA00D0343F /* ADCollectionDocumentExtensionsTests.swift in Sources */ = {isa = PBXBuildFile; fileRef = B52240491FB33D1200D0343F /* ADCollectionDocumentExtensionsTests.swift */; };
		B522408B1FB33DFA00D0343F /* AzureDataTests.swift in Sources */ = {isa = PBXBuildFile; fileRef = B522404A1FB33D1200D0343F /* AzureDataTests.swift */; };
		B522408C1FB33DFA00D0343F /* ADCollectionTests.swift in Sources */ = {isa = PBXBuildFile; fileRef = B522404B1FB33D1200D0343F /* ADCollectionTests.swift */; };
		B522408D1FB33DFA00D0343F /* ADOfferTests.swift in Sources */ = {isa = PBXBuildFile; fileRef = B522404C1FB33D1200D0343F /* ADOfferTests.swift */; };
		B522408E1FB33DFA00D0343F /* ADDocumentAttachmentExtensionsTests.swift in Sources */ = {isa = PBXBuildFile; fileRef = B522404D1FB33D1200D0343F /* ADDocumentAttachmentExtensionsTests.swift */; };
		B52240911FB3407900D0343F /* NetworkReachabilityManager.swift in Sources */ = {isa = PBXBuildFile; fileRef = B52240191FB33CD000D0343F /* NetworkReachabilityManager.swift */; };
		B52240921FB3407900D0343F /* ADTokenProvider.swift in Sources */ = {isa = PBXBuildFile; fileRef = B522401A1FB33CD000D0343F /* ADTokenProvider.swift */; };
		B52240931FB3407900D0343F /* AzureDataExtensions.swift in Sources */ = {isa = PBXBuildFile; fileRef = B522401B1FB33CD000D0343F /* AzureDataExtensions.swift */; };
		B52240941FB3407C00D0343F /* NetworkReachabilityManager.swift in Sources */ = {isa = PBXBuildFile; fileRef = B52240191FB33CD000D0343F /* NetworkReachabilityManager.swift */; };
		B52240951FB3407C00D0343F /* ADTokenProvider.swift in Sources */ = {isa = PBXBuildFile; fileRef = B522401A1FB33CD000D0343F /* ADTokenProvider.swift */; };
		B52240961FB3407C00D0343F /* AzureDataExtensions.swift in Sources */ = {isa = PBXBuildFile; fileRef = B522401B1FB33CD000D0343F /* AzureDataExtensions.swift */; };
		B52240971FB3407D00D0343F /* NetworkReachabilityManager.swift in Sources */ = {isa = PBXBuildFile; fileRef = B52240191FB33CD000D0343F /* NetworkReachabilityManager.swift */; };
		B52240981FB3407D00D0343F /* ADTokenProvider.swift in Sources */ = {isa = PBXBuildFile; fileRef = B522401A1FB33CD000D0343F /* ADTokenProvider.swift */; };
		B52240991FB3407D00D0343F /* AzureDataExtensions.swift in Sources */ = {isa = PBXBuildFile; fileRef = B522401B1FB33CD000D0343F /* AzureDataExtensions.swift */; };
		B522409A1FB3407E00D0343F /* NetworkReachabilityManager.swift in Sources */ = {isa = PBXBuildFile; fileRef = B52240191FB33CD000D0343F /* NetworkReachabilityManager.swift */; };
		B522409B1FB3407E00D0343F /* ADTokenProvider.swift in Sources */ = {isa = PBXBuildFile; fileRef = B522401A1FB33CD000D0343F /* ADTokenProvider.swift */; };
		B522409C1FB3407E00D0343F /* AzureDataExtensions.swift in Sources */ = {isa = PBXBuildFile; fileRef = B522401B1FB33CD000D0343F /* AzureDataExtensions.swift */; };
		B522409D1FB3408E00D0343F /* ADResourceType.swift in Sources */ = {isa = PBXBuildFile; fileRef = B522401D1FB33CD000D0343F /* ADResourceType.swift */; };
		B522409E1FB3408E00D0343F /* ADConflict.swift in Sources */ = {isa = PBXBuildFile; fileRef = B522401E1FB33CD000D0343F /* ADConflict.swift */; };
		B522409F1FB3408E00D0343F /* ADQuery.swift in Sources */ = {isa = PBXBuildFile; fileRef = B522401F1FB33CD000D0343F /* ADQuery.swift */; };
		B52240A01FB3408E00D0343F /* ADOffer.swift in Sources */ = {isa = PBXBuildFile; fileRef = B52240201FB33CD000D0343F /* ADOffer.swift */; };
		B52240A11FB3408E00D0343F /* ADUser.swift in Sources */ = {isa = PBXBuildFile; fileRef = B52240211FB33CD000D0343F /* ADUser.swift */; };
		B52240A21FB3408E00D0343F /* ADError.swift in Sources */ = {isa = PBXBuildFile; fileRef = B52240221FB33CD000D0343F /* ADError.swift */; };
		B52240A31FB3408E00D0343F /* ADTrigger.swift in Sources */ = {isa = PBXBuildFile; fileRef = B52240231FB33CD000D0343F /* ADTrigger.swift */; };
		B52240A41FB3408E00D0343F /* ADDatabase.swift in Sources */ = {isa = PBXBuildFile; fileRef = B52240241FB33CD000D0343F /* ADDatabase.swift */; };
		B52240A51FB3408E00D0343F /* ADStoredProcedure.swift in Sources */ = {isa = PBXBuildFile; fileRef = B52240251FB33CD000D0343F /* ADStoredProcedure.swift */; };
		B52240A61FB3408E00D0343F /* ADDocument.swift in Sources */ = {isa = PBXBuildFile; fileRef = B52240261FB33CD000D0343F /* ADDocument.swift */; };
		B52240A71FB3408E00D0343F /* ADPermission.swift in Sources */ = {isa = PBXBuildFile; fileRef = B52240271FB33CD000D0343F /* ADPermission.swift */; };
		B52240A81FB3408E00D0343F /* ADResourceUri.swift in Sources */ = {isa = PBXBuildFile; fileRef = B52240281FB33CD000D0343F /* ADResourceUri.swift */; };
		B52240A91FB3408E00D0343F /* ADPartitionKeyDefinition.swift in Sources */ = {isa = PBXBuildFile; fileRef = B52240291FB33CD000D0343F /* ADPartitionKeyDefinition.swift */; };
		B52240AA1FB3408E00D0343F /* ADAttachment.swift in Sources */ = {isa = PBXBuildFile; fileRef = B522402A1FB33CD000D0343F /* ADAttachment.swift */; };
		B52240AB1FB3408E00D0343F /* ADCollection.swift in Sources */ = {isa = PBXBuildFile; fileRef = B522402B1FB33CD000D0343F /* ADCollection.swift */; };
		B52240AC1FB3408E00D0343F /* ADUserDefinedFunction.swift in Sources */ = {isa = PBXBuildFile; fileRef = B522402C1FB33CD000D0343F /* ADUserDefinedFunction.swift */; };
		B52240AD1FB3408E00D0343F /* ADResource.swift in Sources */ = {isa = PBXBuildFile; fileRef = B522402D1FB33CD000D0343F /* ADResource.swift */; };
		B52240AE1FB3408E00D0343F /* ADPartitionKeyRange.swift in Sources */ = {isa = PBXBuildFile; fileRef = B522402E1FB33CD000D0343F /* ADPartitionKeyRange.swift */; };
		B52240AF1FB3408E00D0343F /* ADResourceList.swift in Sources */ = {isa = PBXBuildFile; fileRef = B522402F1FB33CD000D0343F /* ADResourceList.swift */; };
		B52240B01FB3408E00D0343F /* ADDatabaseAccount.swift in Sources */ = {isa = PBXBuildFile; fileRef = B52240301FB33CD000D0343F /* ADDatabaseAccount.swift */; };
		B52240B11FB3408E00D0343F /* ADIndexingPolicy.swift in Sources */ = {isa = PBXBuildFile; fileRef = B52240311FB33CD000D0343F /* ADIndexingPolicy.swift */; };
		B52240B21FB3409000D0343F /* ADResourceType.swift in Sources */ = {isa = PBXBuildFile; fileRef = B522401D1FB33CD000D0343F /* ADResourceType.swift */; };
		B52240B31FB3409000D0343F /* ADConflict.swift in Sources */ = {isa = PBXBuildFile; fileRef = B522401E1FB33CD000D0343F /* ADConflict.swift */; };
		B52240B41FB3409000D0343F /* ADQuery.swift in Sources */ = {isa = PBXBuildFile; fileRef = B522401F1FB33CD000D0343F /* ADQuery.swift */; };
		B52240B51FB3409000D0343F /* ADOffer.swift in Sources */ = {isa = PBXBuildFile; fileRef = B52240201FB33CD000D0343F /* ADOffer.swift */; };
		B52240B61FB3409000D0343F /* ADUser.swift in Sources */ = {isa = PBXBuildFile; fileRef = B52240211FB33CD000D0343F /* ADUser.swift */; };
		B52240B71FB3409000D0343F /* ADError.swift in Sources */ = {isa = PBXBuildFile; fileRef = B52240221FB33CD000D0343F /* ADError.swift */; };
		B52240B81FB3409000D0343F /* ADTrigger.swift in Sources */ = {isa = PBXBuildFile; fileRef = B52240231FB33CD000D0343F /* ADTrigger.swift */; };
		B52240B91FB3409000D0343F /* ADDatabase.swift in Sources */ = {isa = PBXBuildFile; fileRef = B52240241FB33CD000D0343F /* ADDatabase.swift */; };
		B52240BA1FB3409000D0343F /* ADStoredProcedure.swift in Sources */ = {isa = PBXBuildFile; fileRef = B52240251FB33CD000D0343F /* ADStoredProcedure.swift */; };
		B52240BB1FB3409000D0343F /* ADDocument.swift in Sources */ = {isa = PBXBuildFile; fileRef = B52240261FB33CD000D0343F /* ADDocument.swift */; };
		B52240BC1FB3409000D0343F /* ADPermission.swift in Sources */ = {isa = PBXBuildFile; fileRef = B52240271FB33CD000D0343F /* ADPermission.swift */; };
		B52240BD1FB3409000D0343F /* ADResourceUri.swift in Sources */ = {isa = PBXBuildFile; fileRef = B52240281FB33CD000D0343F /* ADResourceUri.swift */; };
		B52240BE1FB3409000D0343F /* ADPartitionKeyDefinition.swift in Sources */ = {isa = PBXBuildFile; fileRef = B52240291FB33CD000D0343F /* ADPartitionKeyDefinition.swift */; };
		B52240BF1FB3409000D0343F /* ADAttachment.swift in Sources */ = {isa = PBXBuildFile; fileRef = B522402A1FB33CD000D0343F /* ADAttachment.swift */; };
		B52240C01FB3409000D0343F /* ADCollection.swift in Sources */ = {isa = PBXBuildFile; fileRef = B522402B1FB33CD000D0343F /* ADCollection.swift */; };
		B52240C11FB3409000D0343F /* ADUserDefinedFunction.swift in Sources */ = {isa = PBXBuildFile; fileRef = B522402C1FB33CD000D0343F /* ADUserDefinedFunction.swift */; };
		B52240C21FB3409000D0343F /* ADResource.swift in Sources */ = {isa = PBXBuildFile; fileRef = B522402D1FB33CD000D0343F /* ADResource.swift */; };
		B52240C31FB3409000D0343F /* ADPartitionKeyRange.swift in Sources */ = {isa = PBXBuildFile; fileRef = B522402E1FB33CD000D0343F /* ADPartitionKeyRange.swift */; };
		B52240C41FB3409000D0343F /* ADResourceList.swift in Sources */ = {isa = PBXBuildFile; fileRef = B522402F1FB33CD000D0343F /* ADResourceList.swift */; };
		B52240C51FB3409000D0343F /* ADDatabaseAccount.swift in Sources */ = {isa = PBXBuildFile; fileRef = B52240301FB33CD000D0343F /* ADDatabaseAccount.swift */; };
		B52240C61FB3409000D0343F /* ADIndexingPolicy.swift in Sources */ = {isa = PBXBuildFile; fileRef = B52240311FB33CD000D0343F /* ADIndexingPolicy.swift */; };
		B52240C71FB3409100D0343F /* ADResourceType.swift in Sources */ = {isa = PBXBuildFile; fileRef = B522401D1FB33CD000D0343F /* ADResourceType.swift */; };
		B52240C81FB3409100D0343F /* ADConflict.swift in Sources */ = {isa = PBXBuildFile; fileRef = B522401E1FB33CD000D0343F /* ADConflict.swift */; };
		B52240C91FB3409100D0343F /* ADQuery.swift in Sources */ = {isa = PBXBuildFile; fileRef = B522401F1FB33CD000D0343F /* ADQuery.swift */; };
		B52240CA1FB3409100D0343F /* ADOffer.swift in Sources */ = {isa = PBXBuildFile; fileRef = B52240201FB33CD000D0343F /* ADOffer.swift */; };
		B52240CB1FB3409100D0343F /* ADUser.swift in Sources */ = {isa = PBXBuildFile; fileRef = B52240211FB33CD000D0343F /* ADUser.swift */; };
		B52240CC1FB3409100D0343F /* ADError.swift in Sources */ = {isa = PBXBuildFile; fileRef = B52240221FB33CD000D0343F /* ADError.swift */; };
		B52240CD1FB3409100D0343F /* ADTrigger.swift in Sources */ = {isa = PBXBuildFile; fileRef = B52240231FB33CD000D0343F /* ADTrigger.swift */; };
		B52240CE1FB3409100D0343F /* ADDatabase.swift in Sources */ = {isa = PBXBuildFile; fileRef = B52240241FB33CD000D0343F /* ADDatabase.swift */; };
		B52240CF1FB3409100D0343F /* ADStoredProcedure.swift in Sources */ = {isa = PBXBuildFile; fileRef = B52240251FB33CD000D0343F /* ADStoredProcedure.swift */; };
		B52240D01FB3409100D0343F /* ADDocument.swift in Sources */ = {isa = PBXBuildFile; fileRef = B52240261FB33CD000D0343F /* ADDocument.swift */; };
		B52240D11FB3409100D0343F /* ADPermission.swift in Sources */ = {isa = PBXBuildFile; fileRef = B52240271FB33CD000D0343F /* ADPermission.swift */; };
		B52240D21FB3409100D0343F /* ADResourceUri.swift in Sources */ = {isa = PBXBuildFile; fileRef = B52240281FB33CD000D0343F /* ADResourceUri.swift */; };
		B52240D31FB3409100D0343F /* ADPartitionKeyDefinition.swift in Sources */ = {isa = PBXBuildFile; fileRef = B52240291FB33CD000D0343F /* ADPartitionKeyDefinition.swift */; };
		B52240D41FB3409100D0343F /* ADAttachment.swift in Sources */ = {isa = PBXBuildFile; fileRef = B522402A1FB33CD000D0343F /* ADAttachment.swift */; };
		B52240D51FB3409100D0343F /* ADCollection.swift in Sources */ = {isa = PBXBuildFile; fileRef = B522402B1FB33CD000D0343F /* ADCollection.swift */; };
		B52240D61FB3409100D0343F /* ADUserDefinedFunction.swift in Sources */ = {isa = PBXBuildFile; fileRef = B522402C1FB33CD000D0343F /* ADUserDefinedFunction.swift */; };
		B52240D71FB3409100D0343F /* ADResource.swift in Sources */ = {isa = PBXBuildFile; fileRef = B522402D1FB33CD000D0343F /* ADResource.swift */; };
		B52240D81FB3409100D0343F /* ADPartitionKeyRange.swift in Sources */ = {isa = PBXBuildFile; fileRef = B522402E1FB33CD000D0343F /* ADPartitionKeyRange.swift */; };
		B52240D91FB3409100D0343F /* ADResourceList.swift in Sources */ = {isa = PBXBuildFile; fileRef = B522402F1FB33CD000D0343F /* ADResourceList.swift */; };
		B52240DA1FB3409100D0343F /* ADDatabaseAccount.swift in Sources */ = {isa = PBXBuildFile; fileRef = B52240301FB33CD000D0343F /* ADDatabaseAccount.swift */; };
		B52240DB1FB3409100D0343F /* ADIndexingPolicy.swift in Sources */ = {isa = PBXBuildFile; fileRef = B52240311FB33CD000D0343F /* ADIndexingPolicy.swift */; };
		B52240DC1FB3409200D0343F /* ADResourceType.swift in Sources */ = {isa = PBXBuildFile; fileRef = B522401D1FB33CD000D0343F /* ADResourceType.swift */; };
		B52240DD1FB3409200D0343F /* ADConflict.swift in Sources */ = {isa = PBXBuildFile; fileRef = B522401E1FB33CD000D0343F /* ADConflict.swift */; };
		B52240DE1FB3409200D0343F /* ADQuery.swift in Sources */ = {isa = PBXBuildFile; fileRef = B522401F1FB33CD000D0343F /* ADQuery.swift */; };
		B52240DF1FB3409200D0343F /* ADOffer.swift in Sources */ = {isa = PBXBuildFile; fileRef = B52240201FB33CD000D0343F /* ADOffer.swift */; };
		B52240E01FB3409200D0343F /* ADUser.swift in Sources */ = {isa = PBXBuildFile; fileRef = B52240211FB33CD000D0343F /* ADUser.swift */; };
		B52240E11FB3409200D0343F /* ADError.swift in Sources */ = {isa = PBXBuildFile; fileRef = B52240221FB33CD000D0343F /* ADError.swift */; };
		B52240E21FB3409200D0343F /* ADTrigger.swift in Sources */ = {isa = PBXBuildFile; fileRef = B52240231FB33CD000D0343F /* ADTrigger.swift */; };
		B52240E31FB3409200D0343F /* ADDatabase.swift in Sources */ = {isa = PBXBuildFile; fileRef = B52240241FB33CD000D0343F /* ADDatabase.swift */; };
		B52240E41FB3409200D0343F /* ADStoredProcedure.swift in Sources */ = {isa = PBXBuildFile; fileRef = B52240251FB33CD000D0343F /* ADStoredProcedure.swift */; };
		B52240E51FB3409200D0343F /* ADDocument.swift in Sources */ = {isa = PBXBuildFile; fileRef = B52240261FB33CD000D0343F /* ADDocument.swift */; };
		B52240E61FB3409200D0343F /* ADPermission.swift in Sources */ = {isa = PBXBuildFile; fileRef = B52240271FB33CD000D0343F /* ADPermission.swift */; };
		B52240E71FB3409200D0343F /* ADResourceUri.swift in Sources */ = {isa = PBXBuildFile; fileRef = B52240281FB33CD000D0343F /* ADResourceUri.swift */; };
		B52240E81FB3409200D0343F /* ADPartitionKeyDefinition.swift in Sources */ = {isa = PBXBuildFile; fileRef = B52240291FB33CD000D0343F /* ADPartitionKeyDefinition.swift */; };
		B52240E91FB3409200D0343F /* ADAttachment.swift in Sources */ = {isa = PBXBuildFile; fileRef = B522402A1FB33CD000D0343F /* ADAttachment.swift */; };
		B52240EA1FB3409200D0343F /* ADCollection.swift in Sources */ = {isa = PBXBuildFile; fileRef = B522402B1FB33CD000D0343F /* ADCollection.swift */; };
		B52240EB1FB3409200D0343F /* ADUserDefinedFunction.swift in Sources */ = {isa = PBXBuildFile; fileRef = B522402C1FB33CD000D0343F /* ADUserDefinedFunction.swift */; };
		B52240EC1FB3409200D0343F /* ADResource.swift in Sources */ = {isa = PBXBuildFile; fileRef = B522402D1FB33CD000D0343F /* ADResource.swift */; };
		B52240ED1FB3409200D0343F /* ADPartitionKeyRange.swift in Sources */ = {isa = PBXBuildFile; fileRef = B522402E1FB33CD000D0343F /* ADPartitionKeyRange.swift */; };
		B52240EE1FB3409200D0343F /* ADResourceList.swift in Sources */ = {isa = PBXBuildFile; fileRef = B522402F1FB33CD000D0343F /* ADResourceList.swift */; };
		B52240EF1FB3409200D0343F /* ADDatabaseAccount.swift in Sources */ = {isa = PBXBuildFile; fileRef = B52240301FB33CD000D0343F /* ADDatabaseAccount.swift */; };
		B52240F01FB3409200D0343F /* ADIndexingPolicy.swift in Sources */ = {isa = PBXBuildFile; fileRef = B52240311FB33CD000D0343F /* ADIndexingPolicy.swift */; };
		B52240F61FB3409D00D0343F /* ADResponse.swift in Sources */ = {isa = PBXBuildFile; fileRef = B52240321FB33CD000D0343F /* ADResponse.swift */; };
		B52240F71FB3409D00D0343F /* AzureData.h in Headers */ = {isa = PBXBuildFile; fileRef = B52240331FB33CD000D0343F /* AzureData.h */; settings = {ATTRIBUTES = (Public, ); }; };
		B52240F81FB3409D00D0343F /* AzureData.swift in Sources */ = {isa = PBXBuildFile; fileRef = B52240341FB33CD000D0343F /* AzureData.swift */; };
		B52240F91FB3409D00D0343F /* SessionManager.swift in Sources */ = {isa = PBXBuildFile; fileRef = B52240351FB33CD000D0343F /* SessionManager.swift */; };
		B52240FA1FB3409D00D0343F /* ADHttp.swift in Sources */ = {isa = PBXBuildFile; fileRef = B52240361FB33CD000D0343F /* ADHttp.swift */; };
		B52240FB1FB3409D00D0343F /* UtilityExtensions.swift in Sources */ = {isa = PBXBuildFile; fileRef = B52240381FB33CD000D0343F /* UtilityExtensions.swift */; };
		B52240FC1FB3409E00D0343F /* ADResponse.swift in Sources */ = {isa = PBXBuildFile; fileRef = B52240321FB33CD000D0343F /* ADResponse.swift */; };
		B52240FD1FB3409E00D0343F /* AzureData.swift in Sources */ = {isa = PBXBuildFile; fileRef = B52240341FB33CD000D0343F /* AzureData.swift */; };
		B52240FE1FB3409E00D0343F /* SessionManager.swift in Sources */ = {isa = PBXBuildFile; fileRef = B52240351FB33CD000D0343F /* SessionManager.swift */; };
		B52240FF1FB3409E00D0343F /* ADHttp.swift in Sources */ = {isa = PBXBuildFile; fileRef = B52240361FB33CD000D0343F /* ADHttp.swift */; };
		B52241001FB3409E00D0343F /* UtilityExtensions.swift in Sources */ = {isa = PBXBuildFile; fileRef = B52240381FB33CD000D0343F /* UtilityExtensions.swift */; };
		B52241011FB3409F00D0343F /* ADResponse.swift in Sources */ = {isa = PBXBuildFile; fileRef = B52240321FB33CD000D0343F /* ADResponse.swift */; };
		B52241021FB3409F00D0343F /* AzureData.swift in Sources */ = {isa = PBXBuildFile; fileRef = B52240341FB33CD000D0343F /* AzureData.swift */; };
		B52241031FB3409F00D0343F /* SessionManager.swift in Sources */ = {isa = PBXBuildFile; fileRef = B52240351FB33CD000D0343F /* SessionManager.swift */; };
		B52241041FB3409F00D0343F /* ADHttp.swift in Sources */ = {isa = PBXBuildFile; fileRef = B52240361FB33CD000D0343F /* ADHttp.swift */; };
		B52241051FB3409F00D0343F /* UtilityExtensions.swift in Sources */ = {isa = PBXBuildFile; fileRef = B52240381FB33CD000D0343F /* UtilityExtensions.swift */; };
		B52241061FB3409F00D0343F /* ADResponse.swift in Sources */ = {isa = PBXBuildFile; fileRef = B52240321FB33CD000D0343F /* ADResponse.swift */; };
		B52241071FB3409F00D0343F /* AzureData.swift in Sources */ = {isa = PBXBuildFile; fileRef = B52240341FB33CD000D0343F /* AzureData.swift */; };
		B52241081FB3409F00D0343F /* SessionManager.swift in Sources */ = {isa = PBXBuildFile; fileRef = B52240351FB33CD000D0343F /* SessionManager.swift */; };
		B52241091FB3409F00D0343F /* ADHttp.swift in Sources */ = {isa = PBXBuildFile; fileRef = B52240361FB33CD000D0343F /* ADHttp.swift */; };
		B522410A1FB3409F00D0343F /* UtilityExtensions.swift in Sources */ = {isa = PBXBuildFile; fileRef = B52240381FB33CD000D0343F /* UtilityExtensions.swift */; };
		B522410B1FB340AF00D0343F /* Info.plist in Resources */ = {isa = PBXBuildFile; fileRef = B522404E1FB33D1200D0343F /* Info.plist */; };
		B522410C1FB340B600D0343F /* Info.plist in Resources */ = {isa = PBXBuildFile; fileRef = B522404E1FB33D1200D0343F /* Info.plist */; };
		B522410D1FB340B600D0343F /* Info.plist in Resources */ = {isa = PBXBuildFile; fileRef = B522404E1FB33D1200D0343F /* Info.plist */; };
		B522410E1FB340B700D0343F /* Info.plist in Resources */ = {isa = PBXBuildFile; fileRef = B522404E1FB33D1200D0343F /* Info.plist */; };
		B52241161FB342A300D0343F /* NetworkReachabilityManagerTests.swift in Sources */ = {isa = PBXBuildFile; fileRef = B52241151FB342A300D0343F /* NetworkReachabilityManagerTests.swift */; };
		B52241171FB342A300D0343F /* NetworkReachabilityManagerTests.swift in Sources */ = {isa = PBXBuildFile; fileRef = B52241151FB342A300D0343F /* NetworkReachabilityManagerTests.swift */; };
		B52241181FB342A300D0343F /* NetworkReachabilityManagerTests.swift in Sources */ = {isa = PBXBuildFile; fileRef = B52241151FB342A300D0343F /* NetworkReachabilityManagerTests.swift */; };
		B5F76C431F96A7AF001E8B11 /* AzureData.framework in Frameworks */ = {isa = PBXBuildFile; fileRef = B5F76C391F96A7AF001E8B11 /* AzureData.framework */; };
/* End PBXBuildFile section */

/* Begin PBXContainerItemProxy section */
		B5223FC11FB33A9F00D0343F /* PBXContainerItemProxy */ = {
			isa = PBXContainerItemProxy;
			containerPortal = B5F76C301F96A7AF001E8B11 /* Project object */;
			proxyType = 1;
			remoteGlobalIDString = B5223FB61FB33A9F00D0343F;
			remoteInfo = "AzureData macOS";
		};
		B5223FDD1FB33B0F00D0343F /* PBXContainerItemProxy */ = {
			isa = PBXContainerItemProxy;
			containerPortal = B5F76C301F96A7AF001E8B11 /* Project object */;
			proxyType = 1;
			remoteGlobalIDString = B5223FD21FB33B0F00D0343F;
			remoteInfo = "AzureData tvOS";
		};
		B522410F1FB3411100D0343F /* PBXContainerItemProxy */ = {
			isa = PBXContainerItemProxy;
			containerPortal = B5F76C301F96A7AF001E8B11 /* Project object */;
			proxyType = 1;
			remoteGlobalIDString = B5F76C571F96A848001E8B11;
			remoteInfo = CommonCryptoModuleMap;
		};
		B52241111FB3411900D0343F /* PBXContainerItemProxy */ = {
			isa = PBXContainerItemProxy;
			containerPortal = B5F76C301F96A7AF001E8B11 /* Project object */;
			proxyType = 1;
			remoteGlobalIDString = B5F76C571F96A848001E8B11;
			remoteInfo = CommonCryptoModuleMap;
		};
		B52241131FB3412100D0343F /* PBXContainerItemProxy */ = {
			isa = PBXContainerItemProxy;
			containerPortal = B5F76C301F96A7AF001E8B11 /* Project object */;
			proxyType = 1;
			remoteGlobalIDString = B5F76C571F96A848001E8B11;
			remoteInfo = CommonCryptoModuleMap;
		};
		B5F76C441F96A7AF001E8B11 /* PBXContainerItemProxy */ = {
			isa = PBXContainerItemProxy;
			containerPortal = B5F76C301F96A7AF001E8B11 /* Project object */;
			proxyType = 1;
			remoteGlobalIDString = B5F76C381F96A7AF001E8B11;
			remoteInfo = AzureData;
		};
		B5F76C5C1F96A8E5001E8B11 /* PBXContainerItemProxy */ = {
			isa = PBXContainerItemProxy;
			containerPortal = B5F76C301F96A7AF001E8B11 /* Project object */;
			proxyType = 1;
			remoteGlobalIDString = B5F76C571F96A848001E8B11;
			remoteInfo = CommonCryptoModuleMap;
		};
/* End PBXContainerItemProxy section */

/* Begin PBXFileReference section */
		B5223FB71FB33A9F00D0343F /* AzureData.framework */ = {isa = PBXFileReference; explicitFileType = wrapper.framework; includeInIndex = 0; path = AzureData.framework; sourceTree = BUILT_PRODUCTS_DIR; };
		B5223FBF1FB33A9F00D0343F /* AzureData macOS Tests.xctest */ = {isa = PBXFileReference; explicitFileType = wrapper.cfbundle; includeInIndex = 0; path = "AzureData macOS Tests.xctest"; sourceTree = BUILT_PRODUCTS_DIR; };
		B5223FD31FB33B0F00D0343F /* AzureData.framework */ = {isa = PBXFileReference; explicitFileType = wrapper.framework; includeInIndex = 0; path = AzureData.framework; sourceTree = BUILT_PRODUCTS_DIR; };
		B5223FDB1FB33B0F00D0343F /* AzureData tvOS Tests.xctest */ = {isa = PBXFileReference; explicitFileType = wrapper.cfbundle; includeInIndex = 0; path = "AzureData tvOS Tests.xctest"; sourceTree = BUILT_PRODUCTS_DIR; };
		B5223FEF1FB33B2600D0343F /* AzureData.framework */ = {isa = PBXFileReference; explicitFileType = wrapper.framework; includeInIndex = 0; path = AzureData.framework; sourceTree = BUILT_PRODUCTS_DIR; };
		B52240191FB33CD000D0343F /* NetworkReachabilityManager.swift */ = {isa = PBXFileReference; lastKnownFileType = sourcecode.swift; path = NetworkReachabilityManager.swift; sourceTree = "<group>"; };
		B522401A1FB33CD000D0343F /* ADTokenProvider.swift */ = {isa = PBXFileReference; lastKnownFileType = sourcecode.swift; path = ADTokenProvider.swift; sourceTree = "<group>"; };
		B522401B1FB33CD000D0343F /* AzureDataExtensions.swift */ = {isa = PBXFileReference; lastKnownFileType = sourcecode.swift; path = AzureDataExtensions.swift; sourceTree = "<group>"; };
		B522401D1FB33CD000D0343F /* ADResourceType.swift */ = {isa = PBXFileReference; lastKnownFileType = sourcecode.swift; path = ADResourceType.swift; sourceTree = "<group>"; };
		B522401E1FB33CD000D0343F /* ADConflict.swift */ = {isa = PBXFileReference; lastKnownFileType = sourcecode.swift; path = ADConflict.swift; sourceTree = "<group>"; };
		B522401F1FB33CD000D0343F /* ADQuery.swift */ = {isa = PBXFileReference; lastKnownFileType = sourcecode.swift; path = ADQuery.swift; sourceTree = "<group>"; };
		B52240201FB33CD000D0343F /* ADOffer.swift */ = {isa = PBXFileReference; lastKnownFileType = sourcecode.swift; path = ADOffer.swift; sourceTree = "<group>"; };
		B52240211FB33CD000D0343F /* ADUser.swift */ = {isa = PBXFileReference; lastKnownFileType = sourcecode.swift; path = ADUser.swift; sourceTree = "<group>"; };
		B52240221FB33CD000D0343F /* ADError.swift */ = {isa = PBXFileReference; lastKnownFileType = sourcecode.swift; path = ADError.swift; sourceTree = "<group>"; };
		B52240231FB33CD000D0343F /* ADTrigger.swift */ = {isa = PBXFileReference; lastKnownFileType = sourcecode.swift; path = ADTrigger.swift; sourceTree = "<group>"; };
		B52240241FB33CD000D0343F /* ADDatabase.swift */ = {isa = PBXFileReference; lastKnownFileType = sourcecode.swift; path = ADDatabase.swift; sourceTree = "<group>"; };
		B52240251FB33CD000D0343F /* ADStoredProcedure.swift */ = {isa = PBXFileReference; lastKnownFileType = sourcecode.swift; path = ADStoredProcedure.swift; sourceTree = "<group>"; };
		B52240261FB33CD000D0343F /* ADDocument.swift */ = {isa = PBXFileReference; lastKnownFileType = sourcecode.swift; path = ADDocument.swift; sourceTree = "<group>"; };
		B52240271FB33CD000D0343F /* ADPermission.swift */ = {isa = PBXFileReference; lastKnownFileType = sourcecode.swift; path = ADPermission.swift; sourceTree = "<group>"; };
		B52240281FB33CD000D0343F /* ADResourceUri.swift */ = {isa = PBXFileReference; lastKnownFileType = sourcecode.swift; path = ADResourceUri.swift; sourceTree = "<group>"; };
		B52240291FB33CD000D0343F /* ADPartitionKeyDefinition.swift */ = {isa = PBXFileReference; lastKnownFileType = sourcecode.swift; path = ADPartitionKeyDefinition.swift; sourceTree = "<group>"; };
		B522402A1FB33CD000D0343F /* ADAttachment.swift */ = {isa = PBXFileReference; lastKnownFileType = sourcecode.swift; path = ADAttachment.swift; sourceTree = "<group>"; };
		B522402B1FB33CD000D0343F /* ADCollection.swift */ = {isa = PBXFileReference; lastKnownFileType = sourcecode.swift; path = ADCollection.swift; sourceTree = "<group>"; };
		B522402C1FB33CD000D0343F /* ADUserDefinedFunction.swift */ = {isa = PBXFileReference; lastKnownFileType = sourcecode.swift; path = ADUserDefinedFunction.swift; sourceTree = "<group>"; };
		B522402D1FB33CD000D0343F /* ADResource.swift */ = {isa = PBXFileReference; lastKnownFileType = sourcecode.swift; path = ADResource.swift; sourceTree = "<group>"; };
		B522402E1FB33CD000D0343F /* ADPartitionKeyRange.swift */ = {isa = PBXFileReference; lastKnownFileType = sourcecode.swift; path = ADPartitionKeyRange.swift; sourceTree = "<group>"; };
		B522402F1FB33CD000D0343F /* ADResourceList.swift */ = {isa = PBXFileReference; lastKnownFileType = sourcecode.swift; path = ADResourceList.swift; sourceTree = "<group>"; };
		B52240301FB33CD000D0343F /* ADDatabaseAccount.swift */ = {isa = PBXFileReference; lastKnownFileType = sourcecode.swift; path = ADDatabaseAccount.swift; sourceTree = "<group>"; };
		B52240311FB33CD000D0343F /* ADIndexingPolicy.swift */ = {isa = PBXFileReference; lastKnownFileType = sourcecode.swift; path = ADIndexingPolicy.swift; sourceTree = "<group>"; };
		B52240321FB33CD000D0343F /* ADResponse.swift */ = {isa = PBXFileReference; lastKnownFileType = sourcecode.swift; path = ADResponse.swift; sourceTree = "<group>"; };
		B52240331FB33CD000D0343F /* AzureData.h */ = {isa = PBXFileReference; lastKnownFileType = sourcecode.c.h; path = AzureData.h; sourceTree = "<group>"; };
		B52240341FB33CD000D0343F /* AzureData.swift */ = {isa = PBXFileReference; lastKnownFileType = sourcecode.swift; path = AzureData.swift; sourceTree = "<group>"; };
		B52240351FB33CD000D0343F /* SessionManager.swift */ = {isa = PBXFileReference; lastKnownFileType = sourcecode.swift; path = SessionManager.swift; sourceTree = "<group>"; };
		B52240361FB33CD000D0343F /* ADHttp.swift */ = {isa = PBXFileReference; lastKnownFileType = sourcecode.swift; path = ADHttp.swift; sourceTree = "<group>"; };
		B52240371FB33CD000D0343F /* Info.plist */ = {isa = PBXFileReference; lastKnownFileType = text.plist.xml; path = Info.plist; sourceTree = "<group>"; };
		B52240381FB33CD000D0343F /* UtilityExtensions.swift */ = {isa = PBXFileReference; lastKnownFileType = sourcecode.swift; path = UtilityExtensions.swift; sourceTree = "<group>"; };
		B522403A1FB33D1200D0343F /* ADUserDefinedFunctionTests.swift */ = {isa = PBXFileReference; lastKnownFileType = sourcecode.swift; path = ADUserDefinedFunctionTests.swift; sourceTree = "<group>"; };
		B522403B1FB33D1200D0343F /* ADStoredProcedureTests.swift */ = {isa = PBXFileReference; lastKnownFileType = sourcecode.swift; path = ADStoredProcedureTests.swift; sourceTree = "<group>"; };
		B522403C1FB33D1200D0343F /* ADUserPermissionExtensionsTests.swift */ = {isa = PBXFileReference; lastKnownFileType = sourcecode.swift; path = ADUserPermissionExtensionsTests.swift; sourceTree = "<group>"; };
		B522403D1FB33D1200D0343F /* ADQueryTests.swift */ = {isa = PBXFileReference; lastKnownFileType = sourcecode.swift; path = ADQueryTests.swift; sourceTree = "<group>"; };
		B522403E1FB33D1200D0343F /* ADDocumentTests.swift */ = {isa = PBXFileReference; lastKnownFileType = sourcecode.swift; path = ADDocumentTests.swift; sourceTree = "<group>"; };
		B522403F1FB33D1200D0343F /* ADCollectionUserDefinedFunctionExtensionsTests.swift */ = {isa = PBXFileReference; lastKnownFileType = sourcecode.swift; path = ADCollectionUserDefinedFunctionExtensionsTests.swift; sourceTree = "<group>"; };
		B52240401FB33D1200D0343F /* ADDatabaseCollectionExtensionsTests.swift */ = {isa = PBXFileReference; lastKnownFileType = sourcecode.swift; path = ADDatabaseCollectionExtensionsTests.swift; sourceTree = "<group>"; };
		B52240411FB33D1200D0343F /* ADTriggerTests.swift */ = {isa = PBXFileReference; lastKnownFileType = sourcecode.swift; path = ADTriggerTests.swift; sourceTree = "<group>"; };
		B52240421FB33D1200D0343F /* ADAttachmentTests.swift */ = {isa = PBXFileReference; lastKnownFileType = sourcecode.swift; path = ADAttachmentTests.swift; sourceTree = "<group>"; };
		B52240431FB33D1200D0343F /* ADPermissionTests.swift */ = {isa = PBXFileReference; lastKnownFileType = sourcecode.swift; path = ADPermissionTests.swift; sourceTree = "<group>"; };
		B52240441FB33D1200D0343F /* ADDatabaseUserExtensionsTests.swift */ = {isa = PBXFileReference; lastKnownFileType = sourcecode.swift; path = ADDatabaseUserExtensionsTests.swift; sourceTree = "<group>"; };
		B52240451FB33D1200D0343F /* ADCollectionTriggerExtensionsTests.swift */ = {isa = PBXFileReference; lastKnownFileType = sourcecode.swift; path = ADCollectionTriggerExtensionsTests.swift; sourceTree = "<group>"; };
		B52240461FB33D1200D0343F /* ADUserTests.swift */ = {isa = PBXFileReference; lastKnownFileType = sourcecode.swift; path = ADUserTests.swift; sourceTree = "<group>"; };
		B52240471FB33D1200D0343F /* ADCollectionStoredProcedureExtensionsTests.swift */ = {isa = PBXFileReference; lastKnownFileType = sourcecode.swift; path = ADCollectionStoredProcedureExtensionsTests.swift; sourceTree = "<group>"; };
		B52240481FB33D1200D0343F /* ADDatabaseTests.swift */ = {isa = PBXFileReference; lastKnownFileType = sourcecode.swift; path = ADDatabaseTests.swift; sourceTree = "<group>"; };
		B52240491FB33D1200D0343F /* ADCollectionDocumentExtensionsTests.swift */ = {isa = PBXFileReference; lastKnownFileType = sourcecode.swift; path = ADCollectionDocumentExtensionsTests.swift; sourceTree = "<group>"; };
		B522404A1FB33D1200D0343F /* AzureDataTests.swift */ = {isa = PBXFileReference; lastKnownFileType = sourcecode.swift; path = AzureDataTests.swift; sourceTree = "<group>"; };
		B522404B1FB33D1200D0343F /* ADCollectionTests.swift */ = {isa = PBXFileReference; lastKnownFileType = sourcecode.swift; path = ADCollectionTests.swift; sourceTree = "<group>"; };
		B522404C1FB33D1200D0343F /* ADOfferTests.swift */ = {isa = PBXFileReference; lastKnownFileType = sourcecode.swift; path = ADOfferTests.swift; sourceTree = "<group>"; };
		B522404D1FB33D1200D0343F /* ADDocumentAttachmentExtensionsTests.swift */ = {isa = PBXFileReference; lastKnownFileType = sourcecode.swift; path = ADDocumentAttachmentExtensionsTests.swift; sourceTree = "<group>"; };
		B522404E1FB33D1200D0343F /* Info.plist */ = {isa = PBXFileReference; lastKnownFileType = text.plist.xml; path = Info.plist; sourceTree = "<group>"; };
		B52241151FB342A300D0343F /* NetworkReachabilityManagerTests.swift */ = {isa = PBXFileReference; lastKnownFileType = sourcecode.swift; path = NetworkReachabilityManagerTests.swift; sourceTree = "<group>"; };
		B5F76C391F96A7AF001E8B11 /* AzureData.framework */ = {isa = PBXFileReference; explicitFileType = wrapper.framework; includeInIndex = 0; path = AzureData.framework; sourceTree = BUILT_PRODUCTS_DIR; };
		B5F76C421F96A7AF001E8B11 /* AzureData iOS Tests.xctest */ = {isa = PBXFileReference; explicitFileType = wrapper.cfbundle; includeInIndex = 0; path = "AzureData iOS Tests.xctest"; sourceTree = BUILT_PRODUCTS_DIR; };
/* End PBXFileReference section */

/* Begin PBXFrameworksBuildPhase section */
		B5223FB31FB33A9F00D0343F /* Frameworks */ = {
			isa = PBXFrameworksBuildPhase;
			buildActionMask = 2147483647;
			files = (
			);
			runOnlyForDeploymentPostprocessing = 0;
		};
		B5223FBC1FB33A9F00D0343F /* Frameworks */ = {
			isa = PBXFrameworksBuildPhase;
			buildActionMask = 2147483647;
			files = (
				B5223FC01FB33A9F00D0343F /* AzureData.framework in Frameworks */,
			);
			runOnlyForDeploymentPostprocessing = 0;
		};
		B5223FCF1FB33B0F00D0343F /* Frameworks */ = {
			isa = PBXFrameworksBuildPhase;
			buildActionMask = 2147483647;
			files = (
			);
			runOnlyForDeploymentPostprocessing = 0;
		};
		B5223FD81FB33B0F00D0343F /* Frameworks */ = {
			isa = PBXFrameworksBuildPhase;
			buildActionMask = 2147483647;
			files = (
				B5223FDC1FB33B0F00D0343F /* AzureData.framework in Frameworks */,
			);
			runOnlyForDeploymentPostprocessing = 0;
		};
		B5223FEB1FB33B2600D0343F /* Frameworks */ = {
			isa = PBXFrameworksBuildPhase;
			buildActionMask = 2147483647;
			files = (
			);
			runOnlyForDeploymentPostprocessing = 0;
		};
		B5F76C351F96A7AF001E8B11 /* Frameworks */ = {
			isa = PBXFrameworksBuildPhase;
			buildActionMask = 2147483647;
			files = (
			);
			runOnlyForDeploymentPostprocessing = 0;
		};
		B5F76C3F1F96A7AF001E8B11 /* Frameworks */ = {
			isa = PBXFrameworksBuildPhase;
			buildActionMask = 2147483647;
			files = (
				B5F76C431F96A7AF001E8B11 /* AzureData.framework in Frameworks */,
			);
			runOnlyForDeploymentPostprocessing = 0;
		};
/* End PBXFrameworksBuildPhase section */

/* Begin PBXGroup section */
		B52240181FB33CD000D0343F /* Source */ = {
			isa = PBXGroup;
			children = (
				B52240341FB33CD000D0343F /* AzureData.swift */,
				B55AEFE71FB34D3600F7BEED /* ADResources */,
				B55AEFE61FB34CF600F7BEED /* Domain */,
				B55AEFE51FB34C5400F7BEED /* Extensions */,
				B55AEFDF1FB34B7400F7BEED /* Supporting Files */,
			);
			path = Source;
			sourceTree = "<group>";
		};
		B52240391FB33D1200D0343F /* Tests */ = {
			isa = PBXGroup;
			children = (
				B522404A1FB33D1200D0343F /* AzureDataTests.swift */,
				B55AEFE81FB34D6500F7BEED /* Domain */,
				B55AEFE41FB34BCB00F7BEED /* Extensions */,
				B55AEFE21FB34BB400F7BEED /* ADResources */,
				B55AEFE01FB34B8C00F7BEED /* Supporting Files */,
			);
			path = Tests;
			sourceTree = "<group>";
		};
		B55AEFDF1FB34B7400F7BEED /* Supporting Files */ = {
			isa = PBXGroup;
			children = (
				B52240331FB33CD000D0343F /* AzureData.h */,
				B52240371FB33CD000D0343F /* Info.plist */,
			);
			name = "Supporting Files";
			sourceTree = "<group>";
		};
		B55AEFE01FB34B8C00F7BEED /* Supporting Files */ = {
			isa = PBXGroup;
			children = (
				B522404E1FB33D1200D0343F /* Info.plist */,
			);
			name = "Supporting Files";
			sourceTree = "<group>";
		};
		B55AEFE21FB34BB400F7BEED /* ADResources */ = {
			isa = PBXGroup;
			children = (
				B522403A1FB33D1200D0343F /* ADUserDefinedFunctionTests.swift */,
				B522403B1FB33D1200D0343F /* ADStoredProcedureTests.swift */,
				B522403E1FB33D1200D0343F /* ADDocumentTests.swift */,
				B52240411FB33D1200D0343F /* ADTriggerTests.swift */,
				B52240421FB33D1200D0343F /* ADAttachmentTests.swift */,
				B52240431FB33D1200D0343F /* ADPermissionTests.swift */,
				B52240461FB33D1200D0343F /* ADUserTests.swift */,
				B52240481FB33D1200D0343F /* ADDatabaseTests.swift */,
				B522404B1FB33D1200D0343F /* ADCollectionTests.swift */,
				B522404C1FB33D1200D0343F /* ADOfferTests.swift */,
			);
			name = ADResources;
			sourceTree = "<group>";
		};
		B55AEFE41FB34BCB00F7BEED /* Extensions */ = {
			isa = PBXGroup;
			children = (
				B522403C1FB33D1200D0343F /* ADUserPermissionExtensionsTests.swift */,
				B522403F1FB33D1200D0343F /* ADCollectionUserDefinedFunctionExtensionsTests.swift */,
				B52240401FB33D1200D0343F /* ADDatabaseCollectionExtensionsTests.swift */,
				B52240441FB33D1200D0343F /* ADDatabaseUserExtensionsTests.swift */,
				B52240451FB33D1200D0343F /* ADCollectionTriggerExtensionsTests.swift */,
				B52240471FB33D1200D0343F /* ADCollectionStoredProcedureExtensionsTests.swift */,
				B52240491FB33D1200D0343F /* ADCollectionDocumentExtensionsTests.swift */,
				B522404D1FB33D1200D0343F /* ADDocumentAttachmentExtensionsTests.swift */,
			);
			name = Extensions;
			sourceTree = "<group>";
		};
		B55AEFE51FB34C5400F7BEED /* Extensions */ = {
			isa = PBXGroup;
			children = (
				B522401B1FB33CD000D0343F /* AzureDataExtensions.swift */,
				B52240381FB33CD000D0343F /* UtilityExtensions.swift */,
			);
			name = Extensions;
			sourceTree = "<group>";
		};
		B55AEFE61FB34CF600F7BEED /* Domain */ = {
			isa = PBXGroup;
			children = (
				B52240361FB33CD000D0343F /* ADHttp.swift */,
				B522401D1FB33CD000D0343F /* ADResourceType.swift */,
				B52240281FB33CD000D0343F /* ADResourceUri.swift */,
				B52240321FB33CD000D0343F /* ADResponse.swift */,
				B522401A1FB33CD000D0343F /* ADTokenProvider.swift */,
				B52240191FB33CD000D0343F /* NetworkReachabilityManager.swift */,
				B52240351FB33CD000D0343F /* SessionManager.swift */,
			);
			name = Domain;
			sourceTree = "<group>";
		};
		B55AEFE71FB34D3600F7BEED /* ADResources */ = {
			isa = PBXGroup;
			children = (
				B522401E1FB33CD000D0343F /* ADConflict.swift */,
				B522401F1FB33CD000D0343F /* ADQuery.swift */,
				B52240201FB33CD000D0343F /* ADOffer.swift */,
				B52240211FB33CD000D0343F /* ADUser.swift */,
				B52240221FB33CD000D0343F /* ADError.swift */,
				B52240231FB33CD000D0343F /* ADTrigger.swift */,
				B52240241FB33CD000D0343F /* ADDatabase.swift */,
				B52240251FB33CD000D0343F /* ADStoredProcedure.swift */,
				B52240261FB33CD000D0343F /* ADDocument.swift */,
				B52240271FB33CD000D0343F /* ADPermission.swift */,
				B52240291FB33CD000D0343F /* ADPartitionKeyDefinition.swift */,
				B522402A1FB33CD000D0343F /* ADAttachment.swift */,
				B522402B1FB33CD000D0343F /* ADCollection.swift */,
				B522402C1FB33CD000D0343F /* ADUserDefinedFunction.swift */,
				B522402D1FB33CD000D0343F /* ADResource.swift */,
				B522402E1FB33CD000D0343F /* ADPartitionKeyRange.swift */,
				B522402F1FB33CD000D0343F /* ADResourceList.swift */,
				B52240301FB33CD000D0343F /* ADDatabaseAccount.swift */,
				B52240311FB33CD000D0343F /* ADIndexingPolicy.swift */,
			);
			name = ADResources;
			sourceTree = "<group>";
		};
		B55AEFE81FB34D6500F7BEED /* Domain */ = {
			isa = PBXGroup;
			children = (
				B522403D1FB33D1200D0343F /* ADQueryTests.swift */,
				B52241151FB342A300D0343F /* NetworkReachabilityManagerTests.swift */,
			);
			name = Domain;
			sourceTree = "<group>";
		};
		B5F76C2F1F96A7AF001E8B11 = {
			isa = PBXGroup;
			children = (
				B52240391FB33D1200D0343F /* Tests */,
				B52240181FB33CD000D0343F /* Source */,
				B5F76C3A1F96A7AF001E8B11 /* Products */,
				B5F76C941F96ACCC001E8B11 /* Frameworks */,
			);
			sourceTree = "<group>";
		};
		B5F76C3A1F96A7AF001E8B11 /* Products */ = {
			isa = PBXGroup;
			children = (
				B5F76C391F96A7AF001E8B11 /* AzureData.framework */,
				B5F76C421F96A7AF001E8B11 /* AzureData iOS Tests.xctest */,
				B5223FB71FB33A9F00D0343F /* AzureData.framework */,
				B5223FBF1FB33A9F00D0343F /* AzureData macOS Tests.xctest */,
				B5223FD31FB33B0F00D0343F /* AzureData.framework */,
				B5223FDB1FB33B0F00D0343F /* AzureData tvOS Tests.xctest */,
				B5223FEF1FB33B2600D0343F /* AzureData.framework */,
			);
			name = Products;
			sourceTree = "<group>";
		};
		B5F76C941F96ACCC001E8B11 /* Frameworks */ = {
			isa = PBXGroup;
			children = (
			);
			name = Frameworks;
			sourceTree = "<group>";
		};
/* End PBXGroup section */

/* Begin PBXHeadersBuildPhase section */
		B5223FB41FB33A9F00D0343F /* Headers */ = {
			isa = PBXHeadersBuildPhase;
			buildActionMask = 2147483647;
			files = (
				B52240511FB33DAB00D0343F /* AzureData.h in Headers */,
			);
			runOnlyForDeploymentPostprocessing = 0;
		};
		B5223FD01FB33B0F00D0343F /* Headers */ = {
			isa = PBXHeadersBuildPhase;
			buildActionMask = 2147483647;
			files = (
				B52240501FB33DA900D0343F /* AzureData.h in Headers */,
			);
			runOnlyForDeploymentPostprocessing = 0;
		};
		B5223FEC1FB33B2600D0343F /* Headers */ = {
			isa = PBXHeadersBuildPhase;
			buildActionMask = 2147483647;
			files = (
				B52240F71FB3409D00D0343F /* AzureData.h in Headers */,
			);
			runOnlyForDeploymentPostprocessing = 0;
		};
		B5F76C361F96A7AF001E8B11 /* Headers */ = {
			isa = PBXHeadersBuildPhase;
			buildActionMask = 2147483647;
			files = (
				B52240521FB33DAD00D0343F /* AzureData.h in Headers */,
			);
			runOnlyForDeploymentPostprocessing = 0;
		};
/* End PBXHeadersBuildPhase section */

/* Begin PBXNativeTarget section */
		B5223FB61FB33A9F00D0343F /* AzureData macOS */ = {
			isa = PBXNativeTarget;
			buildConfigurationList = B5223FCC1FB33A9F00D0343F /* Build configuration list for PBXNativeTarget "AzureData macOS" */;
			buildPhases = (
				B5223FB21FB33A9F00D0343F /* Sources */,
				B5223FB31FB33A9F00D0343F /* Frameworks */,
				B5223FB41FB33A9F00D0343F /* Headers */,
				B5223FB51FB33A9F00D0343F /* Resources */,
			);
			buildRules = (
			);
			dependencies = (
				B52241101FB3411100D0343F /* PBXTargetDependency */,
			);
			name = "AzureData macOS";
			productName = "AzureData macOS";
			productReference = B5223FB71FB33A9F00D0343F /* AzureData.framework */;
			productType = "com.apple.product-type.framework";
		};
		B5223FBE1FB33A9F00D0343F /* AzureData macOS Tests */ = {
			isa = PBXNativeTarget;
			buildConfigurationList = B5223FCD1FB33A9F00D0343F /* Build configuration list for PBXNativeTarget "AzureData macOS Tests" */;
			buildPhases = (
				B5223FBB1FB33A9F00D0343F /* Sources */,
				B5223FBC1FB33A9F00D0343F /* Frameworks */,
				B5223FBD1FB33A9F00D0343F /* Resources */,
			);
			buildRules = (
			);
			dependencies = (
				B5223FC21FB33A9F00D0343F /* PBXTargetDependency */,
			);
			name = "AzureData macOS Tests";
			productName = "AzureData macOSTests";
			productReference = B5223FBF1FB33A9F00D0343F /* AzureData macOS Tests.xctest */;
			productType = "com.apple.product-type.bundle.unit-test";
		};
		B5223FD21FB33B0F00D0343F /* AzureData tvOS */ = {
			isa = PBXNativeTarget;
			buildConfigurationList = B5223FE41FB33B0F00D0343F /* Build configuration list for PBXNativeTarget "AzureData tvOS" */;
			buildPhases = (
				B5223FCE1FB33B0F00D0343F /* Sources */,
				B5223FCF1FB33B0F00D0343F /* Frameworks */,
				B5223FD01FB33B0F00D0343F /* Headers */,
				B5223FD11FB33B0F00D0343F /* Resources */,
			);
			buildRules = (
			);
			dependencies = (
				B52241121FB3411900D0343F /* PBXTargetDependency */,
			);
			name = "AzureData tvOS";
			productName = "AzureData tvOS";
			productReference = B5223FD31FB33B0F00D0343F /* AzureData.framework */;
			productType = "com.apple.product-type.framework";
		};
		B5223FDA1FB33B0F00D0343F /* AzureData tvOS Tests */ = {
			isa = PBXNativeTarget;
			buildConfigurationList = B5223FE71FB33B0F00D0343F /* Build configuration list for PBXNativeTarget "AzureData tvOS Tests" */;
			buildPhases = (
				B5223FD71FB33B0F00D0343F /* Sources */,
				B5223FD81FB33B0F00D0343F /* Frameworks */,
				B5223FD91FB33B0F00D0343F /* Resources */,
			);
			buildRules = (
			);
			dependencies = (
				B5223FDE1FB33B0F00D0343F /* PBXTargetDependency */,
			);
			name = "AzureData tvOS Tests";
			productName = "AzureData tvOSTests";
			productReference = B5223FDB1FB33B0F00D0343F /* AzureData tvOS Tests.xctest */;
			productType = "com.apple.product-type.bundle.unit-test";
		};
		B5223FEE1FB33B2600D0343F /* AzureData watchOS */ = {
			isa = PBXNativeTarget;
			buildConfigurationList = B5223FF41FB33B2600D0343F /* Build configuration list for PBXNativeTarget "AzureData watchOS" */;
			buildPhases = (
				B5223FEA1FB33B2600D0343F /* Sources */,
				B5223FEB1FB33B2600D0343F /* Frameworks */,
				B5223FEC1FB33B2600D0343F /* Headers */,
				B5223FED1FB33B2600D0343F /* Resources */,
			);
			buildRules = (
			);
			dependencies = (
				B52241141FB3412100D0343F /* PBXTargetDependency */,
			);
			name = "AzureData watchOS";
			productName = "AzureData watchOS";
			productReference = B5223FEF1FB33B2600D0343F /* AzureData.framework */;
			productType = "com.apple.product-type.framework";
		};
		B5F76C381F96A7AF001E8B11 /* AzureData iOS */ = {
			isa = PBXNativeTarget;
			buildConfigurationList = B5F76C4D1F96A7AF001E8B11 /* Build configuration list for PBXNativeTarget "AzureData iOS" */;
			buildPhases = (
				B5F76C341F96A7AF001E8B11 /* Sources */,
				B5F76C351F96A7AF001E8B11 /* Frameworks */,
				B5F76C361F96A7AF001E8B11 /* Headers */,
				B5F76C371F96A7AF001E8B11 /* Resources */,
			);
			buildRules = (
			);
			dependencies = (
				B5F76C5D1F96A8E5001E8B11 /* PBXTargetDependency */,
			);
			name = "AzureData iOS";
			productName = AzureData;
			productReference = B5F76C391F96A7AF001E8B11 /* AzureData.framework */;
			productType = "com.apple.product-type.framework";
		};
		B5F76C411F96A7AF001E8B11 /* AzureData iOS Tests */ = {
			isa = PBXNativeTarget;
			buildConfigurationList = B5F76C501F96A7AF001E8B11 /* Build configuration list for PBXNativeTarget "AzureData iOS Tests" */;
			buildPhases = (
				B5F76C3E1F96A7AF001E8B11 /* Sources */,
				B5F76C3F1F96A7AF001E8B11 /* Frameworks */,
				B5F76C401F96A7AF001E8B11 /* Resources */,
			);
			buildRules = (
			);
			dependencies = (
				B5F76C451F96A7AF001E8B11 /* PBXTargetDependency */,
			);
			name = "AzureData iOS Tests";
			productName = AzureDataTests;
			productReference = B5F76C421F96A7AF001E8B11 /* AzureData iOS Tests.xctest */;
			productType = "com.apple.product-type.bundle.unit-test";
		};
/* End PBXNativeTarget section */

/* Begin PBXProject section */
		B5F76C301F96A7AF001E8B11 /* Project object */ = {
			isa = PBXProject;
			attributes = {
				LastSwiftUpdateCheck = 0900;
				LastUpgradeCheck = 0900;
				ORGANIZATIONNAME = "Colby Williams";
				TargetAttributes = {
					B5223FB61FB33A9F00D0343F = {
						CreatedOnToolsVersion = 9.0;
						ProvisioningStyle = Manual;
					};
					B5223FBE1FB33A9F00D0343F = {
						CreatedOnToolsVersion = 9.0;
						ProvisioningStyle = Automatic;
					};
					B5223FD21FB33B0F00D0343F = {
						CreatedOnToolsVersion = 9.0;
						ProvisioningStyle = Automatic;
					};
					B5223FDA1FB33B0F00D0343F = {
						CreatedOnToolsVersion = 9.0;
						ProvisioningStyle = Automatic;
					};
					B5223FEE1FB33B2600D0343F = {
						CreatedOnToolsVersion = 9.0;
						ProvisioningStyle = Automatic;
					};
					B5F76C381F96A7AF001E8B11 = {
						CreatedOnToolsVersion = 9.0;
						LastSwiftMigration = 0900;
						ProvisioningStyle = Automatic;
					};
					B5F76C411F96A7AF001E8B11 = {
						CreatedOnToolsVersion = 9.0;
						ProvisioningStyle = Automatic;
					};
					B5F76C571F96A848001E8B11 = {
						CreatedOnToolsVersion = 9.0;
						ProvisioningStyle = Automatic;
					};
				};
			};
			buildConfigurationList = B5F76C331F96A7AF001E8B11 /* Build configuration list for PBXProject "AzureData" */;
			compatibilityVersion = "Xcode 8.0";
			developmentRegion = en;
			hasScannedForEncodings = 0;
			knownRegions = (
				en,
				Base,
			);
			mainGroup = B5F76C2F1F96A7AF001E8B11;
			productRefGroup = B5F76C3A1F96A7AF001E8B11 /* Products */;
			projectDirPath = "";
			projectRoot = "";
			targets = (
				B5F76C381F96A7AF001E8B11 /* AzureData iOS */,
				B5F76C411F96A7AF001E8B11 /* AzureData iOS Tests */,
				B5F76C571F96A848001E8B11 /* CommonCryptoModuleMap */,
				B5223FB61FB33A9F00D0343F /* AzureData macOS */,
				B5223FBE1FB33A9F00D0343F /* AzureData macOS Tests */,
				B5223FD21FB33B0F00D0343F /* AzureData tvOS */,
				B5223FDA1FB33B0F00D0343F /* AzureData tvOS Tests */,
				B5223FEE1FB33B2600D0343F /* AzureData watchOS */,
			);
		};
/* End PBXProject section */

/* Begin PBXResourcesBuildPhase section */
		B5223FB51FB33A9F00D0343F /* Resources */ = {
			isa = PBXResourcesBuildPhase;
			buildActionMask = 2147483647;
			files = (
				B522410C1FB340B600D0343F /* Info.plist in Resources */,
			);
			runOnlyForDeploymentPostprocessing = 0;
		};
		B5223FBD1FB33A9F00D0343F /* Resources */ = {
			isa = PBXResourcesBuildPhase;
			buildActionMask = 2147483647;
			files = (
			);
			runOnlyForDeploymentPostprocessing = 0;
		};
		B5223FD11FB33B0F00D0343F /* Resources */ = {
			isa = PBXResourcesBuildPhase;
			buildActionMask = 2147483647;
			files = (
				B522410D1FB340B600D0343F /* Info.plist in Resources */,
			);
			runOnlyForDeploymentPostprocessing = 0;
		};
		B5223FD91FB33B0F00D0343F /* Resources */ = {
			isa = PBXResourcesBuildPhase;
			buildActionMask = 2147483647;
			files = (
			);
			runOnlyForDeploymentPostprocessing = 0;
		};
		B5223FED1FB33B2600D0343F /* Resources */ = {
			isa = PBXResourcesBuildPhase;
			buildActionMask = 2147483647;
			files = (
				B522410E1FB340B700D0343F /* Info.plist in Resources */,
			);
			runOnlyForDeploymentPostprocessing = 0;
		};
		B5F76C371F96A7AF001E8B11 /* Resources */ = {
			isa = PBXResourcesBuildPhase;
			buildActionMask = 2147483647;
			files = (
				B522410B1FB340AF00D0343F /* Info.plist in Resources */,
			);
			runOnlyForDeploymentPostprocessing = 0;
		};
		B5F76C401F96A7AF001E8B11 /* Resources */ = {
			isa = PBXResourcesBuildPhase;
			buildActionMask = 2147483647;
			files = (
			);
			runOnlyForDeploymentPostprocessing = 0;
		};
/* End PBXResourcesBuildPhase section */

/* Begin PBXShellScriptBuildPhase section */
		B5F76C5B1F96A884001E8B11 /* ShellScript */ = {
			isa = PBXShellScriptBuildPhase;
			buildActionMask = 2147483647;
			files = (
			);
			inputPaths = (
			);
			outputPaths = (
			);
			runOnlyForDeploymentPostprocessing = 0;
			shellPath = /bin/sh;
			shellScript = "mkdir -p \"${BUILT_PRODUCTS_DIR}/CommonCryptoModuleMap\"\ncat <<EOF > \"${BUILT_PRODUCTS_DIR}/CommonCryptoModuleMap/module.modulemap\"\nmodule CommonCrypto [system] {\n    header \"${SDKROOT}/usr/include/CommonCrypto/CommonCrypto.h\"\n    export *\n}\nEOF";
		};
/* End PBXShellScriptBuildPhase section */

/* Begin PBXSourcesBuildPhase section */
		B5223FB21FB33A9F00D0343F /* Sources */ = {
			isa = PBXSourcesBuildPhase;
			buildActionMask = 2147483647;
			files = (
				B52241041FB3409F00D0343F /* ADHttp.swift in Sources */,
				B52240941FB3407C00D0343F /* NetworkReachabilityManager.swift in Sources */,
				B52240B71FB3409000D0343F /* ADError.swift in Sources */,
				B52240B31FB3409000D0343F /* ADConflict.swift in Sources */,
				B52240951FB3407C00D0343F /* ADTokenProvider.swift in Sources */,
				B52240B61FB3409000D0343F /* ADUser.swift in Sources */,
				B52241021FB3409F00D0343F /* AzureData.swift in Sources */,
				B52240BB1FB3409000D0343F /* ADDocument.swift in Sources */,
				B52240B21FB3409000D0343F /* ADResourceType.swift in Sources */,
				B52241011FB3409F00D0343F /* ADResponse.swift in Sources */,
				B52240C31FB3409000D0343F /* ADPartitionKeyRange.swift in Sources */,
				B52240C41FB3409000D0343F /* ADResourceList.swift in Sources */,
				B52241031FB3409F00D0343F /* SessionManager.swift in Sources */,
				B52240B51FB3409000D0343F /* ADOffer.swift in Sources */,
				B52240C21FB3409000D0343F /* ADResource.swift in Sources */,
				B52240C51FB3409000D0343F /* ADDatabaseAccount.swift in Sources */,
				B52240C61FB3409000D0343F /* ADIndexingPolicy.swift in Sources */,
				B52240C01FB3409000D0343F /* ADCollection.swift in Sources */,
				B52241051FB3409F00D0343F /* UtilityExtensions.swift in Sources */,
				B52240B81FB3409000D0343F /* ADTrigger.swift in Sources */,
				B52240961FB3407C00D0343F /* AzureDataExtensions.swift in Sources */,
				B52240BE1FB3409000D0343F /* ADPartitionKeyDefinition.swift in Sources */,
				B52240BA1FB3409000D0343F /* ADStoredProcedure.swift in Sources */,
				B52240B41FB3409000D0343F /* ADQuery.swift in Sources */,
				B52240C11FB3409000D0343F /* ADUserDefinedFunction.swift in Sources */,
				B52240BD1FB3409000D0343F /* ADResourceUri.swift in Sources */,
				B52240BF1FB3409000D0343F /* ADAttachment.swift in Sources */,
				B52240B91FB3409000D0343F /* ADDatabase.swift in Sources */,
				B52240BC1FB3409000D0343F /* ADPermission.swift in Sources */,
			);
			runOnlyForDeploymentPostprocessing = 0;
		};
		B5223FBB1FB33A9F00D0343F /* Sources */ = {
			isa = PBXSourcesBuildPhase;
			buildActionMask = 2147483647;
			files = (
				B52241171FB342A300D0343F /* NetworkReachabilityManagerTests.swift in Sources */,
				B52240691FB33DF800D0343F /* ADUserPermissionExtensionsTests.swift in Sources */,
				B52240751FB33DF800D0343F /* ADDatabaseTests.swift in Sources */,
				B52240671FB33DF800D0343F /* ADUserDefinedFunctionTests.swift in Sources */,
				B522406B1FB33DF800D0343F /* ADDocumentTests.swift in Sources */,
				B52240741FB33DF800D0343F /* ADCollectionStoredProcedureExtensionsTests.swift in Sources */,
				B52240721FB33DF800D0343F /* ADCollectionTriggerExtensionsTests.swift in Sources */,
				B52240731FB33DF800D0343F /* ADUserTests.swift in Sources */,
				B52240761FB33DF800D0343F /* ADCollectionDocumentExtensionsTests.swift in Sources */,
				B522406F1FB33DF800D0343F /* ADAttachmentTests.swift in Sources */,
				B522406E1FB33DF800D0343F /* ADTriggerTests.swift in Sources */,
				B52240701FB33DF800D0343F /* ADPermissionTests.swift in Sources */,
				B52240681FB33DF800D0343F /* ADStoredProcedureTests.swift in Sources */,
				B52240771FB33DF800D0343F /* AzureDataTests.swift in Sources */,
				B522406A1FB33DF800D0343F /* ADQueryTests.swift in Sources */,
				B52240781FB33DF800D0343F /* ADCollectionTests.swift in Sources */,
				B52240791FB33DF800D0343F /* ADOfferTests.swift in Sources */,
				B522407A1FB33DF800D0343F /* ADDocumentAttachmentExtensionsTests.swift in Sources */,
				B522406C1FB33DF800D0343F /* ADCollectionUserDefinedFunctionExtensionsTests.swift in Sources */,
				B522406D1FB33DF800D0343F /* ADDatabaseCollectionExtensionsTests.swift in Sources */,
				B52240711FB33DF800D0343F /* ADDatabaseUserExtensionsTests.swift in Sources */,
			);
			runOnlyForDeploymentPostprocessing = 0;
		};
		B5223FCE1FB33B0F00D0343F /* Sources */ = {
			isa = PBXSourcesBuildPhase;
			buildActionMask = 2147483647;
			files = (
				B52240FF1FB3409E00D0343F /* ADHttp.swift in Sources */,
				B52240971FB3407D00D0343F /* NetworkReachabilityManager.swift in Sources */,
				B52240CC1FB3409100D0343F /* ADError.swift in Sources */,
				B52240C81FB3409100D0343F /* ADConflict.swift in Sources */,
				B52240981FB3407D00D0343F /* ADTokenProvider.swift in Sources */,
				B52240CB1FB3409100D0343F /* ADUser.swift in Sources */,
				B52240FD1FB3409E00D0343F /* AzureData.swift in Sources */,
				B52240D01FB3409100D0343F /* ADDocument.swift in Sources */,
				B52240C71FB3409100D0343F /* ADResourceType.swift in Sources */,
				B52240FC1FB3409E00D0343F /* ADResponse.swift in Sources */,
				B52240D81FB3409100D0343F /* ADPartitionKeyRange.swift in Sources */,
				B52240D91FB3409100D0343F /* ADResourceList.swift in Sources */,
				B52240FE1FB3409E00D0343F /* SessionManager.swift in Sources */,
				B52240CA1FB3409100D0343F /* ADOffer.swift in Sources */,
				B52240D71FB3409100D0343F /* ADResource.swift in Sources */,
				B52240DA1FB3409100D0343F /* ADDatabaseAccount.swift in Sources */,
				B52240DB1FB3409100D0343F /* ADIndexingPolicy.swift in Sources */,
				B52240D51FB3409100D0343F /* ADCollection.swift in Sources */,
				B52241001FB3409E00D0343F /* UtilityExtensions.swift in Sources */,
				B52240CD1FB3409100D0343F /* ADTrigger.swift in Sources */,
				B52240991FB3407D00D0343F /* AzureDataExtensions.swift in Sources */,
				B52240D31FB3409100D0343F /* ADPartitionKeyDefinition.swift in Sources */,
				B52240CF1FB3409100D0343F /* ADStoredProcedure.swift in Sources */,
				B52240C91FB3409100D0343F /* ADQuery.swift in Sources */,
				B52240D61FB3409100D0343F /* ADUserDefinedFunction.swift in Sources */,
				B52240D21FB3409100D0343F /* ADResourceUri.swift in Sources */,
				B52240D41FB3409100D0343F /* ADAttachment.swift in Sources */,
				B52240CE1FB3409100D0343F /* ADDatabase.swift in Sources */,
				B52240D11FB3409100D0343F /* ADPermission.swift in Sources */,
			);
			runOnlyForDeploymentPostprocessing = 0;
		};
		B5223FD71FB33B0F00D0343F /* Sources */ = {
			isa = PBXSourcesBuildPhase;
			buildActionMask = 2147483647;
			files = (
				B52241181FB342A300D0343F /* NetworkReachabilityManagerTests.swift in Sources */,
				B522407D1FB33DFA00D0343F /* ADUserPermissionExtensionsTests.swift in Sources */,
				B52240891FB33DFA00D0343F /* ADDatabaseTests.swift in Sources */,
				B522407B1FB33DFA00D0343F /* ADUserDefinedFunctionTests.swift in Sources */,
				B522407F1FB33DFA00D0343F /* ADDocumentTests.swift in Sources */,
				B52240881FB33DFA00D0343F /* ADCollectionStoredProcedureExtensionsTests.swift in Sources */,
				B52240861FB33DFA00D0343F /* ADCollectionTriggerExtensionsTests.swift in Sources */,
				B52240871FB33DFA00D0343F /* ADUserTests.swift in Sources */,
				B522408A1FB33DFA00D0343F /* ADCollectionDocumentExtensionsTests.swift in Sources */,
				B52240831FB33DFA00D0343F /* ADAttachmentTests.swift in Sources */,
				B52240821FB33DFA00D0343F /* ADTriggerTests.swift in Sources */,
				B52240841FB33DFA00D0343F /* ADPermissionTests.swift in Sources */,
				B522407C1FB33DFA00D0343F /* ADStoredProcedureTests.swift in Sources */,
				B522408B1FB33DFA00D0343F /* AzureDataTests.swift in Sources */,
				B522407E1FB33DFA00D0343F /* ADQueryTests.swift in Sources */,
				B522408C1FB33DFA00D0343F /* ADCollectionTests.swift in Sources */,
				B522408D1FB33DFA00D0343F /* ADOfferTests.swift in Sources */,
				B522408E1FB33DFA00D0343F /* ADDocumentAttachmentExtensionsTests.swift in Sources */,
				B52240801FB33DFA00D0343F /* ADCollectionUserDefinedFunctionExtensionsTests.swift in Sources */,
				B52240811FB33DFA00D0343F /* ADDatabaseCollectionExtensionsTests.swift in Sources */,
				B52240851FB33DFA00D0343F /* ADDatabaseUserExtensionsTests.swift in Sources */,
			);
			runOnlyForDeploymentPostprocessing = 0;
		};
		B5223FEA1FB33B2600D0343F /* Sources */ = {
			isa = PBXSourcesBuildPhase;
			buildActionMask = 2147483647;
			files = (
				B52240FA1FB3409D00D0343F /* ADHttp.swift in Sources */,
				B522409A1FB3407E00D0343F /* NetworkReachabilityManager.swift in Sources */,
				B52240E11FB3409200D0343F /* ADError.swift in Sources */,
				B52240DD1FB3409200D0343F /* ADConflict.swift in Sources */,
				B522409B1FB3407E00D0343F /* ADTokenProvider.swift in Sources */,
				B52240E01FB3409200D0343F /* ADUser.swift in Sources */,
				B52240F81FB3409D00D0343F /* AzureData.swift in Sources */,
				B52240E51FB3409200D0343F /* ADDocument.swift in Sources */,
				B52240DC1FB3409200D0343F /* ADResourceType.swift in Sources */,
				B52240F61FB3409D00D0343F /* ADResponse.swift in Sources */,
				B52240ED1FB3409200D0343F /* ADPartitionKeyRange.swift in Sources */,
				B52240EE1FB3409200D0343F /* ADResourceList.swift in Sources */,
				B52240F91FB3409D00D0343F /* SessionManager.swift in Sources */,
				B52240DF1FB3409200D0343F /* ADOffer.swift in Sources */,
				B52240EC1FB3409200D0343F /* ADResource.swift in Sources */,
				B52240EF1FB3409200D0343F /* ADDatabaseAccount.swift in Sources */,
				B52240F01FB3409200D0343F /* ADIndexingPolicy.swift in Sources */,
				B52240EA1FB3409200D0343F /* ADCollection.swift in Sources */,
				B52240FB1FB3409D00D0343F /* UtilityExtensions.swift in Sources */,
				B52240E21FB3409200D0343F /* ADTrigger.swift in Sources */,
				B522409C1FB3407E00D0343F /* AzureDataExtensions.swift in Sources */,
				B52240E81FB3409200D0343F /* ADPartitionKeyDefinition.swift in Sources */,
				B52240E41FB3409200D0343F /* ADStoredProcedure.swift in Sources */,
				B52240DE1FB3409200D0343F /* ADQuery.swift in Sources */,
				B52240EB1FB3409200D0343F /* ADUserDefinedFunction.swift in Sources */,
				B52240E71FB3409200D0343F /* ADResourceUri.swift in Sources */,
				B52240E91FB3409200D0343F /* ADAttachment.swift in Sources */,
				B52240E31FB3409200D0343F /* ADDatabase.swift in Sources */,
				B52240E61FB3409200D0343F /* ADPermission.swift in Sources */,
			);
			runOnlyForDeploymentPostprocessing = 0;
		};
		B5F76C341F96A7AF001E8B11 /* Sources */ = {
			isa = PBXSourcesBuildPhase;
			buildActionMask = 2147483647;
			files = (
				B52241091FB3409F00D0343F /* ADHttp.swift in Sources */,
				B52240911FB3407900D0343F /* NetworkReachabilityManager.swift in Sources */,
				B52240A21FB3408E00D0343F /* ADError.swift in Sources */,
				B522409E1FB3408E00D0343F /* ADConflict.swift in Sources */,
				B52240921FB3407900D0343F /* ADTokenProvider.swift in Sources */,
				B52240A11FB3408E00D0343F /* ADUser.swift in Sources */,
				B52241071FB3409F00D0343F /* AzureData.swift in Sources */,
				B52240A61FB3408E00D0343F /* ADDocument.swift in Sources */,
				B522409D1FB3408E00D0343F /* ADResourceType.swift in Sources */,
				B52241061FB3409F00D0343F /* ADResponse.swift in Sources */,
				B52240AE1FB3408E00D0343F /* ADPartitionKeyRange.swift in Sources */,
				B52240AF1FB3408E00D0343F /* ADResourceList.swift in Sources */,
				B52241081FB3409F00D0343F /* SessionManager.swift in Sources */,
				B52240A01FB3408E00D0343F /* ADOffer.swift in Sources */,
				B52240AD1FB3408E00D0343F /* ADResource.swift in Sources */,
				B52240B01FB3408E00D0343F /* ADDatabaseAccount.swift in Sources */,
				B52240B11FB3408E00D0343F /* ADIndexingPolicy.swift in Sources */,
				B52240AB1FB3408E00D0343F /* ADCollection.swift in Sources */,
				B522410A1FB3409F00D0343F /* UtilityExtensions.swift in Sources */,
				B52240A31FB3408E00D0343F /* ADTrigger.swift in Sources */,
				B52240931FB3407900D0343F /* AzureDataExtensions.swift in Sources */,
				B52240A91FB3408E00D0343F /* ADPartitionKeyDefinition.swift in Sources */,
				B52240A51FB3408E00D0343F /* ADStoredProcedure.swift in Sources */,
				B522409F1FB3408E00D0343F /* ADQuery.swift in Sources */,
				B52240AC1FB3408E00D0343F /* ADUserDefinedFunction.swift in Sources */,
				B52240A81FB3408E00D0343F /* ADResourceUri.swift in Sources */,
				B52240AA1FB3408E00D0343F /* ADAttachment.swift in Sources */,
				B52240A41FB3408E00D0343F /* ADDatabase.swift in Sources */,
				B52240A71FB3408E00D0343F /* ADPermission.swift in Sources */,
			);
			runOnlyForDeploymentPostprocessing = 0;
		};
		B5F76C3E1F96A7AF001E8B11 /* Sources */ = {
			isa = PBXSourcesBuildPhase;
			buildActionMask = 2147483647;
			files = (
				B52241161FB342A300D0343F /* NetworkReachabilityManagerTests.swift in Sources */,
				B52240551FB33DF100D0343F /* ADUserPermissionExtensionsTests.swift in Sources */,
				B52240611FB33DF100D0343F /* ADDatabaseTests.swift in Sources */,
				B52240531FB33DF100D0343F /* ADUserDefinedFunctionTests.swift in Sources */,
				B52240571FB33DF100D0343F /* ADDocumentTests.swift in Sources */,
				B52240601FB33DF100D0343F /* ADCollectionStoredProcedureExtensionsTests.swift in Sources */,
				B522405E1FB33DF100D0343F /* ADCollectionTriggerExtensionsTests.swift in Sources */,
				B522405F1FB33DF100D0343F /* ADUserTests.swift in Sources */,
				B52240621FB33DF100D0343F /* ADCollectionDocumentExtensionsTests.swift in Sources */,
				B522405B1FB33DF100D0343F /* ADAttachmentTests.swift in Sources */,
				B522405A1FB33DF100D0343F /* ADTriggerTests.swift in Sources */,
				B522405C1FB33DF100D0343F /* ADPermissionTests.swift in Sources */,
				B52240541FB33DF100D0343F /* ADStoredProcedureTests.swift in Sources */,
				B52240631FB33DF100D0343F /* AzureDataTests.swift in Sources */,
				B52240561FB33DF100D0343F /* ADQueryTests.swift in Sources */,
				B52240641FB33DF100D0343F /* ADCollectionTests.swift in Sources */,
				B52240651FB33DF100D0343F /* ADOfferTests.swift in Sources */,
				B52240661FB33DF100D0343F /* ADDocumentAttachmentExtensionsTests.swift in Sources */,
				B52240581FB33DF100D0343F /* ADCollectionUserDefinedFunctionExtensionsTests.swift in Sources */,
				B52240591FB33DF100D0343F /* ADDatabaseCollectionExtensionsTests.swift in Sources */,
				B522405D1FB33DF100D0343F /* ADDatabaseUserExtensionsTests.swift in Sources */,
			);
			runOnlyForDeploymentPostprocessing = 0;
		};
/* End PBXSourcesBuildPhase section */

/* Begin PBXTargetDependency section */
		B5223FC21FB33A9F00D0343F /* PBXTargetDependency */ = {
			isa = PBXTargetDependency;
			target = B5223FB61FB33A9F00D0343F /* AzureData macOS */;
			targetProxy = B5223FC11FB33A9F00D0343F /* PBXContainerItemProxy */;
		};
		B5223FDE1FB33B0F00D0343F /* PBXTargetDependency */ = {
			isa = PBXTargetDependency;
			target = B5223FD21FB33B0F00D0343F /* AzureData tvOS */;
			targetProxy = B5223FDD1FB33B0F00D0343F /* PBXContainerItemProxy */;
		};
		B52241101FB3411100D0343F /* PBXTargetDependency */ = {
			isa = PBXTargetDependency;
			target = B5F76C571F96A848001E8B11 /* CommonCryptoModuleMap */;
			targetProxy = B522410F1FB3411100D0343F /* PBXContainerItemProxy */;
		};
		B52241121FB3411900D0343F /* PBXTargetDependency */ = {
			isa = PBXTargetDependency;
			target = B5F76C571F96A848001E8B11 /* CommonCryptoModuleMap */;
			targetProxy = B52241111FB3411900D0343F /* PBXContainerItemProxy */;
		};
		B52241141FB3412100D0343F /* PBXTargetDependency */ = {
			isa = PBXTargetDependency;
			target = B5F76C571F96A848001E8B11 /* CommonCryptoModuleMap */;
			targetProxy = B52241131FB3412100D0343F /* PBXContainerItemProxy */;
		};
		B5F76C451F96A7AF001E8B11 /* PBXTargetDependency */ = {
			isa = PBXTargetDependency;
			target = B5F76C381F96A7AF001E8B11 /* AzureData iOS */;
			targetProxy = B5F76C441F96A7AF001E8B11 /* PBXContainerItemProxy */;
		};
		B5F76C5D1F96A8E5001E8B11 /* PBXTargetDependency */ = {
			isa = PBXTargetDependency;
			target = B5F76C571F96A848001E8B11 /* CommonCryptoModuleMap */;
			targetProxy = B5F76C5C1F96A8E5001E8B11 /* PBXContainerItemProxy */;
		};
/* End PBXTargetDependency section */

/* Begin XCBuildConfiguration section */
		B5223FC81FB33A9F00D0343F /* Debug */ = {
			isa = XCBuildConfiguration;
			buildSettings = {
				APPLICATION_EXTENSION_API_ONLY = YES;
				CODE_SIGN_IDENTITY = "-";
				CODE_SIGN_STYLE = Manual;
				COMBINE_HIDPI_IMAGES = YES;
				DEFINES_MODULE = YES;
				DEVELOPMENT_TEAM = "";
				DYLIB_COMPATIBILITY_VERSION = 1;
				DYLIB_CURRENT_VERSION = 1;
				DYLIB_INSTALL_NAME_BASE = "@rpath";
				FRAMEWORK_VERSION = A;
				HEADER_SEARCH_PATHS = "${BUILT_PRODUCTS_DIR}/CommonCryptoModuleMap";
				INFOPLIST_FILE = "$(SRCROOT)/Source/Info.plist";
				INSTALL_PATH = "$(LOCAL_LIBRARY_DIR)/Frameworks";
				LD_RUNPATH_SEARCH_PATHS = "$(inherited) @executable_path/../Frameworks @loader_path/Frameworks";
				MACOSX_DEPLOYMENT_TARGET = 10.13;
				ONLY_ACTIVE_ARCH = NO;
				PRODUCT_BUNDLE_IDENTIFIER = com.azure.data;
				PRODUCT_NAME = AzureData;
				PROVISIONING_PROFILE_SPECIFIER = "";
				SDKROOT = macosx;
				SKIP_INSTALL = YES;
				SWIFT_VERSION = 4.0;
			};
			name = Debug;
		};
		B5223FC91FB33A9F00D0343F /* Release */ = {
			isa = XCBuildConfiguration;
			buildSettings = {
				APPLICATION_EXTENSION_API_ONLY = YES;
				CODE_SIGN_IDENTITY = "-";
				CODE_SIGN_STYLE = Manual;
				COMBINE_HIDPI_IMAGES = YES;
				DEFINES_MODULE = YES;
				DEVELOPMENT_TEAM = "";
				DYLIB_COMPATIBILITY_VERSION = 1;
				DYLIB_CURRENT_VERSION = 1;
				DYLIB_INSTALL_NAME_BASE = "@rpath";
				FRAMEWORK_VERSION = A;
				HEADER_SEARCH_PATHS = "${BUILT_PRODUCTS_DIR}/CommonCryptoModuleMap";
				INFOPLIST_FILE = "$(SRCROOT)/Source/Info.plist";
				INSTALL_PATH = "$(LOCAL_LIBRARY_DIR)/Frameworks";
				LD_RUNPATH_SEARCH_PATHS = "$(inherited) @executable_path/../Frameworks @loader_path/Frameworks";
				MACOSX_DEPLOYMENT_TARGET = 10.13;
				PRODUCT_BUNDLE_IDENTIFIER = com.azure.data;
				PRODUCT_NAME = AzureData;
				PROVISIONING_PROFILE_SPECIFIER = "";
				SDKROOT = macosx;
				SKIP_INSTALL = YES;
				SWIFT_VERSION = 4.0;
			};
			name = Release;
		};
		B5223FCA1FB33A9F00D0343F /* Debug */ = {
			isa = XCBuildConfiguration;
			buildSettings = {
				ALWAYS_EMBED_SWIFT_STANDARD_LIBRARIES = YES;
				CODE_SIGN_IDENTITY = "-";
				CODE_SIGN_STYLE = Automatic;
				COMBINE_HIDPI_IMAGES = YES;
				INFOPLIST_FILE = "$(SRCROOT)/Tests/Info.plist";
				LD_RUNPATH_SEARCH_PATHS = "$(inherited) @executable_path/../Frameworks @loader_path/../Frameworks";
				MACOSX_DEPLOYMENT_TARGET = 10.13;
				PRODUCT_BUNDLE_IDENTIFIER = "com.azure.AzureData-macOSTests";
				PRODUCT_NAME = "$(TARGET_NAME)";
				SDKROOT = macosx;
				SWIFT_VERSION = 4.0;
			};
			name = Debug;
		};
		B5223FCB1FB33A9F00D0343F /* Release */ = {
			isa = XCBuildConfiguration;
			buildSettings = {
				ALWAYS_EMBED_SWIFT_STANDARD_LIBRARIES = YES;
				CODE_SIGN_IDENTITY = "-";
				CODE_SIGN_STYLE = Automatic;
				COMBINE_HIDPI_IMAGES = YES;
				INFOPLIST_FILE = "$(SRCROOT)/Tests/Info.plist";
				LD_RUNPATH_SEARCH_PATHS = "$(inherited) @executable_path/../Frameworks @loader_path/../Frameworks";
				MACOSX_DEPLOYMENT_TARGET = 10.13;
				PRODUCT_BUNDLE_IDENTIFIER = "com.azure.AzureData-macOSTests";
				PRODUCT_NAME = "$(TARGET_NAME)";
				SDKROOT = macosx;
				SWIFT_VERSION = 4.0;
			};
			name = Release;
		};
		B5223FE51FB33B0F00D0343F /* Debug */ = {
			isa = XCBuildConfiguration;
			buildSettings = {
				APPLICATION_EXTENSION_API_ONLY = YES;
				CODE_SIGN_IDENTITY = "";
				CODE_SIGN_STYLE = Automatic;
				DEFINES_MODULE = YES;
				DYLIB_COMPATIBILITY_VERSION = 1;
				DYLIB_CURRENT_VERSION = 1;
				DYLIB_INSTALL_NAME_BASE = "@rpath";
				HEADER_SEARCH_PATHS = "${BUILT_PRODUCTS_DIR}/CommonCryptoModuleMap";
				INFOPLIST_FILE = "$(SRCROOT)/Source/Info.plist";
				INSTALL_PATH = "$(LOCAL_LIBRARY_DIR)/Frameworks";
				LD_RUNPATH_SEARCH_PATHS = "$(inherited) @executable_path/Frameworks @loader_path/Frameworks";
				ONLY_ACTIVE_ARCH = NO;
				PRODUCT_BUNDLE_IDENTIFIER = com.azure.data;
				PRODUCT_NAME = AzureData;
				SDKROOT = appletvos;
				SKIP_INSTALL = YES;
				SWIFT_VERSION = 4.0;
				TARGETED_DEVICE_FAMILY = 3;
				TVOS_DEPLOYMENT_TARGET = 11.0;
			};
			name = Debug;
		};
		B5223FE61FB33B0F00D0343F /* Release */ = {
			isa = XCBuildConfiguration;
			buildSettings = {
				APPLICATION_EXTENSION_API_ONLY = YES;
				CODE_SIGN_IDENTITY = "";
				CODE_SIGN_STYLE = Automatic;
				DEFINES_MODULE = YES;
				DYLIB_COMPATIBILITY_VERSION = 1;
				DYLIB_CURRENT_VERSION = 1;
				DYLIB_INSTALL_NAME_BASE = "@rpath";
				HEADER_SEARCH_PATHS = "${BUILT_PRODUCTS_DIR}/CommonCryptoModuleMap";
				INFOPLIST_FILE = "$(SRCROOT)/Source/Info.plist";
				INSTALL_PATH = "$(LOCAL_LIBRARY_DIR)/Frameworks";
				LD_RUNPATH_SEARCH_PATHS = "$(inherited) @executable_path/Frameworks @loader_path/Frameworks";
				PRODUCT_BUNDLE_IDENTIFIER = com.azure.data;
				PRODUCT_NAME = AzureData;
				SDKROOT = appletvos;
				SKIP_INSTALL = YES;
				SWIFT_VERSION = 4.0;
				TARGETED_DEVICE_FAMILY = 3;
				TVOS_DEPLOYMENT_TARGET = 11.0;
			};
			name = Release;
		};
		B5223FE81FB33B0F00D0343F /* Debug */ = {
			isa = XCBuildConfiguration;
			buildSettings = {
				ALWAYS_EMBED_SWIFT_STANDARD_LIBRARIES = YES;
				CODE_SIGN_STYLE = Automatic;
				INFOPLIST_FILE = "$(SRCROOT)/Tests/Info.plist";
				LD_RUNPATH_SEARCH_PATHS = "$(inherited) @executable_path/Frameworks @loader_path/Frameworks";
				PRODUCT_BUNDLE_IDENTIFIER = "com.azure.AzureData-tvOSTests";
				PRODUCT_NAME = "$(TARGET_NAME)";
				SDKROOT = appletvos;
				SWIFT_VERSION = 4.0;
				TARGETED_DEVICE_FAMILY = 3;
				TVOS_DEPLOYMENT_TARGET = 11.0;
			};
			name = Debug;
		};
		B5223FE91FB33B0F00D0343F /* Release */ = {
			isa = XCBuildConfiguration;
			buildSettings = {
				ALWAYS_EMBED_SWIFT_STANDARD_LIBRARIES = YES;
				CODE_SIGN_STYLE = Automatic;
				INFOPLIST_FILE = "$(SRCROOT)/Tests/Info.plist";
				LD_RUNPATH_SEARCH_PATHS = "$(inherited) @executable_path/Frameworks @loader_path/Frameworks";
				PRODUCT_BUNDLE_IDENTIFIER = "com.azure.AzureData-tvOSTests";
				PRODUCT_NAME = "$(TARGET_NAME)";
				SDKROOT = appletvos;
				SWIFT_VERSION = 4.0;
				TARGETED_DEVICE_FAMILY = 3;
				TVOS_DEPLOYMENT_TARGET = 11.0;
			};
			name = Release;
		};
		B5223FF51FB33B2600D0343F /* Debug */ = {
			isa = XCBuildConfiguration;
			buildSettings = {
				APPLICATION_EXTENSION_API_ONLY = YES;
				CODE_SIGN_IDENTITY = "";
				CODE_SIGN_STYLE = Automatic;
				DEFINES_MODULE = YES;
				DYLIB_COMPATIBILITY_VERSION = 1;
				DYLIB_CURRENT_VERSION = 1;
				DYLIB_INSTALL_NAME_BASE = "@rpath";
				HEADER_SEARCH_PATHS = "${BUILT_PRODUCTS_DIR}/CommonCryptoModuleMap";
				INFOPLIST_FILE = "$(SRCROOT)/Source/Info.plist";
				INSTALL_PATH = "$(LOCAL_LIBRARY_DIR)/Frameworks";
				LD_RUNPATH_SEARCH_PATHS = "$(inherited) @executable_path/Frameworks @loader_path/Frameworks";
				ONLY_ACTIVE_ARCH = NO;
				PRODUCT_BUNDLE_IDENTIFIER = com.azure.data;
				PRODUCT_NAME = AzureData;
				SDKROOT = watchos;
				SKIP_INSTALL = YES;
				SWIFT_VERSION = 4.0;
				TARGETED_DEVICE_FAMILY = 4;
				WATCHOS_DEPLOYMENT_TARGET = 4.0;
			};
			name = Debug;
		};
		B5223FF61FB33B2600D0343F /* Release */ = {
			isa = XCBuildConfiguration;
			buildSettings = {
				APPLICATION_EXTENSION_API_ONLY = YES;
				CODE_SIGN_IDENTITY = "";
				CODE_SIGN_STYLE = Automatic;
				DEFINES_MODULE = YES;
				DYLIB_COMPATIBILITY_VERSION = 1;
				DYLIB_CURRENT_VERSION = 1;
				DYLIB_INSTALL_NAME_BASE = "@rpath";
				HEADER_SEARCH_PATHS = "${BUILT_PRODUCTS_DIR}/CommonCryptoModuleMap";
				INFOPLIST_FILE = "$(SRCROOT)/Source/Info.plist";
				INSTALL_PATH = "$(LOCAL_LIBRARY_DIR)/Frameworks";
				LD_RUNPATH_SEARCH_PATHS = "$(inherited) @executable_path/Frameworks @loader_path/Frameworks";
				PRODUCT_BUNDLE_IDENTIFIER = com.azure.data;
				PRODUCT_NAME = AzureData;
				SDKROOT = watchos;
				SKIP_INSTALL = YES;
				SWIFT_VERSION = 4.0;
				TARGETED_DEVICE_FAMILY = 4;
				WATCHOS_DEPLOYMENT_TARGET = 4.0;
			};
			name = Release;
		};
		B5F76C4B1F96A7AF001E8B11 /* Debug */ = {
			isa = XCBuildConfiguration;
			buildSettings = {
				ALWAYS_SEARCH_USER_PATHS = NO;
				CLANG_ANALYZER_NONNULL = YES;
				CLANG_ANALYZER_NUMBER_OBJECT_CONVERSION = YES_AGGRESSIVE;
				CLANG_CXX_LANGUAGE_STANDARD = "gnu++14";
				CLANG_CXX_LIBRARY = "libc++";
				CLANG_ENABLE_MODULES = YES;
				CLANG_ENABLE_OBJC_ARC = YES;
				CLANG_WARN_BLOCK_CAPTURE_AUTORELEASING = YES;
				CLANG_WARN_BOOL_CONVERSION = YES;
				CLANG_WARN_COMMA = YES;
				CLANG_WARN_CONSTANT_CONVERSION = YES;
				CLANG_WARN_DIRECT_OBJC_ISA_USAGE = YES_ERROR;
				CLANG_WARN_DOCUMENTATION_COMMENTS = YES;
				CLANG_WARN_EMPTY_BODY = YES;
				CLANG_WARN_ENUM_CONVERSION = YES;
				CLANG_WARN_INFINITE_RECURSION = YES;
				CLANG_WARN_INT_CONVERSION = YES;
				CLANG_WARN_NON_LITERAL_NULL_CONVERSION = YES;
				CLANG_WARN_OBJC_LITERAL_CONVERSION = YES;
				CLANG_WARN_OBJC_ROOT_CLASS = YES_ERROR;
				CLANG_WARN_RANGE_LOOP_ANALYSIS = YES;
				CLANG_WARN_STRICT_PROTOTYPES = YES;
				CLANG_WARN_SUSPICIOUS_MOVE = YES;
				CLANG_WARN_UNGUARDED_AVAILABILITY = YES_AGGRESSIVE;
				CLANG_WARN_UNREACHABLE_CODE = YES;
				CLANG_WARN__DUPLICATE_METHOD_MATCH = YES;
				CODE_SIGN_IDENTITY = "iPhone Developer";
				COPY_PHASE_STRIP = NO;
				CURRENT_PROJECT_VERSION = 1;
				DEBUG_INFORMATION_FORMAT = dwarf;
				ENABLE_STRICT_OBJC_MSGSEND = YES;
				ENABLE_TESTABILITY = YES;
				GCC_C_LANGUAGE_STANDARD = gnu11;
				GCC_DYNAMIC_NO_PIC = NO;
				GCC_NO_COMMON_BLOCKS = YES;
				GCC_OPTIMIZATION_LEVEL = 0;
				GCC_PREPROCESSOR_DEFINITIONS = (
					"DEBUG=1",
					"$(inherited)",
				);
				GCC_WARN_64_TO_32_BIT_CONVERSION = YES;
				GCC_WARN_ABOUT_RETURN_TYPE = YES_ERROR;
				GCC_WARN_UNDECLARED_SELECTOR = YES;
				GCC_WARN_UNINITIALIZED_AUTOS = YES_AGGRESSIVE;
				GCC_WARN_UNUSED_FUNCTION = YES;
				GCC_WARN_UNUSED_VARIABLE = YES;
				IPHONEOS_DEPLOYMENT_TARGET = 11.0;
				MTL_ENABLE_DEBUG_INFO = YES;
				ONLY_ACTIVE_ARCH = YES;
				SDKROOT = iphoneos;
				SWIFT_ACTIVE_COMPILATION_CONDITIONS = DEBUG;
				SWIFT_OPTIMIZATION_LEVEL = "-Onone";
				VERSIONING_SYSTEM = "apple-generic";
				VERSION_INFO_PREFIX = "";
			};
			name = Debug;
		};
		B5F76C4C1F96A7AF001E8B11 /* Release */ = {
			isa = XCBuildConfiguration;
			buildSettings = {
				ALWAYS_SEARCH_USER_PATHS = NO;
				CLANG_ANALYZER_NONNULL = YES;
				CLANG_ANALYZER_NUMBER_OBJECT_CONVERSION = YES_AGGRESSIVE;
				CLANG_CXX_LANGUAGE_STANDARD = "gnu++14";
				CLANG_CXX_LIBRARY = "libc++";
				CLANG_ENABLE_MODULES = YES;
				CLANG_ENABLE_OBJC_ARC = YES;
				CLANG_WARN_BLOCK_CAPTURE_AUTORELEASING = YES;
				CLANG_WARN_BOOL_CONVERSION = YES;
				CLANG_WARN_COMMA = YES;
				CLANG_WARN_CONSTANT_CONVERSION = YES;
				CLANG_WARN_DIRECT_OBJC_ISA_USAGE = YES_ERROR;
				CLANG_WARN_DOCUMENTATION_COMMENTS = YES;
				CLANG_WARN_EMPTY_BODY = YES;
				CLANG_WARN_ENUM_CONVERSION = YES;
				CLANG_WARN_INFINITE_RECURSION = YES;
				CLANG_WARN_INT_CONVERSION = YES;
				CLANG_WARN_NON_LITERAL_NULL_CONVERSION = YES;
				CLANG_WARN_OBJC_LITERAL_CONVERSION = YES;
				CLANG_WARN_OBJC_ROOT_CLASS = YES_ERROR;
				CLANG_WARN_RANGE_LOOP_ANALYSIS = YES;
				CLANG_WARN_STRICT_PROTOTYPES = YES;
				CLANG_WARN_SUSPICIOUS_MOVE = YES;
				CLANG_WARN_UNGUARDED_AVAILABILITY = YES_AGGRESSIVE;
				CLANG_WARN_UNREACHABLE_CODE = YES;
				CLANG_WARN__DUPLICATE_METHOD_MATCH = YES;
				CODE_SIGN_IDENTITY = "iPhone Developer";
				COPY_PHASE_STRIP = NO;
				CURRENT_PROJECT_VERSION = 1;
				DEBUG_INFORMATION_FORMAT = "dwarf-with-dsym";
				ENABLE_NS_ASSERTIONS = NO;
				ENABLE_STRICT_OBJC_MSGSEND = YES;
				GCC_C_LANGUAGE_STANDARD = gnu11;
				GCC_NO_COMMON_BLOCKS = YES;
				GCC_WARN_64_TO_32_BIT_CONVERSION = YES;
				GCC_WARN_ABOUT_RETURN_TYPE = YES_ERROR;
				GCC_WARN_UNDECLARED_SELECTOR = YES;
				GCC_WARN_UNINITIALIZED_AUTOS = YES_AGGRESSIVE;
				GCC_WARN_UNUSED_FUNCTION = YES;
				GCC_WARN_UNUSED_VARIABLE = YES;
				IPHONEOS_DEPLOYMENT_TARGET = 11.0;
				MTL_ENABLE_DEBUG_INFO = NO;
				SDKROOT = iphoneos;
				SWIFT_OPTIMIZATION_LEVEL = "-Owholemodule";
				VALIDATE_PRODUCT = YES;
				VERSIONING_SYSTEM = "apple-generic";
				VERSION_INFO_PREFIX = "";
			};
			name = Release;
		};
		B5F76C4E1F96A7AF001E8B11 /* Debug */ = {
			isa = XCBuildConfiguration;
			buildSettings = {
				APPLICATION_EXTENSION_API_ONLY = YES;
				CLANG_ENABLE_MODULES = YES;
				CODE_SIGN_IDENTITY = "";
				"CODE_SIGN_IDENTITY[sdk=iphoneos*]" = "iPhone Developer";
				CODE_SIGN_STYLE = Automatic;
				DEFINES_MODULE = YES;
				DEVELOPMENT_TEAM = "";
				DYLIB_COMPATIBILITY_VERSION = 1;
				DYLIB_CURRENT_VERSION = 1;
				DYLIB_INSTALL_NAME_BASE = "@rpath";
				HEADER_SEARCH_PATHS = "${BUILT_PRODUCTS_DIR}/CommonCryptoModuleMap";
				INFOPLIST_FILE = "$(SRCROOT)/Source/Info.plist";
				INSTALL_PATH = "$(LOCAL_LIBRARY_DIR)/Frameworks";
				LD_RUNPATH_SEARCH_PATHS = "$(inherited) @executable_path/Frameworks @loader_path/Frameworks";
				ONLY_ACTIVE_ARCH = NO;
				PRODUCT_BUNDLE_IDENTIFIER = com.azure.data;
				PRODUCT_NAME = AzureData;
				PROVISIONING_PROFILE_SPECIFIER = "";
				SKIP_INSTALL = YES;
				SWIFT_OPTIMIZATION_LEVEL = "-Onone";
				SWIFT_VERSION = 4.0;
				TARGETED_DEVICE_FAMILY = "1,2";
			};
			name = Debug;
		};
		B5F76C4F1F96A7AF001E8B11 /* Release */ = {
			isa = XCBuildConfiguration;
			buildSettings = {
				APPLICATION_EXTENSION_API_ONLY = YES;
				CLANG_ENABLE_MODULES = YES;
				CODE_SIGN_IDENTITY = "";
				"CODE_SIGN_IDENTITY[sdk=iphoneos*]" = "iPhone Developer";
				CODE_SIGN_STYLE = Automatic;
				DEFINES_MODULE = YES;
				DEVELOPMENT_TEAM = "";
				DYLIB_COMPATIBILITY_VERSION = 1;
				DYLIB_CURRENT_VERSION = 1;
				DYLIB_INSTALL_NAME_BASE = "@rpath";
				HEADER_SEARCH_PATHS = "${BUILT_PRODUCTS_DIR}/CommonCryptoModuleMap";
				INFOPLIST_FILE = "$(SRCROOT)/Source/Info.plist";
				INSTALL_PATH = "$(LOCAL_LIBRARY_DIR)/Frameworks";
				LD_RUNPATH_SEARCH_PATHS = "$(inherited) @executable_path/Frameworks @loader_path/Frameworks";
				PRODUCT_BUNDLE_IDENTIFIER = com.azure.data;
				PRODUCT_NAME = AzureData;
				PROVISIONING_PROFILE_SPECIFIER = "";
				SKIP_INSTALL = YES;
				SWIFT_VERSION = 4.0;
				TARGETED_DEVICE_FAMILY = "1,2";
			};
			name = Release;
		};
		B5F76C511F96A7AF001E8B11 /* Debug */ = {
			isa = XCBuildConfiguration;
			buildSettings = {
				ALWAYS_EMBED_SWIFT_STANDARD_LIBRARIES = YES;
				CODE_SIGN_STYLE = Automatic;
				DEVELOPMENT_TEAM = N7C38P267Q;
				INFOPLIST_FILE = "$(SRCROOT)/Tests/Info.plist";
				LD_RUNPATH_SEARCH_PATHS = "$(inherited) @executable_path/Frameworks @loader_path/Frameworks";
				PRODUCT_BUNDLE_IDENTIFIER = com.azure.AzureDataTests;
				PRODUCT_NAME = "$(TARGET_NAME)";
				SWIFT_VERSION = 4.0;
				TARGETED_DEVICE_FAMILY = "1,2";
			};
			name = Debug;
		};
		B5F76C521F96A7AF001E8B11 /* Release */ = {
			isa = XCBuildConfiguration;
			buildSettings = {
				ALWAYS_EMBED_SWIFT_STANDARD_LIBRARIES = YES;
				CODE_SIGN_STYLE = Automatic;
				DEVELOPMENT_TEAM = N7C38P267Q;
				INFOPLIST_FILE = "$(SRCROOT)/Tests/Info.plist";
				LD_RUNPATH_SEARCH_PATHS = "$(inherited) @executable_path/Frameworks @loader_path/Frameworks";
				PRODUCT_BUNDLE_IDENTIFIER = com.azure.AzureDataTests;
				PRODUCT_NAME = "$(TARGET_NAME)";
				SWIFT_VERSION = 4.0;
				TARGETED_DEVICE_FAMILY = "1,2";
			};
			name = Release;
		};
		B5F76C591F96A848001E8B11 /* Debug */ = {
			isa = XCBuildConfiguration;
			buildSettings = {
				CODE_SIGN_STYLE = Automatic;
				DEVELOPMENT_TEAM = N7C38P267Q;
				PRODUCT_NAME = "$(TARGET_NAME)";
				SUPPORTED_PLATFORMS = "iphonesimulator iphoneos macosx watchsimulator watchos appletvsimulator appletvos";
			};
			name = Debug;
		};
		B5F76C5A1F96A848001E8B11 /* Release */ = {
			isa = XCBuildConfiguration;
			buildSettings = {
				CODE_SIGN_STYLE = Automatic;
				DEVELOPMENT_TEAM = N7C38P267Q;
				PRODUCT_NAME = "$(TARGET_NAME)";
				SUPPORTED_PLATFORMS = "iphonesimulator iphoneos macosx watchsimulator watchos appletvsimulator appletvos";
			};
			name = Release;
		};
/* End XCBuildConfiguration section */

/* Begin XCConfigurationList section */
		B5223FCC1FB33A9F00D0343F /* Build configuration list for PBXNativeTarget "AzureData macOS" */ = {
			isa = XCConfigurationList;
			buildConfigurations = (
				B5223FC81FB33A9F00D0343F /* Debug */,
				B5223FC91FB33A9F00D0343F /* Release */,
			);
			defaultConfigurationIsVisible = 0;
			defaultConfigurationName = Release;
		};
		B5223FCD1FB33A9F00D0343F /* Build configuration list for PBXNativeTarget "AzureData macOS Tests" */ = {
			isa = XCConfigurationList;
			buildConfigurations = (
				B5223FCA1FB33A9F00D0343F /* Debug */,
				B5223FCB1FB33A9F00D0343F /* Release */,
			);
			defaultConfigurationIsVisible = 0;
			defaultConfigurationName = Release;
		};
		B5223FE41FB33B0F00D0343F /* Build configuration list for PBXNativeTarget "AzureData tvOS" */ = {
			isa = XCConfigurationList;
			buildConfigurations = (
				B5223FE51FB33B0F00D0343F /* Debug */,
				B5223FE61FB33B0F00D0343F /* Release */,
			);
			defaultConfigurationIsVisible = 0;
			defaultConfigurationName = Release;
		};
		B5223FE71FB33B0F00D0343F /* Build configuration list for PBXNativeTarget "AzureData tvOS Tests" */ = {
			isa = XCConfigurationList;
			buildConfigurations = (
				B5223FE81FB33B0F00D0343F /* Debug */,
				B5223FE91FB33B0F00D0343F /* Release */,
			);
			defaultConfigurationIsVisible = 0;
			defaultConfigurationName = Release;
		};
		B5223FF41FB33B2600D0343F /* Build configuration list for PBXNativeTarget "AzureData watchOS" */ = {
			isa = XCConfigurationList;
			buildConfigurations = (
				B5223FF51FB33B2600D0343F /* Debug */,
				B5223FF61FB33B2600D0343F /* Release */,
			);
			defaultConfigurationIsVisible = 0;
			defaultConfigurationName = Release;
		};
		B5F76C331F96A7AF001E8B11 /* Build configuration list for PBXProject "AzureData" */ = {
			isa = XCConfigurationList;
			buildConfigurations = (
				B5F76C4B1F96A7AF001E8B11 /* Debug */,
				B5F76C4C1F96A7AF001E8B11 /* Release */,
			);
			defaultConfigurationIsVisible = 0;
			defaultConfigurationName = Release;
		};
		B5F76C4D1F96A7AF001E8B11 /* Build configuration list for PBXNativeTarget "AzureData iOS" */ = {
			isa = XCConfigurationList;
			buildConfigurations = (
				B5F76C4E1F96A7AF001E8B11 /* Debug */,
				B5F76C4F1F96A7AF001E8B11 /* Release */,
			);
			defaultConfigurationIsVisible = 0;
			defaultConfigurationName = Release;
		};
		B5F76C501F96A7AF001E8B11 /* Build configuration list for PBXNativeTarget "AzureData iOS Tests" */ = {
			isa = XCConfigurationList;
			buildConfigurations = (
				B5F76C511F96A7AF001E8B11 /* Debug */,
				B5F76C521F96A7AF001E8B11 /* Release */,
			);
			defaultConfigurationIsVisible = 0;
			defaultConfigurationName = Release;
		};
		B5F76C581F96A848001E8B11 /* Build configuration list for PBXAggregateTarget "CommonCryptoModuleMap" */ = {
			isa = XCConfigurationList;
			buildConfigurations = (
				B5F76C591F96A848001E8B11 /* Debug */,
				B5F76C5A1F96A848001E8B11 /* Release */,
			);
			defaultConfigurationIsVisible = 0;
			defaultConfigurationName = Release;
		};
/* End XCConfigurationList section */
	};
	rootObject = B5F76C301F96A7AF001E8B11 /* Project object */;
}
