// !$*UTF8*$!
{
	archiveVersion = 1;
	classes = {
	};
	objectVersion = 48;
	objects = {

/* Begin PBXAggregateTarget section */
		B5F76C571F96A848001E8B11 /* CommonCryptoModuleMap */ = {
			isa = PBXAggregateTarget;
			buildConfigurationList = B5F76C581F96A848001E8B11 /* Build configuration list for PBXAggregateTarget "CommonCryptoModuleMap" */;
			buildPhases = (
				B5F76C5B1F96A884001E8B11 /* ShellScript */,
			);
			dependencies = (
			);
			name = CommonCryptoModuleMap;
			productName = CommonCryptoModuleMap;
		};
/* End PBXAggregateTarget section */

/* Begin PBXBuildFile section */
		B528A53D1F9EBF1C000586BE /* ADQuery.swift in Sources */ = {isa = PBXBuildFile; fileRef = B528A53C1F9EBF1C000586BE /* ADQuery.swift */; };
		B53BF7761F9A2F9400B7A187 /* ADIndexingPolicy.swift in Sources */ = {isa = PBXBuildFile; fileRef = B53BF7751F9A2F9400B7A187 /* ADIndexingPolicy.swift */; };
		B53BF7781F9A3E2700B7A187 /* ADPartitionKeyDefinition.swift in Sources */ = {isa = PBXBuildFile; fileRef = B53BF7771F9A3E2700B7A187 /* ADPartitionKeyDefinition.swift */; };
		B53BF77A1F9A7AE700B7A187 /* DocumentDetailTableViewController.swift in Sources */ = {isa = PBXBuildFile; fileRef = B53BF7791F9A7AE700B7A187 /* DocumentDetailTableViewController.swift */; };
		B5619EB81F99357800D01EAD /* ADResourceList.swift in Sources */ = {isa = PBXBuildFile; fileRef = B5619EB71F99357800D01EAD /* ADResourceList.swift */; };
		B5619EBA1F994FB800D01EAD /* DatabaseTableViewController.swift in Sources */ = {isa = PBXBuildFile; fileRef = B5619EB91F994FB800D01EAD /* DatabaseTableViewController.swift */; };
		B5619EBC1F994FE300D01EAD /* CollectionTableViewController.swift in Sources */ = {isa = PBXBuildFile; fileRef = B5619EBB1F994FE300D01EAD /* CollectionTableViewController.swift */; };
		B5619EBE1F994FF100D01EAD /* DocumentTableViewController.swift in Sources */ = {isa = PBXBuildFile; fileRef = B5619EBD1F994FF100D01EAD /* DocumentTableViewController.swift */; };
		B57446AB1FB11F810048B20F /* ADDatabaseTests.swift in Sources */ = {isa = PBXBuildFile; fileRef = B57446AA1FB11F810048B20F /* ADDatabaseTests.swift */; };
		B57446AD1FB11FEF0048B20F /* ADCollectionTests.swift in Sources */ = {isa = PBXBuildFile; fileRef = B57446AC1FB11FEF0048B20F /* ADCollectionTests.swift */; };
		B57446AF1FB120070048B20F /* ADDocumentTests.swift in Sources */ = {isa = PBXBuildFile; fileRef = B57446AE1FB120070048B20F /* ADDocumentTests.swift */; };
		B57C36A41F9B00E90035A106 /* UtilityExtensions.swift in Sources */ = {isa = PBXBuildFile; fileRef = B57C36A31F9B00E90035A106 /* UtilityExtensions.swift */; };
		B587C71F1F9FACC4004A76F6 /* AzureDataExtensions.swift in Sources */ = {isa = PBXBuildFile; fileRef = B587C71E1F9FACC4004A76F6 /* AzureDataExtensions.swift */; };
		B5958A051F9903F10023C0AF /* Models.swift in Sources */ = {isa = PBXBuildFile; fileRef = B5958A041F9903F10023C0AF /* Models.swift */; };
		B5958A081F992C560023C0AF /* ADDatabase.swift in Sources */ = {isa = PBXBuildFile; fileRef = B5958A071F992C560023C0AF /* ADDatabase.swift */; };
		B5958A0A1F992C9A0023C0AF /* ADResource.swift in Sources */ = {isa = PBXBuildFile; fileRef = B5958A091F992C9A0023C0AF /* ADResource.swift */; };
		B5958A0C1F992CAB0023C0AF /* ADDocument.swift in Sources */ = {isa = PBXBuildFile; fileRef = B5958A0B1F992CAB0023C0AF /* ADDocument.swift */; };
		B5958A0E1F992CB90023C0AF /* ADCollection.swift in Sources */ = {isa = PBXBuildFile; fileRef = B5958A0D1F992CB90023C0AF /* ADCollection.swift */; };
		B5958A101F992CC50023C0AF /* ADAttachment.swift in Sources */ = {isa = PBXBuildFile; fileRef = B5958A0F1F992CC50023C0AF /* ADAttachment.swift */; };
		B5958A121F992CD10023C0AF /* ADConflict.swift in Sources */ = {isa = PBXBuildFile; fileRef = B5958A111F992CD10023C0AF /* ADConflict.swift */; };
		B5958A141F992CDD0023C0AF /* ADDatabaseAccount.swift in Sources */ = {isa = PBXBuildFile; fileRef = B5958A131F992CDD0023C0AF /* ADDatabaseAccount.swift */; };
		B5958A161F992CE90023C0AF /* ADError.swift in Sources */ = {isa = PBXBuildFile; fileRef = B5958A151F992CE90023C0AF /* ADError.swift */; };
		B5958A181F992CF60023C0AF /* ADOffer.swift in Sources */ = {isa = PBXBuildFile; fileRef = B5958A171F992CF60023C0AF /* ADOffer.swift */; };
		B5958A1A1F992D020023C0AF /* ADPartitionKeyRange.swift in Sources */ = {isa = PBXBuildFile; fileRef = B5958A191F992D020023C0AF /* ADPartitionKeyRange.swift */; };
		B5958A1C1F992D0E0023C0AF /* ADPermission.swift in Sources */ = {isa = PBXBuildFile; fileRef = B5958A1B1F992D0E0023C0AF /* ADPermission.swift */; };
		B5958A1E1F992D190023C0AF /* ADStoredProcedure.swift in Sources */ = {isa = PBXBuildFile; fileRef = B5958A1D1F992D190023C0AF /* ADStoredProcedure.swift */; };
		B5958A201F992D240023C0AF /* ADTrigger.swift in Sources */ = {isa = PBXBuildFile; fileRef = B5958A1F1F992D240023C0AF /* ADTrigger.swift */; };
		B5958A221F992D2E0023C0AF /* ADUser.swift in Sources */ = {isa = PBXBuildFile; fileRef = B5958A211F992D2E0023C0AF /* ADUser.swift */; };
		B5958A241F992D3A0023C0AF /* ADUserDefinedFunction.swift in Sources */ = {isa = PBXBuildFile; fileRef = B5958A231F992D3A0023C0AF /* ADUserDefinedFunction.swift */; };
		B5958A261F992D520023C0AF /* ADResourceType.swift in Sources */ = {isa = PBXBuildFile; fileRef = B5958A251F992D520023C0AF /* ADResourceType.swift */; };
		B5958A281F992D5E0023C0AF /* ADResourceUri.swift in Sources */ = {isa = PBXBuildFile; fileRef = B5958A271F992D5E0023C0AF /* ADResourceUri.swift */; };
		B5AEF8FB1F9F7565006E4905 /* StoredProcedureTableViewController.swift in Sources */ = {isa = PBXBuildFile; fileRef = B5AEF8FA1F9F7565006E4905 /* StoredProcedureTableViewController.swift */; };
		B5AEF8FD1F9F7572006E4905 /* TriggerTableViewController.swift in Sources */ = {isa = PBXBuildFile; fileRef = B5AEF8FC1F9F7572006E4905 /* TriggerTableViewController.swift */; };
		B5AEF8FF1F9F7589006E4905 /* UserDefinedFunctionTableViewController.swift in Sources */ = {isa = PBXBuildFile; fileRef = B5AEF8FE1F9F7589006E4905 /* UserDefinedFunctionTableViewController.swift */; };
		B5AEF9011F9F783A006E4905 /* CollectionResourceTableViewController.swift in Sources */ = {isa = PBXBuildFile; fileRef = B5AEF9001F9F783A006E4905 /* CollectionResourceTableViewController.swift */; };
		B5BEF1B01F9E41120018CEC9 /* PermissionTableViewController.swift in Sources */ = {isa = PBXBuildFile; fileRef = B5BEF1AF1F9E41120018CEC9 /* PermissionTableViewController.swift */; };
		B5DA1DFB1F977EAF00C300D3 /* ADResponse.swift in Sources */ = {isa = PBXBuildFile; fileRef = B5DA1DFA1F977EAF00C300D3 /* ADResponse.swift */; };
		B5DA1DFD1F978C0A00C300D3 /* SessionManager.swift in Sources */ = {isa = PBXBuildFile; fileRef = B5DA1DFC1F978C0A00C300D3 /* SessionManager.swift */; };
		B5DA1DFF1F97D64500C300D3 /* ADHttp.swift in Sources */ = {isa = PBXBuildFile; fileRef = B5DA1DFE1F97D64500C300D3 /* ADHttp.swift */; };
		B5F76C431F96A7AF001E8B11 /* AzureData.framework in Frameworks */ = {isa = PBXBuildFile; fileRef = B5F76C391F96A7AF001E8B11 /* AzureData.framework */; };
		B5F76C481F96A7AF001E8B11 /* AzureDataTests.swift in Sources */ = {isa = PBXBuildFile; fileRef = B5F76C471F96A7AF001E8B11 /* AzureDataTests.swift */; };
		B5F76C4A1F96A7AF001E8B11 /* AzureData.h in Headers */ = {isa = PBXBuildFile; fileRef = B5F76C3C1F96A7AF001E8B11 /* AzureData.h */; settings = {ATTRIBUTES = (Public, ); }; };
		B5F76C541F96A7F3001E8B11 /* NetworkReachabilityManager.swift in Sources */ = {isa = PBXBuildFile; fileRef = B5F76C531F96A7F3001E8B11 /* NetworkReachabilityManager.swift */; };
		B5F76C561F96A80B001E8B11 /* AzureData.swift in Sources */ = {isa = PBXBuildFile; fileRef = B5F76C551F96A80B001E8B11 /* AzureData.swift */; };
		B5F76C5F1F96A91C001E8B11 /* ADTokenProvider.swift in Sources */ = {isa = PBXBuildFile; fileRef = B5F76C5E1F96A91C001E8B11 /* ADTokenProvider.swift */; };
		B5F76C691F96ACA5001E8B11 /* AppDelegate.swift in Sources */ = {isa = PBXBuildFile; fileRef = B5F76C681F96ACA5001E8B11 /* AppDelegate.swift */; };
		B5F76C6E1F96ACA5001E8B11 /* Main.storyboard in Resources */ = {isa = PBXBuildFile; fileRef = B5F76C6C1F96ACA5001E8B11 /* Main.storyboard */; };
		B5F76C701F96ACA5001E8B11 /* Assets.xcassets in Resources */ = {isa = PBXBuildFile; fileRef = B5F76C6F1F96ACA5001E8B11 /* Assets.xcassets */; };
		B5F76C731F96ACA5001E8B11 /* LaunchScreen.storyboard in Resources */ = {isa = PBXBuildFile; fileRef = B5F76C711F96ACA5001E8B11 /* LaunchScreen.storyboard */; };
		B5F76C7E1F96ACA6001E8B11 /* AzureDataAppTests.swift in Sources */ = {isa = PBXBuildFile; fileRef = B5F76C7D1F96ACA6001E8B11 /* AzureDataAppTests.swift */; };
		B5F76C891F96ACA6001E8B11 /* AzureDataAppUITests.swift in Sources */ = {isa = PBXBuildFile; fileRef = B5F76C881F96ACA6001E8B11 /* AzureDataAppUITests.swift */; };
		B5F76C9B1F96AF66001E8B11 /* AzureData.framework in Frameworks */ = {isa = PBXBuildFile; fileRef = B5F76C391F96A7AF001E8B11 /* AzureData.framework */; };
		B5F76C9C1F96AF66001E8B11 /* AzureData.framework in Embed Frameworks */ = {isa = PBXBuildFile; fileRef = B5F76C391F96A7AF001E8B11 /* AzureData.framework */; settings = {ATTRIBUTES = (CodeSignOnCopy, RemoveHeadersOnCopy, ); }; };
		B5FC20B61FB12B5900283FDA /* ADDatabaseExtensionsTests.swift in Sources */ = {isa = PBXBuildFile; fileRef = B5FC20B51FB12B5900283FDA /* ADDatabaseExtensionsTests.swift */; };
		B5FC20B81FB12B8E00283FDA /* ADCollectionExtensionsTests.swift in Sources */ = {isa = PBXBuildFile; fileRef = B5FC20B71FB12B8E00283FDA /* ADCollectionExtensionsTests.swift */; };
/* End PBXBuildFile section */

/* Begin PBXContainerItemProxy section */
		B5F76C441F96A7AF001E8B11 /* PBXContainerItemProxy */ = {
			isa = PBXContainerItemProxy;
			containerPortal = B5F76C301F96A7AF001E8B11 /* Project object */;
			proxyType = 1;
			remoteGlobalIDString = B5F76C381F96A7AF001E8B11;
			remoteInfo = AzureData;
		};
		B5F76C5C1F96A8E5001E8B11 /* PBXContainerItemProxy */ = {
			isa = PBXContainerItemProxy;
			containerPortal = B5F76C301F96A7AF001E8B11 /* Project object */;
			proxyType = 1;
			remoteGlobalIDString = B5F76C571F96A848001E8B11;
			remoteInfo = CommonCryptoModuleMap;
		};
		B5F76C7A1F96ACA5001E8B11 /* PBXContainerItemProxy */ = {
			isa = PBXContainerItemProxy;
			containerPortal = B5F76C301F96A7AF001E8B11 /* Project object */;
			proxyType = 1;
			remoteGlobalIDString = B5F76C651F96ACA5001E8B11;
			remoteInfo = AzureDataApp;
		};
		B5F76C851F96ACA6001E8B11 /* PBXContainerItemProxy */ = {
			isa = PBXContainerItemProxy;
			containerPortal = B5F76C301F96A7AF001E8B11 /* Project object */;
			proxyType = 1;
			remoteGlobalIDString = B5F76C651F96ACA5001E8B11;
			remoteInfo = AzureDataApp;
		};
		B5F76C9D1F96AF66001E8B11 /* PBXContainerItemProxy */ = {
			isa = PBXContainerItemProxy;
			containerPortal = B5F76C301F96A7AF001E8B11 /* Project object */;
			proxyType = 1;
			remoteGlobalIDString = B5F76C381F96A7AF001E8B11;
			remoteInfo = AzureData;
		};
/* End PBXContainerItemProxy section */

/* Begin PBXCopyFilesBuildPhase section */
		B5F76C9F1F96AF66001E8B11 /* Embed Frameworks */ = {
			isa = PBXCopyFilesBuildPhase;
			buildActionMask = 2147483647;
			dstPath = "";
			dstSubfolderSpec = 10;
			files = (
				B5F76C9C1F96AF66001E8B11 /* AzureData.framework in Embed Frameworks */,
			);
			name = "Embed Frameworks";
			runOnlyForDeploymentPostprocessing = 0;
		};
/* End PBXCopyFilesBuildPhase section */

/* Begin PBXFileReference section */
		B528A53C1F9EBF1C000586BE /* ADQuery.swift */ = {isa = PBXFileReference; lastKnownFileType = sourcecode.swift; path = ADQuery.swift; sourceTree = "<group>"; };
		B53BF7751F9A2F9400B7A187 /* ADIndexingPolicy.swift */ = {isa = PBXFileReference; lastKnownFileType = sourcecode.swift; path = ADIndexingPolicy.swift; sourceTree = "<group>"; };
		B53BF7771F9A3E2700B7A187 /* ADPartitionKeyDefinition.swift */ = {isa = PBXFileReference; lastKnownFileType = sourcecode.swift; path = ADPartitionKeyDefinition.swift; sourceTree = "<group>"; };
		B53BF7791F9A7AE700B7A187 /* DocumentDetailTableViewController.swift */ = {isa = PBXFileReference; lastKnownFileType = sourcecode.swift; path = DocumentDetailTableViewController.swift; sourceTree = "<group>"; };
		B5619EB71F99357800D01EAD /* ADResourceList.swift */ = {isa = PBXFileReference; lastKnownFileType = sourcecode.swift; path = ADResourceList.swift; sourceTree = "<group>"; };
		B5619EB91F994FB800D01EAD /* DatabaseTableViewController.swift */ = {isa = PBXFileReference; lastKnownFileType = sourcecode.swift; path = DatabaseTableViewController.swift; sourceTree = "<group>"; };
		B5619EBB1F994FE300D01EAD /* CollectionTableViewController.swift */ = {isa = PBXFileReference; lastKnownFileType = sourcecode.swift; path = CollectionTableViewController.swift; sourceTree = "<group>"; };
		B5619EBD1F994FF100D01EAD /* DocumentTableViewController.swift */ = {isa = PBXFileReference; lastKnownFileType = sourcecode.swift; path = DocumentTableViewController.swift; sourceTree = "<group>"; };
		B57446AA1FB11F810048B20F /* ADDatabaseTests.swift */ = {isa = PBXFileReference; lastKnownFileType = sourcecode.swift; path = ADDatabaseTests.swift; sourceTree = "<group>"; };
		B57446AC1FB11FEF0048B20F /* ADCollectionTests.swift */ = {isa = PBXFileReference; lastKnownFileType = sourcecode.swift; path = ADCollectionTests.swift; sourceTree = "<group>"; };
		B57446AE1FB120070048B20F /* ADDocumentTests.swift */ = {isa = PBXFileReference; lastKnownFileType = sourcecode.swift; path = ADDocumentTests.swift; sourceTree = "<group>"; };
		B57C36A31F9B00E90035A106 /* UtilityExtensions.swift */ = {isa = PBXFileReference; lastKnownFileType = sourcecode.swift; path = UtilityExtensions.swift; sourceTree = "<group>"; };
		B587C71E1F9FACC4004A76F6 /* AzureDataExtensions.swift */ = {isa = PBXFileReference; lastKnownFileType = sourcecode.swift; path = AzureDataExtensions.swift; sourceTree = "<group>"; };
		B5958A041F9903F10023C0AF /* Models.swift */ = {isa = PBXFileReference; lastKnownFileType = sourcecode.swift; path = Models.swift; sourceTree = "<group>"; };
		B5958A071F992C560023C0AF /* ADDatabase.swift */ = {isa = PBXFileReference; lastKnownFileType = sourcecode.swift; path = ADDatabase.swift; sourceTree = "<group>"; };
		B5958A091F992C9A0023C0AF /* ADResource.swift */ = {isa = PBXFileReference; lastKnownFileType = sourcecode.swift; path = ADResource.swift; sourceTree = "<group>"; };
		B5958A0B1F992CAB0023C0AF /* ADDocument.swift */ = {isa = PBXFileReference; lastKnownFileType = sourcecode.swift; path = ADDocument.swift; sourceTree = "<group>"; };
		B5958A0D1F992CB90023C0AF /* ADCollection.swift */ = {isa = PBXFileReference; lastKnownFileType = sourcecode.swift; path = ADCollection.swift; sourceTree = "<group>"; };
		B5958A0F1F992CC50023C0AF /* ADAttachment.swift */ = {isa = PBXFileReference; lastKnownFileType = sourcecode.swift; path = ADAttachment.swift; sourceTree = "<group>"; };
		B5958A111F992CD10023C0AF /* ADConflict.swift */ = {isa = PBXFileReference; lastKnownFileType = sourcecode.swift; path = ADConflict.swift; sourceTree = "<group>"; };
		B5958A131F992CDD0023C0AF /* ADDatabaseAccount.swift */ = {isa = PBXFileReference; lastKnownFileType = sourcecode.swift; path = ADDatabaseAccount.swift; sourceTree = "<group>"; };
		B5958A151F992CE90023C0AF /* ADError.swift */ = {isa = PBXFileReference; lastKnownFileType = sourcecode.swift; path = ADError.swift; sourceTree = "<group>"; };
		B5958A171F992CF60023C0AF /* ADOffer.swift */ = {isa = PBXFileReference; lastKnownFileType = sourcecode.swift; path = ADOffer.swift; sourceTree = "<group>"; };
		B5958A191F992D020023C0AF /* ADPartitionKeyRange.swift */ = {isa = PBXFileReference; lastKnownFileType = sourcecode.swift; path = ADPartitionKeyRange.swift; sourceTree = "<group>"; };
		B5958A1B1F992D0E0023C0AF /* ADPermission.swift */ = {isa = PBXFileReference; lastKnownFileType = sourcecode.swift; path = ADPermission.swift; sourceTree = "<group>"; };
		B5958A1D1F992D190023C0AF /* ADStoredProcedure.swift */ = {isa = PBXFileReference; lastKnownFileType = sourcecode.swift; path = ADStoredProcedure.swift; sourceTree = "<group>"; };
		B5958A1F1F992D240023C0AF /* ADTrigger.swift */ = {isa = PBXFileReference; lastKnownFileType = sourcecode.swift; path = ADTrigger.swift; sourceTree = "<group>"; };
		B5958A211F992D2E0023C0AF /* ADUser.swift */ = {isa = PBXFileReference; lastKnownFileType = sourcecode.swift; path = ADUser.swift; sourceTree = "<group>"; };
		B5958A231F992D3A0023C0AF /* ADUserDefinedFunction.swift */ = {isa = PBXFileReference; lastKnownFileType = sourcecode.swift; path = ADUserDefinedFunction.swift; sourceTree = "<group>"; };
		B5958A251F992D520023C0AF /* ADResourceType.swift */ = {isa = PBXFileReference; lastKnownFileType = sourcecode.swift; path = ADResourceType.swift; sourceTree = "<group>"; };
		B5958A271F992D5E0023C0AF /* ADResourceUri.swift */ = {isa = PBXFileReference; lastKnownFileType = sourcecode.swift; path = ADResourceUri.swift; sourceTree = "<group>"; };
		B5AEF8FA1F9F7565006E4905 /* StoredProcedureTableViewController.swift */ = {isa = PBXFileReference; lastKnownFileType = sourcecode.swift; path = StoredProcedureTableViewController.swift; sourceTree = "<group>"; };
		B5AEF8FC1F9F7572006E4905 /* TriggerTableViewController.swift */ = {isa = PBXFileReference; lastKnownFileType = sourcecode.swift; path = TriggerTableViewController.swift; sourceTree = "<group>"; };
		B5AEF8FE1F9F7589006E4905 /* UserDefinedFunctionTableViewController.swift */ = {isa = PBXFileReference; lastKnownFileType = sourcecode.swift; path = UserDefinedFunctionTableViewController.swift; sourceTree = "<group>"; };
		B5AEF9001F9F783A006E4905 /* CollectionResourceTableViewController.swift */ = {isa = PBXFileReference; lastKnownFileType = sourcecode.swift; path = CollectionResourceTableViewController.swift; sourceTree = "<group>"; };
		B5BEF1AF1F9E41120018CEC9 /* PermissionTableViewController.swift */ = {isa = PBXFileReference; lastKnownFileType = sourcecode.swift; path = PermissionTableViewController.swift; sourceTree = "<group>"; };
		B5DA1DFA1F977EAF00C300D3 /* ADResponse.swift */ = {isa = PBXFileReference; lastKnownFileType = sourcecode.swift; path = ADResponse.swift; sourceTree = "<group>"; };
		B5DA1DFC1F978C0A00C300D3 /* SessionManager.swift */ = {isa = PBXFileReference; lastKnownFileType = sourcecode.swift; path = SessionManager.swift; sourceTree = "<group>"; };
		B5DA1DFE1F97D64500C300D3 /* ADHttp.swift */ = {isa = PBXFileReference; lastKnownFileType = sourcecode.swift; path = ADHttp.swift; sourceTree = "<group>"; };
		B5F76C391F96A7AF001E8B11 /* AzureData.framework */ = {isa = PBXFileReference; explicitFileType = wrapper.framework; includeInIndex = 0; path = AzureData.framework; sourceTree = BUILT_PRODUCTS_DIR; };
		B5F76C3C1F96A7AF001E8B11 /* AzureData.h */ = {isa = PBXFileReference; lastKnownFileType = sourcecode.c.h; path = AzureData.h; sourceTree = "<group>"; };
		B5F76C3D1F96A7AF001E8B11 /* Info.plist */ = {isa = PBXFileReference; lastKnownFileType = text.plist.xml; path = Info.plist; sourceTree = "<group>"; };
		B5F76C421F96A7AF001E8B11 /* AzureDataTests.xctest */ = {isa = PBXFileReference; explicitFileType = wrapper.cfbundle; includeInIndex = 0; path = AzureDataTests.xctest; sourceTree = BUILT_PRODUCTS_DIR; };
		B5F76C471F96A7AF001E8B11 /* AzureDataTests.swift */ = {isa = PBXFileReference; lastKnownFileType = sourcecode.swift; path = AzureDataTests.swift; sourceTree = "<group>"; };
		B5F76C491F96A7AF001E8B11 /* Info.plist */ = {isa = PBXFileReference; lastKnownFileType = text.plist.xml; path = Info.plist; sourceTree = "<group>"; };
		B5F76C531F96A7F3001E8B11 /* NetworkReachabilityManager.swift */ = {isa = PBXFileReference; lastKnownFileType = sourcecode.swift; path = NetworkReachabilityManager.swift; sourceTree = "<group>"; };
		B5F76C551F96A80B001E8B11 /* AzureData.swift */ = {isa = PBXFileReference; lastKnownFileType = sourcecode.swift; path = AzureData.swift; sourceTree = "<group>"; };
		B5F76C5E1F96A91C001E8B11 /* ADTokenProvider.swift */ = {isa = PBXFileReference; lastKnownFileType = sourcecode.swift; path = ADTokenProvider.swift; sourceTree = "<group>"; };
		B5F76C661F96ACA5001E8B11 /* AzureDataApp.app */ = {isa = PBXFileReference; explicitFileType = wrapper.application; includeInIndex = 0; path = AzureDataApp.app; sourceTree = BUILT_PRODUCTS_DIR; };
		B5F76C681F96ACA5001E8B11 /* AppDelegate.swift */ = {isa = PBXFileReference; lastKnownFileType = sourcecode.swift; path = AppDelegate.swift; sourceTree = "<group>"; };
		B5F76C6D1F96ACA5001E8B11 /* Base */ = {isa = PBXFileReference; lastKnownFileType = file.storyboard; name = Base; path = Base.lproj/Main.storyboard; sourceTree = "<group>"; };
		B5F76C6F1F96ACA5001E8B11 /* Assets.xcassets */ = {isa = PBXFileReference; lastKnownFileType = folder.assetcatalog; path = Assets.xcassets; sourceTree = "<group>"; };
		B5F76C721F96ACA5001E8B11 /* Base */ = {isa = PBXFileReference; lastKnownFileType = file.storyboard; name = Base; path = Base.lproj/LaunchScreen.storyboard; sourceTree = "<group>"; };
		B5F76C741F96ACA5001E8B11 /* Info.plist */ = {isa = PBXFileReference; lastKnownFileType = text.plist.xml; path = Info.plist; sourceTree = "<group>"; };
		B5F76C791F96ACA5001E8B11 /* AzureDataAppTests.xctest */ = {isa = PBXFileReference; explicitFileType = wrapper.cfbundle; includeInIndex = 0; path = AzureDataAppTests.xctest; sourceTree = BUILT_PRODUCTS_DIR; };
		B5F76C7D1F96ACA6001E8B11 /* AzureDataAppTests.swift */ = {isa = PBXFileReference; lastKnownFileType = sourcecode.swift; path = AzureDataAppTests.swift; sourceTree = "<group>"; };
		B5F76C7F1F96ACA6001E8B11 /* Info.plist */ = {isa = PBXFileReference; lastKnownFileType = text.plist.xml; path = Info.plist; sourceTree = "<group>"; };
		B5F76C841F96ACA6001E8B11 /* AzureDataAppUITests.xctest */ = {isa = PBXFileReference; explicitFileType = wrapper.cfbundle; includeInIndex = 0; path = AzureDataAppUITests.xctest; sourceTree = BUILT_PRODUCTS_DIR; };
		B5F76C881F96ACA6001E8B11 /* AzureDataAppUITests.swift */ = {isa = PBXFileReference; lastKnownFileType = sourcecode.swift; path = AzureDataAppUITests.swift; sourceTree = "<group>"; };
		B5F76C8A1F96ACA6001E8B11 /* Info.plist */ = {isa = PBXFileReference; lastKnownFileType = text.plist.xml; path = Info.plist; sourceTree = "<group>"; };
		B5FC20B51FB12B5900283FDA /* ADDatabaseExtensionsTests.swift */ = {isa = PBXFileReference; lastKnownFileType = sourcecode.swift; path = ADDatabaseExtensionsTests.swift; sourceTree = "<group>"; };
		B5FC20B71FB12B8E00283FDA /* ADCollectionExtensionsTests.swift */ = {isa = PBXFileReference; lastKnownFileType = sourcecode.swift; path = ADCollectionExtensionsTests.swift; sourceTree = "<group>"; };
/* End PBXFileReference section */

/* Begin PBXFrameworksBuildPhase section */
		B5F76C351F96A7AF001E8B11 /* Frameworks */ = {
			isa = PBXFrameworksBuildPhase;
			buildActionMask = 2147483647;
			files = (
			);
			runOnlyForDeploymentPostprocessing = 0;
		};
		B5F76C3F1F96A7AF001E8B11 /* Frameworks */ = {
			isa = PBXFrameworksBuildPhase;
			buildActionMask = 2147483647;
			files = (
				B5F76C431F96A7AF001E8B11 /* AzureData.framework in Frameworks */,
			);
			runOnlyForDeploymentPostprocessing = 0;
		};
		B5F76C631F96ACA5001E8B11 /* Frameworks */ = {
			isa = PBXFrameworksBuildPhase;
			buildActionMask = 2147483647;
			files = (
				B5F76C9B1F96AF66001E8B11 /* AzureData.framework in Frameworks */,
			);
			runOnlyForDeploymentPostprocessing = 0;
		};
		B5F76C761F96ACA5001E8B11 /* Frameworks */ = {
			isa = PBXFrameworksBuildPhase;
			buildActionMask = 2147483647;
			files = (
			);
			runOnlyForDeploymentPostprocessing = 0;
		};
		B5F76C811F96ACA6001E8B11 /* Frameworks */ = {
			isa = PBXFrameworksBuildPhase;
			buildActionMask = 2147483647;
			files = (
			);
			runOnlyForDeploymentPostprocessing = 0;
		};
/* End PBXFrameworksBuildPhase section */

/* Begin PBXGroup section */
		B5958A061F992BFB0023C0AF /* Models */ = {
			isa = PBXGroup;
			children = (
				B5958A0F1F992CC50023C0AF /* ADAttachment.swift */,
				B5958A111F992CD10023C0AF /* ADConflict.swift */,
				B5958A071F992C560023C0AF /* ADDatabase.swift */,
				B5958A131F992CDD0023C0AF /* ADDatabaseAccount.swift */,
				B5958A0B1F992CAB0023C0AF /* ADDocument.swift */,
				B5958A0D1F992CB90023C0AF /* ADCollection.swift */,
				B5958A151F992CE90023C0AF /* ADError.swift */,
				B53BF7751F9A2F9400B7A187 /* ADIndexingPolicy.swift */,
				B5958A171F992CF60023C0AF /* ADOffer.swift */,
				B53BF7771F9A3E2700B7A187 /* ADPartitionKeyDefinition.swift */,
				B5958A191F992D020023C0AF /* ADPartitionKeyRange.swift */,
				B5958A1B1F992D0E0023C0AF /* ADPermission.swift */,
				B5958A091F992C9A0023C0AF /* ADResource.swift */,
				B5619EB71F99357800D01EAD /* ADResourceList.swift */,
				B5958A251F992D520023C0AF /* ADResourceType.swift */,
				B5958A271F992D5E0023C0AF /* ADResourceUri.swift */,
				B5958A1D1F992D190023C0AF /* ADStoredProcedure.swift */,
				B5958A1F1F992D240023C0AF /* ADTrigger.swift */,
				B5958A211F992D2E0023C0AF /* ADUser.swift */,
				B5958A231F992D3A0023C0AF /* ADUserDefinedFunction.swift */,
				B528A53C1F9EBF1C000586BE /* ADQuery.swift */,
			);
			path = Models;
			sourceTree = "<group>";
		};
		B5F76C2F1F96A7AF001E8B11 = {
			isa = PBXGroup;
			children = (
				B5F76C3B1F96A7AF001E8B11 /* AzureData */,
				B5F76C461F96A7AF001E8B11 /* AzureDataTests */,
				B5F76C671F96ACA5001E8B11 /* AzureDataApp */,
				B5F76C7C1F96ACA6001E8B11 /* AzureDataAppTests */,
				B5F76C871F96ACA6001E8B11 /* AzureDataAppUITests */,
				B5F76C3A1F96A7AF001E8B11 /* Products */,
				B5F76C941F96ACCC001E8B11 /* Frameworks */,
			);
			sourceTree = "<group>";
		};
		B5F76C3A1F96A7AF001E8B11 /* Products */ = {
			isa = PBXGroup;
			children = (
				B5F76C391F96A7AF001E8B11 /* AzureData.framework */,
				B5F76C421F96A7AF001E8B11 /* AzureDataTests.xctest */,
				B5F76C661F96ACA5001E8B11 /* AzureDataApp.app */,
				B5F76C791F96ACA5001E8B11 /* AzureDataAppTests.xctest */,
				B5F76C841F96ACA6001E8B11 /* AzureDataAppUITests.xctest */,
			);
			name = Products;
			sourceTree = "<group>";
		};
		B5F76C3B1F96A7AF001E8B11 /* AzureData */ = {
			isa = PBXGroup;
			children = (
				B5DA1DFE1F97D64500C300D3 /* ADHttp.swift */,
				B5DA1DFA1F977EAF00C300D3 /* ADResponse.swift */,
				B5F76C5E1F96A91C001E8B11 /* ADTokenProvider.swift */,
				B5F76C3C1F96A7AF001E8B11 /* AzureData.h */,
				B5F76C551F96A80B001E8B11 /* AzureData.swift */,
				B587C71E1F9FACC4004A76F6 /* AzureDataExtensions.swift */,
				B5F76C3D1F96A7AF001E8B11 /* Info.plist */,
				B5958A061F992BFB0023C0AF /* Models */,
				B5F76C531F96A7F3001E8B11 /* NetworkReachabilityManager.swift */,
				B5DA1DFC1F978C0A00C300D3 /* SessionManager.swift */,
				B57C36A31F9B00E90035A106 /* UtilityExtensions.swift */,
			);
			path = AzureData;
			sourceTree = "<group>";
		};
		B5F76C461F96A7AF001E8B11 /* AzureDataTests */ = {
			isa = PBXGroup;
			children = (
				B5F76C471F96A7AF001E8B11 /* AzureDataTests.swift */,
				B5F76C491F96A7AF001E8B11 /* Info.plist */,
				B57446AA1FB11F810048B20F /* ADDatabaseTests.swift */,
				B57446AC1FB11FEF0048B20F /* ADCollectionTests.swift */,
				B57446AE1FB120070048B20F /* ADDocumentTests.swift */,
				B5FC20B51FB12B5900283FDA /* ADDatabaseExtensionsTests.swift */,
				B5FC20B71FB12B8E00283FDA /* ADCollectionExtensionsTests.swift */,
			);
			path = AzureDataTests;
			sourceTree = "<group>";
		};
		B5F76C671F96ACA5001E8B11 /* AzureDataApp */ = {
			isa = PBXGroup;
			children = (
				B5F76C741F96ACA5001E8B11 /* Info.plist */,
				B5F76C681F96ACA5001E8B11 /* AppDelegate.swift */,
				B5AEF9001F9F783A006E4905 /* CollectionResourceTableViewController.swift */,
				B5619EBB1F994FE300D01EAD /* CollectionTableViewController.swift */,
				B5619EB91F994FB800D01EAD /* DatabaseTableViewController.swift */,
				B53BF7791F9A7AE700B7A187 /* DocumentDetailTableViewController.swift */,
				B5619EBD1F994FF100D01EAD /* DocumentTableViewController.swift */,
				B5958A041F9903F10023C0AF /* Models.swift */,
				B5BEF1AF1F9E41120018CEC9 /* PermissionTableViewController.swift */,
				B5AEF8FA1F9F7565006E4905 /* StoredProcedureTableViewController.swift */,
				B5AEF8FC1F9F7572006E4905 /* TriggerTableViewController.swift */,
				B5AEF8FE1F9F7589006E4905 /* UserDefinedFunctionTableViewController.swift */,
				B5F76C6F1F96ACA5001E8B11 /* Assets.xcassets */,
				B5F76C711F96ACA5001E8B11 /* LaunchScreen.storyboard */,
				B5F76C6C1F96ACA5001E8B11 /* Main.storyboard */,
			);
			path = AzureDataApp;
			sourceTree = "<group>";
		};
		B5F76C7C1F96ACA6001E8B11 /* AzureDataAppTests */ = {
			isa = PBXGroup;
			children = (
				B5F76C7D1F96ACA6001E8B11 /* AzureDataAppTests.swift */,
				B5F76C7F1F96ACA6001E8B11 /* Info.plist */,
			);
			path = AzureDataAppTests;
			sourceTree = "<group>";
		};
		B5F76C871F96ACA6001E8B11 /* AzureDataAppUITests */ = {
			isa = PBXGroup;
			children = (
				B5F76C881F96ACA6001E8B11 /* AzureDataAppUITests.swift */,
				B5F76C8A1F96ACA6001E8B11 /* Info.plist */,
			);
			path = AzureDataAppUITests;
			sourceTree = "<group>";
		};
		B5F76C941F96ACCC001E8B11 /* Frameworks */ = {
			isa = PBXGroup;
			children = (
			);
			name = Frameworks;
			sourceTree = "<group>";
		};
/* End PBXGroup section */

/* Begin PBXHeadersBuildPhase section */
		B5F76C361F96A7AF001E8B11 /* Headers */ = {
			isa = PBXHeadersBuildPhase;
			buildActionMask = 2147483647;
			files = (
				B5F76C4A1F96A7AF001E8B11 /* AzureData.h in Headers */,
			);
			runOnlyForDeploymentPostprocessing = 0;
		};
/* End PBXHeadersBuildPhase section */

/* Begin PBXNativeTarget section */
		B5F76C381F96A7AF001E8B11 /* AzureData */ = {
			isa = PBXNativeTarget;
			buildConfigurationList = B5F76C4D1F96A7AF001E8B11 /* Build configuration list for PBXNativeTarget "AzureData" */;
			buildPhases = (
				B5F76C341F96A7AF001E8B11 /* Sources */,
				B5F76C351F96A7AF001E8B11 /* Frameworks */,
				B5F76C361F96A7AF001E8B11 /* Headers */,
				B5F76C371F96A7AF001E8B11 /* Resources */,
			);
			buildRules = (
			);
			dependencies = (
				B5F76C5D1F96A8E5001E8B11 /* PBXTargetDependency */,
			);
			name = AzureData;
			productName = AzureData;
			productReference = B5F76C391F96A7AF001E8B11 /* AzureData.framework */;
			productType = "com.apple.product-type.framework";
		};
		B5F76C411F96A7AF001E8B11 /* AzureDataTests */ = {
			isa = PBXNativeTarget;
			buildConfigurationList = B5F76C501F96A7AF001E8B11 /* Build configuration list for PBXNativeTarget "AzureDataTests" */;
			buildPhases = (
				B5F76C3E1F96A7AF001E8B11 /* Sources */,
				B5F76C3F1F96A7AF001E8B11 /* Frameworks */,
				B5F76C401F96A7AF001E8B11 /* Resources */,
			);
			buildRules = (
			);
			dependencies = (
				B5F76C451F96A7AF001E8B11 /* PBXTargetDependency */,
			);
			name = AzureDataTests;
			productName = AzureDataTests;
			productReference = B5F76C421F96A7AF001E8B11 /* AzureDataTests.xctest */;
			productType = "com.apple.product-type.bundle.unit-test";
		};
		B5F76C651F96ACA5001E8B11 /* AzureDataApp */ = {
			isa = PBXNativeTarget;
			buildConfigurationList = B5F76C8B1F96ACA6001E8B11 /* Build configuration list for PBXNativeTarget "AzureDataApp" */;
			buildPhases = (
				B5F76C621F96ACA5001E8B11 /* Sources */,
				B5F76C631F96ACA5001E8B11 /* Frameworks */,
				B5F76C641F96ACA5001E8B11 /* Resources */,
				B5F76C9F1F96AF66001E8B11 /* Embed Frameworks */,
			);
			buildRules = (
			);
			dependencies = (
				B5F76C9E1F96AF66001E8B11 /* PBXTargetDependency */,
			);
			name = AzureDataApp;
			productName = AzureDataApp;
			productReference = B5F76C661F96ACA5001E8B11 /* AzureDataApp.app */;
			productType = "com.apple.product-type.application";
		};
		B5F76C781F96ACA5001E8B11 /* AzureDataAppTests */ = {
			isa = PBXNativeTarget;
			buildConfigurationList = B5F76C8E1F96ACA6001E8B11 /* Build configuration list for PBXNativeTarget "AzureDataAppTests" */;
			buildPhases = (
				B5F76C751F96ACA5001E8B11 /* Sources */,
				B5F76C761F96ACA5001E8B11 /* Frameworks */,
				B5F76C771F96ACA5001E8B11 /* Resources */,
			);
			buildRules = (
			);
			dependencies = (
				B5F76C7B1F96ACA5001E8B11 /* PBXTargetDependency */,
			);
			name = AzureDataAppTests;
			productName = AzureDataAppTests;
			productReference = B5F76C791F96ACA5001E8B11 /* AzureDataAppTests.xctest */;
			productType = "com.apple.product-type.bundle.unit-test";
		};
		B5F76C831F96ACA6001E8B11 /* AzureDataAppUITests */ = {
			isa = PBXNativeTarget;
			buildConfigurationList = B5F76C911F96ACA6001E8B11 /* Build configuration list for PBXNativeTarget "AzureDataAppUITests" */;
			buildPhases = (
				B5F76C801F96ACA6001E8B11 /* Sources */,
				B5F76C811F96ACA6001E8B11 /* Frameworks */,
				B5F76C821F96ACA6001E8B11 /* Resources */,
			);
			buildRules = (
			);
			dependencies = (
				B5F76C861F96ACA6001E8B11 /* PBXTargetDependency */,
			);
			name = AzureDataAppUITests;
			productName = AzureDataAppUITests;
			productReference = B5F76C841F96ACA6001E8B11 /* AzureDataAppUITests.xctest */;
			productType = "com.apple.product-type.bundle.ui-testing";
		};
/* End PBXNativeTarget section */

/* Begin PBXProject section */
		B5F76C301F96A7AF001E8B11 /* Project object */ = {
			isa = PBXProject;
			attributes = {
				LastSwiftUpdateCheck = 0900;
				LastUpgradeCheck = 0900;
				ORGANIZATIONNAME = "Colby Williams";
				TargetAttributes = {
					B5F76C381F96A7AF001E8B11 = {
						CreatedOnToolsVersion = 9.0;
						LastSwiftMigration = 0900;
						ProvisioningStyle = Automatic;
					};
					B5F76C411F96A7AF001E8B11 = {
						CreatedOnToolsVersion = 9.0;
						ProvisioningStyle = Automatic;
					};
					B5F76C571F96A848001E8B11 = {
						CreatedOnToolsVersion = 9.0;
						ProvisioningStyle = Automatic;
					};
					B5F76C651F96ACA5001E8B11 = {
						CreatedOnToolsVersion = 9.0;
						ProvisioningStyle = Automatic;
					};
					B5F76C781F96ACA5001E8B11 = {
						CreatedOnToolsVersion = 9.0;
						ProvisioningStyle = Automatic;
						TestTargetID = B5F76C651F96ACA5001E8B11;
					};
					B5F76C831F96ACA6001E8B11 = {
						CreatedOnToolsVersion = 9.0;
						ProvisioningStyle = Automatic;
						TestTargetID = B5F76C651F96ACA5001E8B11;
					};
				};
			};
			buildConfigurationList = B5F76C331F96A7AF001E8B11 /* Build configuration list for PBXProject "AzureData" */;
			compatibilityVersion = "Xcode 8.0";
			developmentRegion = en;
			hasScannedForEncodings = 0;
			knownRegions = (
				en,
				Base,
			);
			mainGroup = B5F76C2F1F96A7AF001E8B11;
			productRefGroup = B5F76C3A1F96A7AF001E8B11 /* Products */;
			projectDirPath = "";
			projectRoot = "";
			targets = (
				B5F76C381F96A7AF001E8B11 /* AzureData */,
				B5F76C411F96A7AF001E8B11 /* AzureDataTests */,
				B5F76C571F96A848001E8B11 /* CommonCryptoModuleMap */,
				B5F76C651F96ACA5001E8B11 /* AzureDataApp */,
				B5F76C781F96ACA5001E8B11 /* AzureDataAppTests */,
				B5F76C831F96ACA6001E8B11 /* AzureDataAppUITests */,
			);
		};
/* End PBXProject section */

/* Begin PBXResourcesBuildPhase section */
		B5F76C371F96A7AF001E8B11 /* Resources */ = {
			isa = PBXResourcesBuildPhase;
			buildActionMask = 2147483647;
			files = (
			);
			runOnlyForDeploymentPostprocessing = 0;
		};
		B5F76C401F96A7AF001E8B11 /* Resources */ = {
			isa = PBXResourcesBuildPhase;
			buildActionMask = 2147483647;
			files = (
			);
			runOnlyForDeploymentPostprocessing = 0;
		};
		B5F76C641F96ACA5001E8B11 /* Resources */ = {
			isa = PBXResourcesBuildPhase;
			buildActionMask = 2147483647;
			files = (
				B5F76C731F96ACA5001E8B11 /* LaunchScreen.storyboard in Resources */,
				B5F76C701F96ACA5001E8B11 /* Assets.xcassets in Resources */,
				B5F76C6E1F96ACA5001E8B11 /* Main.storyboard in Resources */,
			);
			runOnlyForDeploymentPostprocessing = 0;
		};
		B5F76C771F96ACA5001E8B11 /* Resources */ = {
			isa = PBXResourcesBuildPhase;
			buildActionMask = 2147483647;
			files = (
			);
			runOnlyForDeploymentPostprocessing = 0;
		};
		B5F76C821F96ACA6001E8B11 /* Resources */ = {
			isa = PBXResourcesBuildPhase;
			buildActionMask = 2147483647;
			files = (
			);
			runOnlyForDeploymentPostprocessing = 0;
		};
/* End PBXResourcesBuildPhase section */

/* Begin PBXShellScriptBuildPhase section */
		B5F76C5B1F96A884001E8B11 /* ShellScript */ = {
			isa = PBXShellScriptBuildPhase;
			buildActionMask = 2147483647;
			files = (
			);
			inputPaths = (
			);
			outputPaths = (
			);
			runOnlyForDeploymentPostprocessing = 0;
			shellPath = /bin/sh;
			shellScript = "mkdir -p \"${BUILT_PRODUCTS_DIR}/CommonCryptoModuleMap\"\ncat <<EOF > \"${BUILT_PRODUCTS_DIR}/CommonCryptoModuleMap/module.modulemap\"\nmodule CommonCrypto [system] {\n    header \"${SDKROOT}/usr/include/CommonCrypto/CommonCrypto.h\"\n    export *\n}\nEOF";
		};
/* End PBXShellScriptBuildPhase section */

/* Begin PBXSourcesBuildPhase section */
		B5F76C341F96A7AF001E8B11 /* Sources */ = {
			isa = PBXSourcesBuildPhase;
			buildActionMask = 2147483647;
			files = (
				B53BF7781F9A3E2700B7A187 /* ADPartitionKeyDefinition.swift in Sources */,
				B5DA1DFF1F97D64500C300D3 /* ADHttp.swift in Sources */,
				B57C36A41F9B00E90035A106 /* UtilityExtensions.swift in Sources */,
				B5958A121F992CD10023C0AF /* ADConflict.swift in Sources */,
				B5958A281F992D5E0023C0AF /* ADResourceUri.swift in Sources */,
				B5958A221F992D2E0023C0AF /* ADUser.swift in Sources */,
				B5958A1A1F992D020023C0AF /* ADPartitionKeyRange.swift in Sources */,
				B5958A0A1F992C9A0023C0AF /* ADResource.swift in Sources */,
				B5958A1C1F992D0E0023C0AF /* ADPermission.swift in Sources */,
				B5958A1E1F992D190023C0AF /* ADStoredProcedure.swift in Sources */,
				B5619EB81F99357800D01EAD /* ADResourceList.swift in Sources */,
				B5958A261F992D520023C0AF /* ADResourceType.swift in Sources */,
				B587C71F1F9FACC4004A76F6 /* AzureDataExtensions.swift in Sources */,
				B5958A201F992D240023C0AF /* ADTrigger.swift in Sources */,
				B5958A0C1F992CAB0023C0AF /* ADDocument.swift in Sources */,
				B53BF7761F9A2F9400B7A187 /* ADIndexingPolicy.swift in Sources */,
				B5958A0E1F992CB90023C0AF /* ADCollection.swift in Sources */,
				B5F76C541F96A7F3001E8B11 /* NetworkReachabilityManager.swift in Sources */,
				B5958A161F992CE90023C0AF /* ADError.swift in Sources */,
				B5DA1DFD1F978C0A00C300D3 /* SessionManager.swift in Sources */,
				B5958A101F992CC50023C0AF /* ADAttachment.swift in Sources */,
				B5958A241F992D3A0023C0AF /* ADUserDefinedFunction.swift in Sources */,
				B5DA1DFB1F977EAF00C300D3 /* ADResponse.swift in Sources */,
				B5958A081F992C560023C0AF /* ADDatabase.swift in Sources */,
				B5958A141F992CDD0023C0AF /* ADDatabaseAccount.swift in Sources */,
				B5F76C5F1F96A91C001E8B11 /* ADTokenProvider.swift in Sources */,
				B5F76C561F96A80B001E8B11 /* AzureData.swift in Sources */,
				B5958A181F992CF60023C0AF /* ADOffer.swift in Sources */,
				B528A53D1F9EBF1C000586BE /* ADQuery.swift in Sources */,
			);
			runOnlyForDeploymentPostprocessing = 0;
		};
		B5F76C3E1F96A7AF001E8B11 /* Sources */ = {
			isa = PBXSourcesBuildPhase;
			buildActionMask = 2147483647;
			files = (
				B5F76C481F96A7AF001E8B11 /* AzureDataTests.swift in Sources */,
				B57446AB1FB11F810048B20F /* ADDatabaseTests.swift in Sources */,
				B5FC20B81FB12B8E00283FDA /* ADCollectionExtensionsTests.swift in Sources */,
				B57446AD1FB11FEF0048B20F /* ADCollectionTests.swift in Sources */,
				B57446AF1FB120070048B20F /* ADDocumentTests.swift in Sources */,
				B5FC20B61FB12B5900283FDA /* ADDatabaseExtensionsTests.swift in Sources */,
			);
			runOnlyForDeploymentPostprocessing = 0;
		};
		B5F76C621F96ACA5001E8B11 /* Sources */ = {
			isa = PBXSourcesBuildPhase;
			buildActionMask = 2147483647;
			files = (
				B5619EBE1F994FF100D01EAD /* DocumentTableViewController.swift in Sources */,
				B5AEF8FD1F9F7572006E4905 /* TriggerTableViewController.swift in Sources */,
				B5AEF8FF1F9F7589006E4905 /* UserDefinedFunctionTableViewController.swift in Sources */,
				B53BF77A1F9A7AE700B7A187 /* DocumentDetailTableViewController.swift in Sources */,
				B5619EBA1F994FB800D01EAD /* DatabaseTableViewController.swift in Sources */,
				B5619EBC1F994FE300D01EAD /* CollectionTableViewController.swift in Sources */,
				B5AEF9011F9F783A006E4905 /* CollectionResourceTableViewController.swift in Sources */,
				B5AEF8FB1F9F7565006E4905 /* StoredProcedureTableViewController.swift in Sources */,
				B5958A051F9903F10023C0AF /* Models.swift in Sources */,
				B5F76C691F96ACA5001E8B11 /* AppDelegate.swift in Sources */,
				B5BEF1B01F9E41120018CEC9 /* PermissionTableViewController.swift in Sources */,
			);
			runOnlyForDeploymentPostprocessing = 0;
		};
		B5F76C751F96ACA5001E8B11 /* Sources */ = {
			isa = PBXSourcesBuildPhase;
			buildActionMask = 2147483647;
			files = (
				B5F76C7E1F96ACA6001E8B11 /* AzureDataAppTests.swift in Sources */,
			);
			runOnlyForDeploymentPostprocessing = 0;
		};
		B5F76C801F96ACA6001E8B11 /* Sources */ = {
			isa = PBXSourcesBuildPhase;
			buildActionMask = 2147483647;
			files = (
				B5F76C891F96ACA6001E8B11 /* AzureDataAppUITests.swift in Sources */,
			);
			runOnlyForDeploymentPostprocessing = 0;
		};
/* End PBXSourcesBuildPhase section */

/* Begin PBXTargetDependency section */
		B5F76C451F96A7AF001E8B11 /* PBXTargetDependency */ = {
			isa = PBXTargetDependency;
			target = B5F76C381F96A7AF001E8B11 /* AzureData */;
			targetProxy = B5F76C441F96A7AF001E8B11 /* PBXContainerItemProxy */;
		};
		B5F76C5D1F96A8E5001E8B11 /* PBXTargetDependency */ = {
			isa = PBXTargetDependency;
			target = B5F76C571F96A848001E8B11 /* CommonCryptoModuleMap */;
			targetProxy = B5F76C5C1F96A8E5001E8B11 /* PBXContainerItemProxy */;
		};
		B5F76C7B1F96ACA5001E8B11 /* PBXTargetDependency */ = {
			isa = PBXTargetDependency;
			target = B5F76C651F96ACA5001E8B11 /* AzureDataApp */;
			targetProxy = B5F76C7A1F96ACA5001E8B11 /* PBXContainerItemProxy */;
		};
		B5F76C861F96ACA6001E8B11 /* PBXTargetDependency */ = {
			isa = PBXTargetDependency;
			target = B5F76C651F96ACA5001E8B11 /* AzureDataApp */;
			targetProxy = B5F76C851F96ACA6001E8B11 /* PBXContainerItemProxy */;
		};
		B5F76C9E1F96AF66001E8B11 /* PBXTargetDependency */ = {
			isa = PBXTargetDependency;
			target = B5F76C381F96A7AF001E8B11 /* AzureData */;
			targetProxy = B5F76C9D1F96AF66001E8B11 /* PBXContainerItemProxy */;
		};
/* End PBXTargetDependency section */

/* Begin PBXVariantGroup section */
		B5F76C6C1F96ACA5001E8B11 /* Main.storyboard */ = {
			isa = PBXVariantGroup;
			children = (
				B5F76C6D1F96ACA5001E8B11 /* Base */,
			);
			name = Main.storyboard;
			sourceTree = "<group>";
		};
		B5F76C711F96ACA5001E8B11 /* LaunchScreen.storyboard */ = {
			isa = PBXVariantGroup;
			children = (
				B5F76C721F96ACA5001E8B11 /* Base */,
			);
			name = LaunchScreen.storyboard;
			sourceTree = "<group>";
		};
/* End PBXVariantGroup section */

/* Begin XCBuildConfiguration section */
		B5F76C4B1F96A7AF001E8B11 /* Debug */ = {
			isa = XCBuildConfiguration;
			buildSettings = {
				ALWAYS_SEARCH_USER_PATHS = NO;
				CLANG_ANALYZER_NONNULL = YES;
				CLANG_ANALYZER_NUMBER_OBJECT_CONVERSION = YES_AGGRESSIVE;
				CLANG_CXX_LANGUAGE_STANDARD = "gnu++14";
				CLANG_CXX_LIBRARY = "libc++";
				CLANG_ENABLE_MODULES = YES;
				CLANG_ENABLE_OBJC_ARC = YES;
				CLANG_WARN_BLOCK_CAPTURE_AUTORELEASING = YES;
				CLANG_WARN_BOOL_CONVERSION = YES;
				CLANG_WARN_COMMA = YES;
				CLANG_WARN_CONSTANT_CONVERSION = YES;
				CLANG_WARN_DIRECT_OBJC_ISA_USAGE = YES_ERROR;
				CLANG_WARN_DOCUMENTATION_COMMENTS = YES;
				CLANG_WARN_EMPTY_BODY = YES;
				CLANG_WARN_ENUM_CONVERSION = YES;
				CLANG_WARN_INFINITE_RECURSION = YES;
				CLANG_WARN_INT_CONVERSION = YES;
				CLANG_WARN_NON_LITERAL_NULL_CONVERSION = YES;
				CLANG_WARN_OBJC_LITERAL_CONVERSION = YES;
				CLANG_WARN_OBJC_ROOT_CLASS = YES_ERROR;
				CLANG_WARN_RANGE_LOOP_ANALYSIS = YES;
				CLANG_WARN_STRICT_PROTOTYPES = YES;
				CLANG_WARN_SUSPICIOUS_MOVE = YES;
				CLANG_WARN_UNGUARDED_AVAILABILITY = YES_AGGRESSIVE;
				CLANG_WARN_UNREACHABLE_CODE = YES;
				CLANG_WARN__DUPLICATE_METHOD_MATCH = YES;
				CODE_SIGN_IDENTITY = "iPhone Developer";
				COPY_PHASE_STRIP = NO;
				CURRENT_PROJECT_VERSION = 1;
				DEBUG_INFORMATION_FORMAT = dwarf;
				ENABLE_STRICT_OBJC_MSGSEND = YES;
				ENABLE_TESTABILITY = YES;
				GCC_C_LANGUAGE_STANDARD = gnu11;
				GCC_DYNAMIC_NO_PIC = NO;
				GCC_NO_COMMON_BLOCKS = YES;
				GCC_OPTIMIZATION_LEVEL = 0;
				GCC_PREPROCESSOR_DEFINITIONS = (
					"DEBUG=1",
					"$(inherited)",
				);
				GCC_WARN_64_TO_32_BIT_CONVERSION = YES;
				GCC_WARN_ABOUT_RETURN_TYPE = YES_ERROR;
				GCC_WARN_UNDECLARED_SELECTOR = YES;
				GCC_WARN_UNINITIALIZED_AUTOS = YES_AGGRESSIVE;
				GCC_WARN_UNUSED_FUNCTION = YES;
				GCC_WARN_UNUSED_VARIABLE = YES;
				IPHONEOS_DEPLOYMENT_TARGET = 11.0;
				MTL_ENABLE_DEBUG_INFO = YES;
				ONLY_ACTIVE_ARCH = YES;
				SDKROOT = iphoneos;
				SWIFT_ACTIVE_COMPILATION_CONDITIONS = DEBUG;
				SWIFT_OPTIMIZATION_LEVEL = "-Onone";
				VERSIONING_SYSTEM = "apple-generic";
				VERSION_INFO_PREFIX = "";
			};
			name = Debug;
		};
		B5F76C4C1F96A7AF001E8B11 /* Release */ = {
			isa = XCBuildConfiguration;
			buildSettings = {
				ALWAYS_SEARCH_USER_PATHS = NO;
				CLANG_ANALYZER_NONNULL = YES;
				CLANG_ANALYZER_NUMBER_OBJECT_CONVERSION = YES_AGGRESSIVE;
				CLANG_CXX_LANGUAGE_STANDARD = "gnu++14";
				CLANG_CXX_LIBRARY = "libc++";
				CLANG_ENABLE_MODULES = YES;
				CLANG_ENABLE_OBJC_ARC = YES;
				CLANG_WARN_BLOCK_CAPTURE_AUTORELEASING = YES;
				CLANG_WARN_BOOL_CONVERSION = YES;
				CLANG_WARN_COMMA = YES;
				CLANG_WARN_CONSTANT_CONVERSION = YES;
				CLANG_WARN_DIRECT_OBJC_ISA_USAGE = YES_ERROR;
				CLANG_WARN_DOCUMENTATION_COMMENTS = YES;
				CLANG_WARN_EMPTY_BODY = YES;
				CLANG_WARN_ENUM_CONVERSION = YES;
				CLANG_WARN_INFINITE_RECURSION = YES;
				CLANG_WARN_INT_CONVERSION = YES;
				CLANG_WARN_NON_LITERAL_NULL_CONVERSION = YES;
				CLANG_WARN_OBJC_LITERAL_CONVERSION = YES;
				CLANG_WARN_OBJC_ROOT_CLASS = YES_ERROR;
				CLANG_WARN_RANGE_LOOP_ANALYSIS = YES;
				CLANG_WARN_STRICT_PROTOTYPES = YES;
				CLANG_WARN_SUSPICIOUS_MOVE = YES;
				CLANG_WARN_UNGUARDED_AVAILABILITY = YES_AGGRESSIVE;
				CLANG_WARN_UNREACHABLE_CODE = YES;
				CLANG_WARN__DUPLICATE_METHOD_MATCH = YES;
				CODE_SIGN_IDENTITY = "iPhone Developer";
				COPY_PHASE_STRIP = NO;
				CURRENT_PROJECT_VERSION = 1;
				DEBUG_INFORMATION_FORMAT = "dwarf-with-dsym";
				ENABLE_NS_ASSERTIONS = NO;
				ENABLE_STRICT_OBJC_MSGSEND = YES;
				GCC_C_LANGUAGE_STANDARD = gnu11;
				GCC_NO_COMMON_BLOCKS = YES;
				GCC_WARN_64_TO_32_BIT_CONVERSION = YES;
				GCC_WARN_ABOUT_RETURN_TYPE = YES_ERROR;
				GCC_WARN_UNDECLARED_SELECTOR = YES;
				GCC_WARN_UNINITIALIZED_AUTOS = YES_AGGRESSIVE;
				GCC_WARN_UNUSED_FUNCTION = YES;
				GCC_WARN_UNUSED_VARIABLE = YES;
				IPHONEOS_DEPLOYMENT_TARGET = 11.0;
				MTL_ENABLE_DEBUG_INFO = NO;
				SDKROOT = iphoneos;
				SWIFT_OPTIMIZATION_LEVEL = "-Owholemodule";
				VALIDATE_PRODUCT = YES;
				VERSIONING_SYSTEM = "apple-generic";
				VERSION_INFO_PREFIX = "";
			};
			name = Release;
		};
		B5F76C4E1F96A7AF001E8B11 /* Debug */ = {
			isa = XCBuildConfiguration;
			buildSettings = {
				CLANG_ENABLE_MODULES = YES;
				CODE_SIGN_IDENTITY = "";
				"CODE_SIGN_IDENTITY[sdk=iphoneos*]" = "iPhone Developer";
				CODE_SIGN_STYLE = Automatic;
				DEFINES_MODULE = YES;
				DEVELOPMENT_TEAM = N7C38P267Q;
				DYLIB_COMPATIBILITY_VERSION = 1;
				DYLIB_CURRENT_VERSION = 1;
				DYLIB_INSTALL_NAME_BASE = "@rpath";
				HEADER_SEARCH_PATHS = "${BUILT_PRODUCTS_DIR}/CommonCryptoModuleMap";
				INFOPLIST_FILE = AzureData/Info.plist;
				INSTALL_PATH = "$(LOCAL_LIBRARY_DIR)/Frameworks";
				LD_RUNPATH_SEARCH_PATHS = "$(inherited) @executable_path/Frameworks @loader_path/Frameworks";
				PRODUCT_BUNDLE_IDENTIFIER = com.azure.data;
				PRODUCT_NAME = "$(TARGET_NAME:c99extidentifier)";
				PROVISIONING_PROFILE_SPECIFIER = "";
				SKIP_INSTALL = YES;
				SWIFT_OPTIMIZATION_LEVEL = "-Onone";
				SWIFT_VERSION = 4.0;
				TARGETED_DEVICE_FAMILY = "1,2";
			};
			name = Debug;
		};
		B5F76C4F1F96A7AF001E8B11 /* Release */ = {
			isa = XCBuildConfiguration;
			buildSettings = {
				CLANG_ENABLE_MODULES = YES;
				CODE_SIGN_IDENTITY = "";
				"CODE_SIGN_IDENTITY[sdk=iphoneos*]" = "iPhone Developer";
				CODE_SIGN_STYLE = Automatic;
				DEFINES_MODULE = YES;
				DEVELOPMENT_TEAM = N7C38P267Q;
				DYLIB_COMPATIBILITY_VERSION = 1;
				DYLIB_CURRENT_VERSION = 1;
				DYLIB_INSTALL_NAME_BASE = "@rpath";
				HEADER_SEARCH_PATHS = "${BUILT_PRODUCTS_DIR}/CommonCryptoModuleMap";
				INFOPLIST_FILE = AzureData/Info.plist;
				INSTALL_PATH = "$(LOCAL_LIBRARY_DIR)/Frameworks";
				LD_RUNPATH_SEARCH_PATHS = "$(inherited) @executable_path/Frameworks @loader_path/Frameworks";
				PRODUCT_BUNDLE_IDENTIFIER = com.azure.data;
				PRODUCT_NAME = "$(TARGET_NAME:c99extidentifier)";
				PROVISIONING_PROFILE_SPECIFIER = "";
				SKIP_INSTALL = YES;
				SWIFT_VERSION = 4.0;
				TARGETED_DEVICE_FAMILY = "1,2";
			};
			name = Release;
		};
		B5F76C511F96A7AF001E8B11 /* Debug */ = {
			isa = XCBuildConfiguration;
			buildSettings = {
				ALWAYS_EMBED_SWIFT_STANDARD_LIBRARIES = YES;
				CODE_SIGN_STYLE = Automatic;
				DEVELOPMENT_TEAM = N7C38P267Q;
				INFOPLIST_FILE = AzureDataTests/Info.plist;
				LD_RUNPATH_SEARCH_PATHS = "$(inherited) @executable_path/Frameworks @loader_path/Frameworks";
				PRODUCT_BUNDLE_IDENTIFIER = com.azure.AzureDataTests;
				PRODUCT_NAME = "$(TARGET_NAME)";
				SWIFT_VERSION = 4.0;
				TARGETED_DEVICE_FAMILY = "1,2";
			};
			name = Debug;
		};
		B5F76C521F96A7AF001E8B11 /* Release */ = {
			isa = XCBuildConfiguration;
			buildSettings = {
				ALWAYS_EMBED_SWIFT_STANDARD_LIBRARIES = YES;
				CODE_SIGN_STYLE = Automatic;
				DEVELOPMENT_TEAM = N7C38P267Q;
				INFOPLIST_FILE = AzureDataTests/Info.plist;
				LD_RUNPATH_SEARCH_PATHS = "$(inherited) @executable_path/Frameworks @loader_path/Frameworks";
				PRODUCT_BUNDLE_IDENTIFIER = com.azure.AzureDataTests;
				PRODUCT_NAME = "$(TARGET_NAME)";
				SWIFT_VERSION = 4.0;
				TARGETED_DEVICE_FAMILY = "1,2";
			};
			name = Release;
		};
		B5F76C591F96A848001E8B11 /* Debug */ = {
			isa = XCBuildConfiguration;
			buildSettings = {
				CODE_SIGN_STYLE = Automatic;
				DEVELOPMENT_TEAM = N7C38P267Q;
				PRODUCT_NAME = "$(TARGET_NAME)";
			};
			name = Debug;
		};
		B5F76C5A1F96A848001E8B11 /* Release */ = {
			isa = XCBuildConfiguration;
			buildSettings = {
				CODE_SIGN_STYLE = Automatic;
				DEVELOPMENT_TEAM = N7C38P267Q;
				PRODUCT_NAME = "$(TARGET_NAME)";
			};
			name = Release;
		};
		B5F76C8C1F96ACA6001E8B11 /* Debug */ = {
			isa = XCBuildConfiguration;
			buildSettings = {
				ALWAYS_EMBED_SWIFT_STANDARD_LIBRARIES = YES;
				ASSETCATALOG_COMPILER_APPICON_NAME = AppIcon;
				"CODE_SIGN_IDENTITY[sdk=iphoneos*]" = "iPhone Developer";
				CODE_SIGN_STYLE = Automatic;
				DEVELOPMENT_TEAM = N7C38P267Q;
				INFOPLIST_FILE = AzureDataApp/Info.plist;
				LD_RUNPATH_SEARCH_PATHS = "$(inherited) @executable_path/Frameworks";
				PRODUCT_BUNDLE_IDENTIFIER = com.azure.data.app;
				PRODUCT_NAME = "$(TARGET_NAME)";
				PROVISIONING_PROFILE = "";
				PROVISIONING_PROFILE_SPECIFIER = "";
				SWIFT_VERSION = 4.0;
				TARGETED_DEVICE_FAMILY = "1,2";
			};
			name = Debug;
		};
		B5F76C8D1F96ACA6001E8B11 /* Release */ = {
			isa = XCBuildConfiguration;
			buildSettings = {
				ALWAYS_EMBED_SWIFT_STANDARD_LIBRARIES = YES;
				ASSETCATALOG_COMPILER_APPICON_NAME = AppIcon;
				"CODE_SIGN_IDENTITY[sdk=iphoneos*]" = "iPhone Developer";
				CODE_SIGN_STYLE = Automatic;
				DEVELOPMENT_TEAM = N7C38P267Q;
				INFOPLIST_FILE = AzureDataApp/Info.plist;
				LD_RUNPATH_SEARCH_PATHS = "$(inherited) @executable_path/Frameworks";
				PRODUCT_BUNDLE_IDENTIFIER = com.azure.data.app;
				PRODUCT_NAME = "$(TARGET_NAME)";
				PROVISIONING_PROFILE = "";
				PROVISIONING_PROFILE_SPECIFIER = "";
				SWIFT_VERSION = 4.0;
				TARGETED_DEVICE_FAMILY = "1,2";
			};
			name = Release;
		};
		B5F76C8F1F96ACA6001E8B11 /* Debug */ = {
			isa = XCBuildConfiguration;
			buildSettings = {
				ALWAYS_EMBED_SWIFT_STANDARD_LIBRARIES = YES;
				BUNDLE_LOADER = "$(TEST_HOST)";
				CODE_SIGN_STYLE = Automatic;
				DEVELOPMENT_TEAM = N7C38P267Q;
				INFOPLIST_FILE = AzureDataAppTests/Info.plist;
				LD_RUNPATH_SEARCH_PATHS = "$(inherited) @executable_path/Frameworks @loader_path/Frameworks";
				PRODUCT_BUNDLE_IDENTIFIER = com.azure.AzureDataAppTests;
				PRODUCT_NAME = "$(TARGET_NAME)";
				SWIFT_VERSION = 4.0;
				TARGETED_DEVICE_FAMILY = "1,2";
				TEST_HOST = "$(BUILT_PRODUCTS_DIR)/AzureDataApp.app/AzureDataApp";
			};
			name = Debug;
		};
		B5F76C901F96ACA6001E8B11 /* Release */ = {
			isa = XCBuildConfiguration;
			buildSettings = {
				ALWAYS_EMBED_SWIFT_STANDARD_LIBRARIES = YES;
				BUNDLE_LOADER = "$(TEST_HOST)";
				CODE_SIGN_STYLE = Automatic;
				DEVELOPMENT_TEAM = N7C38P267Q;
				INFOPLIST_FILE = AzureDataAppTests/Info.plist;
				LD_RUNPATH_SEARCH_PATHS = "$(inherited) @executable_path/Frameworks @loader_path/Frameworks";
				PRODUCT_BUNDLE_IDENTIFIER = com.azure.AzureDataAppTests;
				PRODUCT_NAME = "$(TARGET_NAME)";
				SWIFT_VERSION = 4.0;
				TARGETED_DEVICE_FAMILY = "1,2";
				TEST_HOST = "$(BUILT_PRODUCTS_DIR)/AzureDataApp.app/AzureDataApp";
			};
			name = Release;
		};
		B5F76C921F96ACA6001E8B11 /* Debug */ = {
			isa = XCBuildConfiguration;
			buildSettings = {
				ALWAYS_EMBED_SWIFT_STANDARD_LIBRARIES = YES;
				CODE_SIGN_STYLE = Automatic;
				DEVELOPMENT_TEAM = N7C38P267Q;
				INFOPLIST_FILE = AzureDataAppUITests/Info.plist;
				LD_RUNPATH_SEARCH_PATHS = "$(inherited) @executable_path/Frameworks @loader_path/Frameworks";
				PRODUCT_BUNDLE_IDENTIFIER = com.azure.AzureDataAppUITests;
				PRODUCT_NAME = "$(TARGET_NAME)";
				SWIFT_VERSION = 4.0;
				TARGETED_DEVICE_FAMILY = "1,2";
				TEST_TARGET_NAME = AzureDataApp;
			};
			name = Debug;
		};
		B5F76C931F96ACA6001E8B11 /* Release */ = {
			isa = XCBuildConfiguration;
			buildSettings = {
				ALWAYS_EMBED_SWIFT_STANDARD_LIBRARIES = YES;
				CODE_SIGN_STYLE = Automatic;
				DEVELOPMENT_TEAM = N7C38P267Q;
				INFOPLIST_FILE = AzureDataAppUITests/Info.plist;
				LD_RUNPATH_SEARCH_PATHS = "$(inherited) @executable_path/Frameworks @loader_path/Frameworks";
				PRODUCT_BUNDLE_IDENTIFIER = com.azure.AzureDataAppUITests;
				PRODUCT_NAME = "$(TARGET_NAME)";
				SWIFT_VERSION = 4.0;
				TARGETED_DEVICE_FAMILY = "1,2";
				TEST_TARGET_NAME = AzureDataApp;
			};
			name = Release;
		};
/* End XCBuildConfiguration section */

/* Begin XCConfigurationList section */
		B5F76C331F96A7AF001E8B11 /* Build configuration list for PBXProject "AzureData" */ = {
			isa = XCConfigurationList;
			buildConfigurations = (
				B5F76C4B1F96A7AF001E8B11 /* Debug */,
				B5F76C4C1F96A7AF001E8B11 /* Release */,
			);
			defaultConfigurationIsVisible = 0;
			defaultConfigurationName = Release;
		};
		B5F76C4D1F96A7AF001E8B11 /* Build configuration list for PBXNativeTarget "AzureData" */ = {
			isa = XCConfigurationList;
			buildConfigurations = (
				B5F76C4E1F96A7AF001E8B11 /* Debug */,
				B5F76C4F1F96A7AF001E8B11 /* Release */,
			);
			defaultConfigurationIsVisible = 0;
			defaultConfigurationName = Release;
		};
		B5F76C501F96A7AF001E8B11 /* Build configuration list for PBXNativeTarget "AzureDataTests" */ = {
			isa = XCConfigurationList;
			buildConfigurations = (
				B5F76C511F96A7AF001E8B11 /* Debug */,
				B5F76C521F96A7AF001E8B11 /* Release */,
			);
			defaultConfigurationIsVisible = 0;
			defaultConfigurationName = Release;
		};
		B5F76C581F96A848001E8B11 /* Build configuration list for PBXAggregateTarget "CommonCryptoModuleMap" */ = {
			isa = XCConfigurationList;
			buildConfigurations = (
				B5F76C591F96A848001E8B11 /* Debug */,
				B5F76C5A1F96A848001E8B11 /* Release */,
			);
			defaultConfigurationIsVisible = 0;
			defaultConfigurationName = Release;
		};
		B5F76C8B1F96ACA6001E8B11 /* Build configuration list for PBXNativeTarget "AzureDataApp" */ = {
			isa = XCConfigurationList;
			buildConfigurations = (
				B5F76C8C1F96ACA6001E8B11 /* Debug */,
				B5F76C8D1F96ACA6001E8B11 /* Release */,
			);
			defaultConfigurationIsVisible = 0;
			defaultConfigurationName = Release;
		};
		B5F76C8E1F96ACA6001E8B11 /* Build configuration list for PBXNativeTarget "AzureDataAppTests" */ = {
			isa = XCConfigurationList;
			buildConfigurations = (
				B5F76C8F1F96ACA6001E8B11 /* Debug */,
				B5F76C901F96ACA6001E8B11 /* Release */,
			);
			defaultConfigurationIsVisible = 0;
			defaultConfigurationName = Release;
		};
		B5F76C911F96ACA6001E8B11 /* Build configuration list for PBXNativeTarget "AzureDataAppUITests" */ = {
			isa = XCConfigurationList;
			buildConfigurations = (
				B5F76C921F96ACA6001E8B11 /* Debug */,
				B5F76C931F96ACA6001E8B11 /* Release */,
			);
			defaultConfigurationIsVisible = 0;
			defaultConfigurationName = Release;
		};
/* End XCConfigurationList section */
	};
	rootObject = B5F76C301F96A7AF001E8B11 /* Project object */;
}
